
Microsoft Visual Studio Solution File, Format Version 12.00
# Visual Studio Version 17
VisualStudioVersion = 17.0.31903.59
MinimumVisualStudioVersion = 10.0.40219.1
Project("{2150E333-8FDC-42A3-9474-1A3956D46DE8}") = "src", "src", "{27859F6E-D5EF-4DBF-B8BD-39A0100C4F88}"
EndProject
Project("{9A19103F-16F7-4668-BE54-9A1E7A4F7556}") = "Generic.Abp.MenuManagement.Domain.Shared", "src\Generic.Abp.MenuManagement.Domain.Shared\Generic.Abp.MenuManagement.Domain.Shared.csproj", "{D2F373B5-4D9B-4AB3-B36C-9BE02FB9857D}"
EndProject
Project("{9A19103F-16F7-4668-BE54-9A1E7A4F7556}") = "Generic.Abp.MenuManagement.Domain", "src\Generic.Abp.MenuManagement.Domain\Generic.Abp.MenuManagement.Domain.csproj", "{4A1D3915-2CB1-4691-AA79-E6235E6236DB}"
EndProject
Project("{9A19103F-16F7-4668-BE54-9A1E7A4F7556}") = "Generic.Abp.MenuManagement.EntityFrameworkCore", "src\Generic.Abp.MenuManagement.EntityFrameworkCore\Generic.Abp.MenuManagement.EntityFrameworkCore.csproj", "{1736E161-71A4-47BD-AF6C-98E7F24E1F78}"
EndProject
Project("{9A19103F-16F7-4668-BE54-9A1E7A4F7556}") = "Generic.Abp.MenuManagement.Application.Contracts", "src\Generic.Abp.MenuManagement.Application.Contracts\Generic.Abp.MenuManagement.Application.Contracts.csproj", "{ED7E98DF-FF5D-4B3D-B649-F59CAD414996}"
EndProject
Project("{9A19103F-16F7-4668-BE54-9A1E7A4F7556}") = "Generic.Abp.MenuManagement.Application", "src\Generic.Abp.MenuManagement.Application\Generic.Abp.MenuManagement.Application.csproj", "{D6161C25-EE07-4204-AD3E-8982B7381DAC}"
EndProject
Project("{9A19103F-16F7-4668-BE54-9A1E7A4F7556}") = "Generic.Abp.MenuManagement.HttpApi", "src\Generic.Abp.MenuManagement.HttpApi\Generic.Abp.MenuManagement.HttpApi.csproj", "{CCB49DB4-02CA-4E54-BAD5-942F2EF21884}"
EndProject
Project("{9A19103F-16F7-4668-BE54-9A1E7A4F7556}") = "Generic.Abp.MenuManagement.MongoDB", "src\Generic.Abp.MenuManagement.MongoDB\Generic.Abp.MenuManagement.MongoDB.csproj", "{992D9B95-D2A4-4C28-BE1C-02AF77E0110E}"
EndProject
Project("{9A19103F-16F7-4668-BE54-9A1E7A4F7556}") = "Generic.Abp.MenuManagement.Web", "src\Generic.Abp.MenuManagement.Web\Generic.Abp.MenuManagement.Web.csproj", "{68EC7CD1-B08D-4E76-BA80-3414A30B4FC1}"
EndProject
Global
	GlobalSection(SolutionConfigurationPlatforms) = preSolution
		Debug|Any CPU = Debug|Any CPU
		Release|Any CPU = Release|Any CPU
	EndGlobalSection
	GlobalSection(ProjectConfigurationPlatforms) = postSolution
		{D2F373B5-4D9B-4AB3-B36C-9BE02FB9857D}.Debug|Any CPU.ActiveCfg = Debug|Any CPU
		{D2F373B5-4D9B-4AB3-B36C-9BE02FB9857D}.Debug|Any CPU.Build.0 = Debug|Any CPU
		{D2F373B5-4D9B-4AB3-B36C-9BE02FB9857D}.Release|Any CPU.ActiveCfg = Release|Any CPU
		{D2F373B5-4D9B-4AB3-B36C-9BE02FB9857D}.Release|Any CPU.Build.0 = Release|Any CPU
		{4A1D3915-2CB1-4691-AA79-E6235E6236DB}.Debug|Any CPU.ActiveCfg = Debug|Any CPU
		{4A1D3915-2CB1-4691-AA79-E6235E6236DB}.Debug|Any CPU.Build.0 = Debug|Any CPU
		{4A1D3915-2CB1-4691-AA79-E6235E6236DB}.Release|Any CPU.ActiveCfg = Release|Any CPU
		{4A1D3915-2CB1-4691-AA79-E6235E6236DB}.Release|Any CPU.Build.0 = Release|Any CPU
		{1736E161-71A4-47BD-AF6C-98E7F24E1F78}.Debug|Any CPU.ActiveCfg = Debug|Any CPU
		{1736E161-71A4-47BD-AF6C-98E7F24E1F78}.Debug|Any CPU.Build.0 = Debug|Any CPU
		{1736E161-71A4-47BD-AF6C-98E7F24E1F78}.Release|Any CPU.ActiveCfg = Release|Any CPU
		{1736E161-71A4-47BD-AF6C-98E7F24E1F78}.Release|Any CPU.Build.0 = Release|Any CPU
		{ED7E98DF-FF5D-4B3D-B649-F59CAD414996}.Debug|Any CPU.ActiveCfg = Debug|Any CPU
		{ED7E98DF-FF5D-4B3D-B649-F59CAD414996}.Debug|Any CPU.Build.0 = Debug|Any CPU
		{ED7E98DF-FF5D-4B3D-B649-F59CAD414996}.Release|Any CPU.ActiveCfg = Release|Any CPU
		{ED7E98DF-FF5D-4B3D-B649-F59CAD414996}.Release|Any CPU.Build.0 = Release|Any CPU
		{D6161C25-EE07-4204-AD3E-8982B7381DAC}.Debug|Any CPU.ActiveCfg = Debug|Any CPU
		{D6161C25-EE07-4204-AD3E-8982B7381DAC}.Debug|Any CPU.Build.0 = Debug|Any CPU
		{D6161C25-EE07-4204-AD3E-8982B7381DAC}.Release|Any CPU.ActiveCfg = Release|Any CPU
		{D6161C25-EE07-4204-AD3E-8982B7381DAC}.Release|Any CPU.Build.0 = Release|Any CPU
		{CCB49DB4-02CA-4E54-BAD5-942F2EF21884}.Debug|Any CPU.ActiveCfg = Debug|Any CPU
		{CCB49DB4-02CA-4E54-BAD5-942F2EF21884}.Debug|Any CPU.Build.0 = Debug|Any CPU
		{CCB49DB4-02CA-4E54-BAD5-942F2EF21884}.Release|Any CPU.ActiveCfg = Release|Any CPU
		{CCB49DB4-02CA-4E54-BAD5-942F2EF21884}.Release|Any CPU.Build.0 = Release|Any CPU
		{992D9B95-D2A4-4C28-BE1C-02AF77E0110E}.Debug|Any CPU.ActiveCfg = Debug|Any CPU
		{992D9B95-D2A4-4C28-BE1C-02AF77E0110E}.Debug|Any CPU.Build.0 = Debug|Any CPU
		{992D9B95-D2A4-4C28-BE1C-02AF77E0110E}.Release|Any CPU.ActiveCfg = Release|Any CPU
		{992D9B95-D2A4-4C28-BE1C-02AF77E0110E}.Release|Any CPU.Build.0 = Release|Any CPU
		{68EC7CD1-B08D-4E76-BA80-3414A30B4FC1}.Debug|Any CPU.ActiveCfg = Debug|Any CPU
		{68EC7CD1-B08D-4E76-BA80-3414A30B4FC1}.Debug|Any CPU.Build.0 = Debug|Any CPU
		{68EC7CD1-B08D-4E76-BA80-3414A30B4FC1}.Release|Any CPU.ActiveCfg = Release|Any CPU
		{68EC7CD1-B08D-4E76-BA80-3414A30B4FC1}.Release|Any CPU.Build.0 = Release|Any CPU
	EndGlobalSection
	GlobalSection(SolutionProperties) = preSolution
		HideSolutionNode = FALSE
	EndGlobalSection
	GlobalSection(NestedProjects) = preSolution
		{D2F373B5-4D9B-4AB3-B36C-9BE02FB9857D} = {27859F6E-D5EF-4DBF-B8BD-39A0100C4F88}
		{4A1D3915-2CB1-4691-AA79-E6235E6236DB} = {27859F6E-D5EF-4DBF-B8BD-39A0100C4F88}
		{1736E161-71A4-47BD-AF6C-98E7F24E1F78} = {27859F6E-D5EF-4DBF-B8BD-39A0100C4F88}
		{ED7E98DF-FF5D-4B3D-B649-F59CAD414996} = {27859F6E-D5EF-4DBF-B8BD-39A0100C4F88}
		{D6161C25-EE07-4204-AD3E-8982B7381DAC} = {27859F6E-D5EF-4DBF-B8BD-39A0100C4F88}
		{CCB49DB4-02CA-4E54-BAD5-942F2EF21884} = {27859F6E-D5EF-4DBF-B8BD-39A0100C4F88}
		{992D9B95-D2A4-4C28-BE1C-02AF77E0110E} = {27859F6E-D5EF-4DBF-B8BD-39A0100C4F88}
		{68EC7CD1-B08D-4E76-BA80-3414A30B4FC1} = {27859F6E-D5EF-4DBF-B8BD-39A0100C4F88}
	EndGlobalSection
	GlobalSection(ExtensibilityGlobals) = postSolution
		SolutionGuid = {BAD77881-130D-4B44-B4BA-5C0338081E33}
	EndGlobalSection
EndGlobal
