
Microsoft Visual Studio Solution File, Format Version 12.00
# Visual Studio Version 16
VisualStudioVersion = 16.0.30404.54
MinimumVisualStudioVersion = 10.0.40219.1
Project("{9A19103F-16F7-4668-BE54-9A1E7A4F7556}") = "Generic.Abp.Themes", "src\Generic.Abp.Themes\Generic.Abp.Themes.csproj", "{D0D9CD09-8E35-4B3A-B737-405DA11D623E}"
EndProject
Project("{2150E333-8FDC-42A3-9474-1A3956D46DE8}") = "src", "src", "{5865960E-53E8-40CC-B8CE-F9697B1DE7DE}"
EndProject
Project("{9A19103F-16F7-4668-BE54-9A1E7A4F7556}") = "Generic.Abp.Themes.Shared", "src\Generic.Abp.Themes.Shared\Generic.Abp.Themes.Shared.csproj", "{10EEB05F-21FC-447A-B9A9-A27AB87D5297}"
EndProject
Global
	GlobalSection(SolutionConfigurationPlatforms) = preSolution
		Debug|Any CPU = Debug|Any CPU
		Release|Any CPU = Release|Any CPU
	EndGlobalSection
	GlobalSection(ProjectConfigurationPlatforms) = postSolution
		{D0D9CD09-8E35-4B3A-B737-405DA11D623E}.Debug|Any CPU.ActiveCfg = Debug|Any CPU
		{D0D9CD09-8E35-4B3A-B737-405DA11D623E}.Debug|Any CPU.Build.0 = Debug|Any CPU
		{D0D9CD09-8E35-4B3A-B737-405DA11D623E}.Release|Any CPU.ActiveCfg = Release|Any CPU
		{D0D9CD09-8E35-4B3A-B737-405DA11D623E}.Release|Any CPU.Build.0 = Release|Any CPU
		{10EEB05F-21FC-447A-B9A9-A27AB87D5297}.Debug|Any CPU.ActiveCfg = Debug|Any CPU
		{10EEB05F-21FC-447A-B9A9-A27AB87D5297}.Debug|Any CPU.Build.0 = Debug|Any CPU
		{10EEB05F-21FC-447A-B9A9-A27AB87D5297}.Release|Any CPU.ActiveCfg = Release|Any CPU
		{10EEB05F-21FC-447A-B9A9-A27AB87D5297}.Release|Any CPU.Build.0 = Release|Any CPU
	EndGlobalSection
	GlobalSection(SolutionProperties) = preSolution
		HideSolutionNode = FALSE
	EndGlobalSection
	GlobalSection(NestedProjects) = preSolution
		{D0D9CD09-8E35-4B3A-B737-405DA11D623E} = {5865960E-53E8-40CC-B8CE-F9697B1DE7DE}
		{10EEB05F-21FC-447A-B9A9-A27AB87D5297} = {5865960E-53E8-40CC-B8CE-F9697B1DE7DE}
	EndGlobalSection
	GlobalSection(ExtensibilityGlobals) = postSolution
		SolutionGuid = {3F5E96CB-CCCD-4D59-9163-60F79DB7290C}
	EndGlobalSection
EndGlobal
