
Microsoft Visual Studio Solution File, Format Version 12.00
# Visual Studio Version 17
VisualStudioVersion = 17.5.002.0
MinimumVisualStudioVersion = 10.0.40219.1
Project("{2150E333-8FDC-42A3-9474-1A3956D46DE8}") = "src", "src", "{598852BB-46AF-4518-AA1D-CC46A3808510}"
EndProject
Project("{2150E333-8FDC-42A3-9474-1A3956D46DE8}") = "test", "test", "{9DD862B8-95C0-4283-A8A2-1484669CC536}"
EndProject
Project("{FAE04EC0-301F-11D3-BF4B-00C04F79EFBC}") = "Generic.Abp.ExternalAuthentication.AspNetCore", "src\Generic.Abp.ExternalAuthentication.AspNetCore\Generic.Abp.ExternalAuthentication.AspNetCore.csproj", "{3665EF41-2B0E-42D6-9A0E-CE6B68B2D09A}"
EndProject
Global
	GlobalSection(SolutionConfigurationPlatforms) = preSolution
		Debug|Any CPU = Debug|Any CPU
		Release|Any CPU = Release|Any CPU
	EndGlobalSection
	GlobalSection(ProjectConfigurationPlatforms) = postSolution
		{3665EF41-2B0E-42D6-9A0E-CE6B68B2D09A}.Debug|Any CPU.ActiveCfg = Debug|Any CPU
		{3665EF41-2B0E-42D6-9A0E-CE6B68B2D09A}.Debug|Any CPU.Build.0 = Debug|Any CPU
		{3665EF41-2B0E-42D6-9A0E-CE6B68B2D09A}.Release|Any CPU.ActiveCfg = Release|Any CPU
		{3665EF41-2B0E-42D6-9A0E-CE6B68B2D09A}.Release|Any CPU.Build.0 = Release|Any CPU
	EndGlobalSection
	GlobalSection(SolutionProperties) = preSolution
		HideSolutionNode = FALSE
	EndGlobalSection
	GlobalSection(NestedProjects) = preSolution
		{3665EF41-2B0E-42D6-9A0E-CE6B68B2D09A} = {598852BB-46AF-4518-AA1D-CC46A3808510}
	EndGlobalSection
	GlobalSection(ExtensibilityGlobals) = postSolution
		SolutionGuid = {00A45942-B6D1-42C1-8EBA-0B472998C40E}
	EndGlobalSection
EndGlobal
