
Microsoft Visual Studio Solution File, Format Version 12.00
# Visual Studio Version 17
VisualStudioVersion = 17.0.31903.59
MinimumVisualStudioVersion = 10.0.40219.1
Project("{2150E333-8FDC-42A3-9474-1A3956D46DE8}") = "src", "src", "{997364C4-0421-4CF9-A424-3317908E3D50}"
EndProject
Project("{FAE04EC0-301F-11D3-BF4B-00C04F79EFBC}") = "Generic.Abp.W2Ui", "src\Generic.Abp.W2Ui\Generic.Abp.W2Ui.csproj", "{C3EE0755-E2F2-4586-BC67-E0B68CE0D46D}"
EndProject
Global
	GlobalSection(SolutionConfigurationPlatforms) = preSolution
		Debug|Any CPU = Debug|Any CPU
		Release|Any CPU = Release|Any CPU
	EndGlobalSection
	GlobalSection(ProjectConfigurationPlatforms) = postSolution
		{C3EE0755-E2F2-4586-BC67-E0B68CE0D46D}.Debug|Any CPU.ActiveCfg = Debug|Any CPU
		{C3EE0755-E2F2-4586-BC67-E0B68CE0D46D}.Debug|Any CPU.Build.0 = Debug|Any CPU
		{C3EE0755-E2F2-4586-BC67-E0B68CE0D46D}.Release|Any CPU.ActiveCfg = Release|Any CPU
		{C3EE0755-E2F2-4586-BC67-E0B68CE0D46D}.Release|Any CPU.Build.0 = Release|Any CPU
	EndGlobalSection
	GlobalSection(SolutionProperties) = preSolution
		HideSolutionNode = FALSE
	EndGlobalSection
	GlobalSection(NestedProjects) = preSolution
		{C3EE0755-E2F2-4586-BC67-E0B68CE0D46D} = {997364C4-0421-4CF9-A424-3317908E3D50}
	EndGlobalSection
	GlobalSection(ExtensibilityGlobals) = postSolution
		SolutionGuid = {F8C6FA7D-E982-4DBA-8D90-1613E15C2397}
	EndGlobalSection
EndGlobal
