
Microsoft Visual Studio Solution File, Format Version 12.00
# Visual Studio Version 17
VisualStudioVersion = 17.2.32210.308
MinimumVisualStudioVersion = 10.0.40219.1
Project("{9A19103F-16F7-4668-BE54-9A1E7A4F7556}") = "QuickTemplate.Domain", "src\QuickTemplate.Domain\QuickTemplate.Domain.csproj", "{554AD327-6DBA-4F8F-96F8-81CE7A0C863F}"
EndProject
Project("{9A19103F-16F7-4668-BE54-9A1E7A4F7556}") = "QuickTemplate.Application", "src\QuickTemplate.Application\QuickTemplate.Application.csproj", "{1A94A50E-06DC-43C1-80B5-B662820EC3EB}"
EndProject
Project("{9A19103F-16F7-4668-BE54-9A1E7A4F7556}") = "QuickTemplate.EntityFrameworkCore", "src\QuickTemplate.EntityFrameworkCore\QuickTemplate.EntityFrameworkCore.csproj", "{C956DD76-69C8-4A9C-83EA-D17DF83340FD}"
EndProject
Project("{9A19103F-16F7-4668-BE54-9A1E7A4F7556}") = "QuickTemplate.Web", "src\QuickTemplate.Web\QuickTemplate.Web.csproj", "{068855E8-9240-4F1A-910B-CF825794513B}"
EndProject
Project("{2150E333-8FDC-42A3-9474-1A3956D46DE8}") = "src", "src", "{CA9AC87F-097E-4F15-8393-4BC07735A5B0}"
EndProject
Project("{2150E333-8FDC-42A3-9474-1A3956D46DE8}") = "test", "test", "{04DBDB01-70F4-4E06-B468-8F87850B22BE}"
EndProject
Project("{9A19103F-16F7-4668-BE54-9A1E7A4F7556}") = "QuickTemplate.Application.Tests", "test\QuickTemplate.Application.Tests\QuickTemplate.Application.Tests.csproj", "{50B2631D-129C-47B3-A587-029CCD6099BC}"
EndProject
Project("{9A19103F-16F7-4668-BE54-9A1E7A4F7556}") = "QuickTemplate.Domain.Shared", "src\QuickTemplate.Domain.Shared\QuickTemplate.Domain.Shared.csproj", "{42F719ED-8413-4895-B5B4-5AB56079BC66}"
EndProject
Project("{9A19103F-16F7-4668-BE54-9A1E7A4F7556}") = "QuickTemplate.Application.Contracts", "src\QuickTemplate.Application.Contracts\QuickTemplate.Application.Contracts.csproj", "{520659C8-C734-4298-A3DA-B539DB9DFC0B}"
EndProject
Project("{9A19103F-16F7-4668-BE54-9A1E7A4F7556}") = "QuickTemplate.HttpApi", "src\QuickTemplate.HttpApi\QuickTemplate.HttpApi.csproj", "{4164BDF7-F527-4E85-9CE6-E3C2D7426A27}"
EndProject
Project("{9A19103F-16F7-4668-BE54-9A1E7A4F7556}") = "QuickTemplate.HttpApi.Client", "src\QuickTemplate.HttpApi.Client\QuickTemplate.HttpApi.Client.csproj", "{3B5A0094-670D-4BB1-BFDD-61B88A8773DC}"
EndProject
Project("{9A19103F-16F7-4668-BE54-9A1E7A4F7556}") = "QuickTemplate.EntityFrameworkCore.Tests", "test\QuickTemplate.EntityFrameworkCore.Tests\QuickTemplate.EntityFrameworkCore.Tests.csproj", "{1FE30EB9-74A9-47F5-A9F6-7B1FAB672D81}"
EndProject
Project("{9A19103F-16F7-4668-BE54-9A1E7A4F7556}") = "QuickTemplate.TestBase", "test\QuickTemplate.TestBase\QuickTemplate.TestBase.csproj", "{91853F21-9CD9-4132-BC29-A7D5D84FFFE7}"
EndProject
Project("{9A19103F-16F7-4668-BE54-9A1E7A4F7556}") = "QuickTemplate.Domain.Tests", "test\QuickTemplate.Domain.Tests\QuickTemplate.Domain.Tests.csproj", "{E512F4D9-9375-480F-A2F6-A46509F9D824}"
EndProject
Project("{9A19103F-16F7-4668-BE54-9A1E7A4F7556}") = "QuickTemplate.HttpApi.Client.ConsoleTestApp", "test\QuickTemplate.HttpApi.Client.ConsoleTestApp\QuickTemplate.HttpApi.Client.ConsoleTestApp.csproj", "{EF480016-9127-4916-8735-D2466BDBC582}"
EndProject
Project("{9A19103F-16F7-4668-BE54-9A1E7A4F7556}") = "QuickTemplate.DbMigrator", "src\QuickTemplate.DbMigrator\QuickTemplate.DbMigrator.csproj", "{AA94D832-1CCC-4715-95A9-A483F23A1A5D}"
EndProject
Project("{2150E333-8FDC-42A3-9474-1A3956D46DE8}") = "modules", "modules", "{A1791027-70D6-47D0-9285-52C6D205B744}"
EndProject
Project("{2150E333-8FDC-42A3-9474-1A3956D46DE8}") = "ExternalAuthentication", "ExternalAuthentication", "{993162B4-780F-46FC-9DE9-E607D4980A8B}"
EndProject
Project("{FAE04EC0-301F-11D3-BF4B-00C04F79EFBC}") = "Generic.Abp.ExternalAuthentication.AspNetCore", "..\..\modules\ExternalAuthentication\src\Generic.Abp.ExternalAuthentication.AspNetCore\Generic.Abp.ExternalAuthentication.AspNetCore.csproj", "{031D8738-CE5F-4693-8154-DD21E4DB7086}"
EndProject
Project("{2150E333-8FDC-42A3-9474-1A3956D46DE8}") = "Identity", "Identity", "{B0F9BD2A-3185-4E1B-BBA7-C149C32406CE}"
EndProject
Project("{FAE04EC0-301F-11D3-BF4B-00C04F79EFBC}") = "Generic.Abp.Identity.Application.Contracts", "..\..\modules\identity\src\Generic.Abp.Identity.Application.Contracts\Generic.Abp.Identity.Application.Contracts.csproj", "{4134BAAE-A98B-46C1-B82F-20617B49FF59}"
EndProject
Project("{FAE04EC0-301F-11D3-BF4B-00C04F79EFBC}") = "Generic.Abp.Identity.Application", "..\..\modules\identity\src\Generic.Abp.Identity.Application\Generic.Abp.Identity.Application.csproj", "{9767B9F6-9A23-42A9-846B-D2343695C048}"
EndProject
Project("{FAE04EC0-301F-11D3-BF4B-00C04F79EFBC}") = "Generic.Abp.Identity.HttpApi", "..\..\modules\identity\src\Generic.Abp.Identity.HttpApi\Generic.Abp.Identity.HttpApi.csproj", "{3674C6CB-EF29-47B2-8D1D-D050F9867A75}"
EndProject
Project("{2150E333-8FDC-42A3-9474-1A3956D46DE8}") = "OpenIdDict", "OpenIdDict", "{DC9568ED-4E68-44FE-A91A-DCBA10F2E928}"
EndProject
Project("{FAE04EC0-301F-11D3-BF4B-00C04F79EFBC}") = "Generic.Abp.OpenIddict.Application.Contracts", "..\..\modules\openiddict\src\Generic.Abp.OpenIddict.Application.Contracts\Generic.Abp.OpenIddict.Application.Contracts.csproj", "{16056791-D38B-4911-A463-4129CA4312E6}"
EndProject
Project("{FAE04EC0-301F-11D3-BF4B-00C04F79EFBC}") = "Generic.Abp.OpenIddict.Application", "..\..\modules\openiddict\src\Generic.Abp.OpenIddict.Application\Generic.Abp.OpenIddict.Application.csproj", "{B9C61939-E608-4C21-92F0-0474CEA2F510}"
EndProject
Project("{FAE04EC0-301F-11D3-BF4B-00C04F79EFBC}") = "Generic.Abp.OpenIddict.HttpApi", "..\..\modules\openiddict\src\Generic.Abp.OpenIddict.HttpApi\Generic.Abp.OpenIddict.HttpApi.csproj", "{8572E093-E408-4DC7-9F9D-FE539A00062F}"
EndProject
Project("{2150E333-8FDC-42A3-9474-1A3956D46DE8}") = "Extensions", "Extensions", "{073F7B7B-481E-4EAA-A07F-0D72882BA7AF}"
EndProject
Project("{FAE04EC0-301F-11D3-BF4B-00C04F79EFBC}") = "Generic.Abp.Extensions", "..\..\modules\Extensions\src\Generic.Abp.Extensions\Generic.Abp.Extensions.csproj", "{A2A60CDA-BA08-4135-B4E2-5680E8E32535}"
EndProject
Project("{FAE04EC0-301F-11D3-BF4B-00C04F79EFBC}") = "Generic.Abp.Extensions.Domain", "..\..\modules\Extensions\src\Generic.Abp.Extensions.Domain\Generic.Abp.Extensions.Domain.csproj", "{BB92EACD-24A2-4843-927D-038585A8F552}"
EndProject
Project("{FAE04EC0-301F-11D3-BF4B-00C04F79EFBC}") = "Generic.Abp.Extensions.HttpApi", "..\..\modules\Extensions\src\Generic.Abp.Extensions.HttpApi\Generic.Abp.Extensions.HttpApi.csproj", "{9EAAC8BE-9D45-4196-9D03-E5E2A50B377E}"
EndProject
Project("{FAE04EC0-301F-11D3-BF4B-00C04F79EFBC}") = "Generic.Abp.Identity.EntityFrameworkCore", "..\..\modules\identity\src\Generic.Abp.Identity.EntityFrameworkCore\Generic.Abp.Identity.EntityFrameworkCore.csproj", "{A94FCC6E-613B-4334-B36F-D2C861261E87}"
EndProject
Project("{FAE04EC0-301F-11D3-BF4B-00C04F79EFBC}") = "Generic.Abp.Identity.Domain", "..\..\modules\identity\src\Generic.Abp.Identity.Domain\Generic.Abp.Identity.Domain.csproj", "{0C716808-1E5A-4882-921E-51F1A6722487}"
EndProject
Global
	GlobalSection(SolutionConfigurationPlatforms) = preSolution
		Debug|Any CPU = Debug|Any CPU
		Release|Any CPU = Release|Any CPU
	EndGlobalSection
	GlobalSection(ProjectConfigurationPlatforms) = postSolution
		{554AD327-6DBA-4F8F-96F8-81CE7A0C863F}.Debug|Any CPU.ActiveCfg = Debug|Any CPU
		{554AD327-6DBA-4F8F-96F8-81CE7A0C863F}.Debug|Any CPU.Build.0 = Debug|Any CPU
		{554AD327-6DBA-4F8F-96F8-81CE7A0C863F}.Release|Any CPU.ActiveCfg = Release|Any CPU
		{554AD327-6DBA-4F8F-96F8-81CE7A0C863F}.Release|Any CPU.Build.0 = Release|Any CPU
		{1A94A50E-06DC-43C1-80B5-B662820EC3EB}.Debug|Any CPU.ActiveCfg = Debug|Any CPU
		{1A94A50E-06DC-43C1-80B5-B662820EC3EB}.Debug|Any CPU.Build.0 = Debug|Any CPU
		{1A94A50E-06DC-43C1-80B5-B662820EC3EB}.Release|Any CPU.ActiveCfg = Release|Any CPU
		{1A94A50E-06DC-43C1-80B5-B662820EC3EB}.Release|Any CPU.Build.0 = Release|Any CPU
		{C956DD76-69C8-4A9C-83EA-D17DF83340FD}.Debug|Any CPU.ActiveCfg = Debug|Any CPU
		{C956DD76-69C8-4A9C-83EA-D17DF83340FD}.Debug|Any CPU.Build.0 = Debug|Any CPU
		{C956DD76-69C8-4A9C-83EA-D17DF83340FD}.Release|Any CPU.ActiveCfg = Release|Any CPU
		{C956DD76-69C8-4A9C-83EA-D17DF83340FD}.Release|Any CPU.Build.0 = Release|Any CPU
		{068855E8-9240-4F1A-910B-CF825794513B}.Debug|Any CPU.ActiveCfg = Debug|Any CPU
		{068855E8-9240-4F1A-910B-CF825794513B}.Debug|Any CPU.Build.0 = Debug|Any CPU
		{068855E8-9240-4F1A-910B-CF825794513B}.Release|Any CPU.ActiveCfg = Release|Any CPU
		{068855E8-9240-4F1A-910B-CF825794513B}.Release|Any CPU.Build.0 = Release|Any CPU
		{50B2631D-129C-47B3-A587-029CCD6099BC}.Debug|Any CPU.ActiveCfg = Debug|Any CPU
		{50B2631D-129C-47B3-A587-029CCD6099BC}.Debug|Any CPU.Build.0 = Debug|Any CPU
		{50B2631D-129C-47B3-A587-029CCD6099BC}.Release|Any CPU.ActiveCfg = Release|Any CPU
		{50B2631D-129C-47B3-A587-029CCD6099BC}.Release|Any CPU.Build.0 = Release|Any CPU
		{42F719ED-8413-4895-B5B4-5AB56079BC66}.Debug|Any CPU.ActiveCfg = Debug|Any CPU
		{42F719ED-8413-4895-B5B4-5AB56079BC66}.Debug|Any CPU.Build.0 = Debug|Any CPU
		{42F719ED-8413-4895-B5B4-5AB56079BC66}.Release|Any CPU.ActiveCfg = Release|Any CPU
		{42F719ED-8413-4895-B5B4-5AB56079BC66}.Release|Any CPU.Build.0 = Release|Any CPU
		{520659C8-C734-4298-A3DA-B539DB9DFC0B}.Debug|Any CPU.ActiveCfg = Debug|Any CPU
		{520659C8-C734-4298-A3DA-B539DB9DFC0B}.Debug|Any CPU.Build.0 = Debug|Any CPU
		{520659C8-C734-4298-A3DA-B539DB9DFC0B}.Release|Any CPU.ActiveCfg = Release|Any CPU
		{520659C8-C734-4298-A3DA-B539DB9DFC0B}.Release|Any CPU.Build.0 = Release|Any CPU
		{4164BDF7-F527-4E85-9CE6-E3C2D7426A27}.Debug|Any CPU.ActiveCfg = Debug|Any CPU
		{4164BDF7-F527-4E85-9CE6-E3C2D7426A27}.Debug|Any CPU.Build.0 = Debug|Any CPU
		{4164BDF7-F527-4E85-9CE6-E3C2D7426A27}.Release|Any CPU.ActiveCfg = Release|Any CPU
		{4164BDF7-F527-4E85-9CE6-E3C2D7426A27}.Release|Any CPU.Build.0 = Release|Any CPU
		{3B5A0094-670D-4BB1-BFDD-61B88A8773DC}.Debug|Any CPU.ActiveCfg = Debug|Any CPU
		{3B5A0094-670D-4BB1-BFDD-61B88A8773DC}.Debug|Any CPU.Build.0 = Debug|Any CPU
		{3B5A0094-670D-4BB1-BFDD-61B88A8773DC}.Release|Any CPU.ActiveCfg = Release|Any CPU
		{3B5A0094-670D-4BB1-BFDD-61B88A8773DC}.Release|Any CPU.Build.0 = Release|Any CPU
		{1FE30EB9-74A9-47F5-A9F6-7B1FAB672D81}.Debug|Any CPU.ActiveCfg = Debug|Any CPU
		{1FE30EB9-74A9-47F5-A9F6-7B1FAB672D81}.Debug|Any CPU.Build.0 = Debug|Any CPU
		{1FE30EB9-74A9-47F5-A9F6-7B1FAB672D81}.Release|Any CPU.ActiveCfg = Release|Any CPU
		{1FE30EB9-74A9-47F5-A9F6-7B1FAB672D81}.Release|Any CPU.Build.0 = Release|Any CPU
		{91853F21-9CD9-4132-BC29-A7D5D84FFFE7}.Debug|Any CPU.ActiveCfg = Debug|Any CPU
		{91853F21-9CD9-4132-BC29-A7D5D84FFFE7}.Debug|Any CPU.Build.0 = Debug|Any CPU
		{91853F21-9CD9-4132-BC29-A7D5D84FFFE7}.Release|Any CPU.ActiveCfg = Release|Any CPU
		{91853F21-9CD9-4132-BC29-A7D5D84FFFE7}.Release|Any CPU.Build.0 = Release|Any CPU
		{E512F4D9-9375-480F-A2F6-A46509F9D824}.Debug|Any CPU.ActiveCfg = Debug|Any CPU
		{E512F4D9-9375-480F-A2F6-A46509F9D824}.Debug|Any CPU.Build.0 = Debug|Any CPU
		{E512F4D9-9375-480F-A2F6-A46509F9D824}.Release|Any CPU.ActiveCfg = Release|Any CPU
		{E512F4D9-9375-480F-A2F6-A46509F9D824}.Release|Any CPU.Build.0 = Release|Any CPU
		{EF480016-9127-4916-8735-D2466BDBC582}.Debug|Any CPU.ActiveCfg = Debug|Any CPU
		{EF480016-9127-4916-8735-D2466BDBC582}.Debug|Any CPU.Build.0 = Debug|Any CPU
		{EF480016-9127-4916-8735-D2466BDBC582}.Release|Any CPU.ActiveCfg = Release|Any CPU
		{EF480016-9127-4916-8735-D2466BDBC582}.Release|Any CPU.Build.0 = Release|Any CPU
		{AA94D832-1CCC-4715-95A9-A483F23A1A5D}.Debug|Any CPU.ActiveCfg = Debug|Any CPU
		{AA94D832-1CCC-4715-95A9-A483F23A1A5D}.Debug|Any CPU.Build.0 = Debug|Any CPU
		{AA94D832-1CCC-4715-95A9-A483F23A1A5D}.Release|Any CPU.ActiveCfg = Release|Any CPU
		{AA94D832-1CCC-4715-95A9-A483F23A1A5D}.Release|Any CPU.Build.0 = Release|Any CPU
		{031D8738-CE5F-4693-8154-DD21E4DB7086}.Debug|Any CPU.ActiveCfg = Debug|Any CPU
		{031D8738-CE5F-4693-8154-DD21E4DB7086}.Debug|Any CPU.Build.0 = Debug|Any CPU
		{031D8738-CE5F-4693-8154-DD21E4DB7086}.Release|Any CPU.ActiveCfg = Release|Any CPU
		{031D8738-CE5F-4693-8154-DD21E4DB7086}.Release|Any CPU.Build.0 = Release|Any CPU
		{4134BAAE-A98B-46C1-B82F-20617B49FF59}.Debug|Any CPU.ActiveCfg = Debug|Any CPU
		{4134BAAE-A98B-46C1-B82F-20617B49FF59}.Debug|Any CPU.Build.0 = Debug|Any CPU
		{4134BAAE-A98B-46C1-B82F-20617B49FF59}.Release|Any CPU.ActiveCfg = Release|Any CPU
		{4134BAAE-A98B-46C1-B82F-20617B49FF59}.Release|Any CPU.Build.0 = Release|Any CPU
		{9767B9F6-9A23-42A9-846B-D2343695C048}.Debug|Any CPU.ActiveCfg = Debug|Any CPU
		{9767B9F6-9A23-42A9-846B-D2343695C048}.Debug|Any CPU.Build.0 = Debug|Any CPU
		{9767B9F6-9A23-42A9-846B-D2343695C048}.Release|Any CPU.ActiveCfg = Release|Any CPU
		{9767B9F6-9A23-42A9-846B-D2343695C048}.Release|Any CPU.Build.0 = Release|Any CPU
		{3674C6CB-EF29-47B2-8D1D-D050F9867A75}.Debug|Any CPU.ActiveCfg = Debug|Any CPU
		{3674C6CB-EF29-47B2-8D1D-D050F9867A75}.Debug|Any CPU.Build.0 = Debug|Any CPU
		{3674C6CB-EF29-47B2-8D1D-D050F9867A75}.Release|Any CPU.ActiveCfg = Release|Any CPU
		{3674C6CB-EF29-47B2-8D1D-D050F9867A75}.Release|Any CPU.Build.0 = Release|Any CPU
		{16056791-D38B-4911-A463-4129CA4312E6}.Debug|Any CPU.ActiveCfg = Debug|Any CPU
		{16056791-D38B-4911-A463-4129CA4312E6}.Debug|Any CPU.Build.0 = Debug|Any CPU
		{16056791-D38B-4911-A463-4129CA4312E6}.Release|Any CPU.ActiveCfg = Release|Any CPU
		{16056791-D38B-4911-A463-4129CA4312E6}.Release|Any CPU.Build.0 = Release|Any CPU
		{B9C61939-E608-4C21-92F0-0474CEA2F510}.Debug|Any CPU.ActiveCfg = Debug|Any CPU
		{B9C61939-E608-4C21-92F0-0474CEA2F510}.Debug|Any CPU.Build.0 = Debug|Any CPU
		{B9C61939-E608-4C21-92F0-0474CEA2F510}.Release|Any CPU.ActiveCfg = Release|Any CPU
		{B9C61939-E608-4C21-92F0-0474CEA2F510}.Release|Any CPU.Build.0 = Release|Any CPU
		{8572E093-E408-4DC7-9F9D-FE539A00062F}.Debug|Any CPU.ActiveCfg = Debug|Any CPU
		{8572E093-E408-4DC7-9F9D-FE539A00062F}.Debug|Any CPU.Build.0 = Debug|Any CPU
		{8572E093-E408-4DC7-9F9D-FE539A00062F}.Release|Any CPU.ActiveCfg = Release|Any CPU
		{8572E093-E408-4DC7-9F9D-FE539A00062F}.Release|Any CPU.Build.0 = Release|Any CPU
		{A2A60CDA-BA08-4135-B4E2-5680E8E32535}.Debug|Any CPU.ActiveCfg = Debug|Any CPU
		{A2A60CDA-BA08-4135-B4E2-5680E8E32535}.Debug|Any CPU.Build.0 = Debug|Any CPU
		{A2A60CDA-BA08-4135-B4E2-5680E8E32535}.Release|Any CPU.ActiveCfg = Release|Any CPU
		{A2A60CDA-BA08-4135-B4E2-5680E8E32535}.Release|Any CPU.Build.0 = Release|Any CPU
		{BB92EACD-24A2-4843-927D-038585A8F552}.Debug|Any CPU.ActiveCfg = Debug|Any CPU
		{BB92EACD-24A2-4843-927D-038585A8F552}.Debug|Any CPU.Build.0 = Debug|Any CPU
		{BB92EACD-24A2-4843-927D-038585A8F552}.Release|Any CPU.ActiveCfg = Release|Any CPU
		{BB92EACD-24A2-4843-927D-038585A8F552}.Release|Any CPU.Build.0 = Release|Any CPU
		{9EAAC8BE-9D45-4196-9D03-E5E2A50B377E}.Debug|Any CPU.ActiveCfg = Debug|Any CPU
		{9EAAC8BE-9D45-4196-9D03-E5E2A50B377E}.Debug|Any CPU.Build.0 = Debug|Any CPU
		{9EAAC8BE-9D45-4196-9D03-E5E2A50B377E}.Release|Any CPU.ActiveCfg = Release|Any CPU
		{9EAAC8BE-9D45-4196-9D03-E5E2A50B377E}.Release|Any CPU.Build.0 = Release|Any CPU
		{A94FCC6E-613B-4334-B36F-D2C861261E87}.Debug|Any CPU.ActiveCfg = Debug|Any CPU
		{A94FCC6E-613B-4334-B36F-D2C861261E87}.Debug|Any CPU.Build.0 = Debug|Any CPU
		{A94FCC6E-613B-4334-B36F-D2C861261E87}.Release|Any CPU.ActiveCfg = Release|Any CPU
		{A94FCC6E-613B-4334-B36F-D2C861261E87}.Release|Any CPU.Build.0 = Release|Any CPU
		{0C716808-1E5A-4882-921E-51F1A6722487}.Debug|Any CPU.ActiveCfg = Debug|Any CPU
		{0C716808-1E5A-4882-921E-51F1A6722487}.Debug|Any CPU.Build.0 = Debug|Any CPU
		{0C716808-1E5A-4882-921E-51F1A6722487}.Release|Any CPU.ActiveCfg = Release|Any CPU
		{0C716808-1E5A-4882-921E-51F1A6722487}.Release|Any CPU.Build.0 = Release|Any CPU
	EndGlobalSection
	GlobalSection(SolutionProperties) = preSolution
		HideSolutionNode = FALSE
	EndGlobalSection
	GlobalSection(NestedProjects) = preSolution
		{554AD327-6DBA-4F8F-96F8-81CE7A0C863F} = {CA9AC87F-097E-4F15-8393-4BC07735A5B0}
		{1A94A50E-06DC-43C1-80B5-B662820EC3EB} = {CA9AC87F-097E-4F15-8393-4BC07735A5B0}
		{C956DD76-69C8-4A9C-83EA-D17DF83340FD} = {CA9AC87F-097E-4F15-8393-4BC07735A5B0}
		{068855E8-9240-4F1A-910B-CF825794513B} = {CA9AC87F-097E-4F15-8393-4BC07735A5B0}
		{50B2631D-129C-47B3-A587-029CCD6099BC} = {04DBDB01-70F4-4E06-B468-8F87850B22BE}
		{42F719ED-8413-4895-B5B4-5AB56079BC66} = {CA9AC87F-097E-4F15-8393-4BC07735A5B0}
		{520659C8-C734-4298-A3DA-B539DB9DFC0B} = {CA9AC87F-097E-4F15-8393-4BC07735A5B0}
		{4164BDF7-F527-4E85-9CE6-E3C2D7426A27} = {CA9AC87F-097E-4F15-8393-4BC07735A5B0}
		{3B5A0094-670D-4BB1-BFDD-61B88A8773DC} = {CA9AC87F-097E-4F15-8393-4BC07735A5B0}
		{1FE30EB9-74A9-47F5-A9F6-7B1FAB672D81} = {04DBDB01-70F4-4E06-B468-8F87850B22BE}
		{91853F21-9CD9-4132-BC29-A7D5D84FFFE7} = {04DBDB01-70F4-4E06-B468-8F87850B22BE}
		{E512F4D9-9375-480F-A2F6-A46509F9D824} = {04DBDB01-70F4-4E06-B468-8F87850B22BE}
		{EF480016-9127-4916-8735-D2466BDBC582} = {04DBDB01-70F4-4E06-B468-8F87850B22BE}
		{AA94D832-1CCC-4715-95A9-A483F23A1A5D} = {CA9AC87F-097E-4F15-8393-4BC07735A5B0}
		{993162B4-780F-46FC-9DE9-E607D4980A8B} = {A1791027-70D6-47D0-9285-52C6D205B744}
		{031D8738-CE5F-4693-8154-DD21E4DB7086} = {993162B4-780F-46FC-9DE9-E607D4980A8B}
		{B0F9BD2A-3185-4E1B-BBA7-C149C32406CE} = {A1791027-70D6-47D0-9285-52C6D205B744}
		{4134BAAE-A98B-46C1-B82F-20617B49FF59} = {B0F9BD2A-3185-4E1B-BBA7-C149C32406CE}
		{9767B9F6-9A23-42A9-846B-D2343695C048} = {B0F9BD2A-3185-4E1B-BBA7-C149C32406CE}
		{3674C6CB-EF29-47B2-8D1D-D050F9867A75} = {B0F9BD2A-3185-4E1B-BBA7-C149C32406CE}
		{DC9568ED-4E68-44FE-A91A-DCBA10F2E928} = {A1791027-70D6-47D0-9285-52C6D205B744}
		{16056791-D38B-4911-A463-4129CA4312E6} = {DC9568ED-4E68-44FE-A91A-DCBA10F2E928}
		{B9C61939-E608-4C21-92F0-0474CEA2F510} = {DC9568ED-4E68-44FE-A91A-DCBA10F2E928}
		{8572E093-E408-4DC7-9F9D-FE539A00062F} = {DC9568ED-4E68-44FE-A91A-DCBA10F2E928}
		{073F7B7B-481E-4EAA-A07F-0D72882BA7AF} = {A1791027-70D6-47D0-9285-52C6D205B744}
		{A2A60CDA-BA08-4135-B4E2-5680E8E32535} = {073F7B7B-481E-4EAA-A07F-0D72882BA7AF}
		{BB92EACD-24A2-4843-927D-038585A8F552} = {073F7B7B-481E-4EAA-A07F-0D72882BA7AF}
		{9EAAC8BE-9D45-4196-9D03-E5E2A50B377E} = {073F7B7B-481E-4EAA-A07F-0D72882BA7AF}
		{A94FCC6E-613B-4334-B36F-D2C861261E87} = {B0F9BD2A-3185-4E1B-BBA7-C149C32406CE}
		{0C716808-1E5A-4882-921E-51F1A6722487} = {B0F9BD2A-3185-4E1B-BBA7-C149C32406CE}
	EndGlobalSection
	GlobalSection(ExtensibilityGlobals) = postSolution
		SolutionGuid = {28315BFD-90E7-4E14-A2EA-F3D23AF4126F}
	EndGlobalSection
EndGlobal
