
Microsoft Visual Studio Solution File, Format Version 12.00
# Visual Studio Version 17
VisualStudioVersion = 17.0.31903.59
MinimumVisualStudioVersion = 10.0.40219.1
Project("{2150E333-8FDC-42A3-9474-1A3956D46DE8}") = "src", "src", "{FFC6B7B8-4287-49F8-A9AE-83FDD8648A94}"
EndProject
Project("{9A19103F-16F7-4668-BE54-9A1E7A4F7556}") = "Generic.Abp.PhoneLogin.Domain", "src\Generic.Abp.PhoneLogin.Domain\Generic.Abp.PhoneLogin.Domain.csproj", "{92728AE4-7B13-48A6-99EA-9B2257C2A9D1}"
EndProject
Project("{9A19103F-16F7-4668-BE54-9A1E7A4F7556}") = "Generic.Abp.PhoneLogin.Domain.Shared", "src\Generic.Abp.PhoneLogin.Domain.Shared\Generic.Abp.PhoneLogin.Domain.Shared.csproj", "{4D07B136-34F8-4EE6-85A5-95714EF40E4F}"
EndProject
Project("{9A19103F-16F7-4668-BE54-9A1E7A4F7556}") = "Generic.Abp.PhoneLogin.OpenIddict.AspNetCore", "src\Generic.Abp.PhoneLogin.OpenIddict.AspNetCore\Generic.Abp.PhoneLogin.OpenIddict.AspNetCore.csproj", "{4FB636C9-852B-4BFB-A507-C09E5C804C43}"
EndProject
Project("{9A19103F-16F7-4668-BE54-9A1E7A4F7556}") = "Generic.Abp.PhoneLogin.Account.Web", "src\Generic.Abp.PhoneLogin.Account.Web\Generic.Abp.PhoneLogin.Account.Web.csproj", "{5C9B9A42-F755-4E4C-AB76-974C9043EF11}"
EndProject
Project("{9A19103F-16F7-4668-BE54-9A1E7A4F7556}") = "Generic.Abp.PhoneLogin.IdentityServer.Domain", "src\Generic.Abp.PhoneLogin.IdentityServer.Domain\Generic.Abp.PhoneLogin.IdentityServer.Domain.csproj", "{C13AF224-E7E5-4185-B0B1-C36584096BFB}"
EndProject
Project("{9A19103F-16F7-4668-BE54-9A1E7A4F7556}") = "Generic.Abp.PhoneLogin.Application", "src\Generic.Abp.PhoneLogin.Application\Generic.Abp.PhoneLogin.Application.csproj", "{9D436D94-6E73-4F7C-BCBD-423C0CF37BBE}"
EndProject
Project("{9A19103F-16F7-4668-BE54-9A1E7A4F7556}") = "Generic.Abp.PhoneLogin.Web", "src\Generic.Abp.PhoneLogin.Web\Generic.Abp.PhoneLogin.Web.csproj", "{40B5ED59-E4A5-481A-9C90-4E4B663D2B98}"
EndProject
Global
	GlobalSection(SolutionConfigurationPlatforms) = preSolution
		Debug|Any CPU = Debug|Any CPU
		Release|Any CPU = Release|Any CPU
	EndGlobalSection
	GlobalSection(ProjectConfigurationPlatforms) = postSolution
		{92728AE4-7B13-48A6-99EA-9B2257C2A9D1}.Debug|Any CPU.ActiveCfg = Debug|Any CPU
		{92728AE4-7B13-48A6-99EA-9B2257C2A9D1}.Debug|Any CPU.Build.0 = Debug|Any CPU
		{92728AE4-7B13-48A6-99EA-9B2257C2A9D1}.Release|Any CPU.ActiveCfg = Release|Any CPU
		{92728AE4-7B13-48A6-99EA-9B2257C2A9D1}.Release|Any CPU.Build.0 = Release|Any CPU
		{4D07B136-34F8-4EE6-85A5-95714EF40E4F}.Debug|Any CPU.ActiveCfg = Debug|Any CPU
		{4D07B136-34F8-4EE6-85A5-95714EF40E4F}.Debug|Any CPU.Build.0 = Debug|Any CPU
		{4D07B136-34F8-4EE6-85A5-95714EF40E4F}.Release|Any CPU.ActiveCfg = Release|Any CPU
		{4D07B136-34F8-4EE6-85A5-95714EF40E4F}.Release|Any CPU.Build.0 = Release|Any CPU
		{4FB636C9-852B-4BFB-A507-C09E5C804C43}.Debug|Any CPU.ActiveCfg = Debug|Any CPU
		{4FB636C9-852B-4BFB-A507-C09E5C804C43}.Debug|Any CPU.Build.0 = Debug|Any CPU
		{4FB636C9-852B-4BFB-A507-C09E5C804C43}.Release|Any CPU.ActiveCfg = Release|Any CPU
		{4FB636C9-852B-4BFB-A507-C09E5C804C43}.Release|Any CPU.Build.0 = Release|Any CPU
		{5C9B9A42-F755-4E4C-AB76-974C9043EF11}.Debug|Any CPU.ActiveCfg = Debug|Any CPU
		{5C9B9A42-F755-4E4C-AB76-974C9043EF11}.Debug|Any CPU.Build.0 = Debug|Any CPU
		{5C9B9A42-F755-4E4C-AB76-974C9043EF11}.Release|Any CPU.ActiveCfg = Release|Any CPU
		{5C9B9A42-F755-4E4C-AB76-974C9043EF11}.Release|Any CPU.Build.0 = Release|Any CPU
		{C13AF224-E7E5-4185-B0B1-C36584096BFB}.Debug|Any CPU.ActiveCfg = Debug|Any CPU
		{C13AF224-E7E5-4185-B0B1-C36584096BFB}.Debug|Any CPU.Build.0 = Debug|Any CPU
		{C13AF224-E7E5-4185-B0B1-C36584096BFB}.Release|Any CPU.ActiveCfg = Release|Any CPU
		{C13AF224-E7E5-4185-B0B1-C36584096BFB}.Release|Any CPU.Build.0 = Release|Any CPU
		{9D436D94-6E73-4F7C-BCBD-423C0CF37BBE}.Debug|Any CPU.ActiveCfg = Debug|Any CPU
		{9D436D94-6E73-4F7C-BCBD-423C0CF37BBE}.Debug|Any CPU.Build.0 = Debug|Any CPU
		{9D436D94-6E73-4F7C-BCBD-423C0CF37BBE}.Release|Any CPU.ActiveCfg = Release|Any CPU
		{9D436D94-6E73-4F7C-BCBD-423C0CF37BBE}.Release|Any CPU.Build.0 = Release|Any CPU
		{40B5ED59-E4A5-481A-9C90-4E4B663D2B98}.Debug|Any CPU.ActiveCfg = Debug|Any CPU
		{40B5ED59-E4A5-481A-9C90-4E4B663D2B98}.Debug|Any CPU.Build.0 = Debug|Any CPU
		{40B5ED59-E4A5-481A-9C90-4E4B663D2B98}.Release|Any CPU.ActiveCfg = Release|Any CPU
		{40B5ED59-E4A5-481A-9C90-4E4B663D2B98}.Release|Any CPU.Build.0 = Release|Any CPU
	EndGlobalSection
	GlobalSection(SolutionProperties) = preSolution
		HideSolutionNode = FALSE
	EndGlobalSection
	GlobalSection(NestedProjects) = preSolution
		{92728AE4-7B13-48A6-99EA-9B2257C2A9D1} = {FFC6B7B8-4287-49F8-A9AE-83FDD8648A94}
		{4D07B136-34F8-4EE6-85A5-95714EF40E4F} = {FFC6B7B8-4287-49F8-A9AE-83FDD8648A94}
		{4FB636C9-852B-4BFB-A507-C09E5C804C43} = {FFC6B7B8-4287-49F8-A9AE-83FDD8648A94}
		{5C9B9A42-F755-4E4C-AB76-974C9043EF11} = {FFC6B7B8-4287-49F8-A9AE-83FDD8648A94}
		{C13AF224-E7E5-4185-B0B1-C36584096BFB} = {FFC6B7B8-4287-49F8-A9AE-83FDD8648A94}
		{9D436D94-6E73-4F7C-BCBD-423C0CF37BBE} = {FFC6B7B8-4287-49F8-A9AE-83FDD8648A94}
		{40B5ED59-E4A5-481A-9C90-4E4B663D2B98} = {FFC6B7B8-4287-49F8-A9AE-83FDD8648A94}
	EndGlobalSection
	GlobalSection(ExtensibilityGlobals) = postSolution
		SolutionGuid = {EB74D00B-3F71-46D4-9A9E-35449B3C55C1}
	EndGlobalSection
EndGlobal
