
Microsoft Visual Studio Solution File, Format Version 12.00
# Visual Studio Version 17
VisualStudioVersion = 17.0.31903.59
MinimumVisualStudioVersion = 10.0.40219.1
Project("{2150E333-8FDC-42A3-9474-1A3956D46DE8}") = "src", "src", "{CED86EF0-2C69-4C22-A6A3-9B9C2A5296CF}"
EndProject
Project("{9A19103F-16F7-4668-BE54-9A1E7A4F7556}") = "Generic.Abp.Metro.UI.Packages", "src\Generic.Abp.Metro.UI.Packages\Generic.Abp.Metro.UI.Packages.csproj", "{C35C0F20-DBFA-4570-85F2-2C878659EBFD}"
EndProject
Project("{9A19103F-16F7-4668-BE54-9A1E7A4F7556}") = "Generic.Abp.Metro.UI.Theme.Shared", "src\Generic.Abp.Metro.UI.Theme.Shared\Generic.Abp.Metro.UI.Theme.Shared.csproj", "{92A60BCE-7D1D-4CBA-BFC0-761D5AC784B5}"
EndProject
Project("{9A19103F-16F7-4668-BE54-9A1E7A4F7556}") = "Generic.Abp.Metro.UI.Theme.Basic", "src\Generic.Abp.Metro.UI.Theme.Basic\Generic.Abp.Metro.UI.Theme.Basic.csproj", "{83C0144D-CDFE-4F83-A17A-9DD7BC46057A}"
EndProject
Project("{9A19103F-16F7-4668-BE54-9A1E7A4F7556}") = "Generic.Abp.Metro.UI.MultiTenancy", "src\Generic.Abp.Metro.UI.MultiTenancy\Generic.Abp.Metro.UI.MultiTenancy.csproj", "{B3E78E53-5D9C-4886-88F0-0E29C8FA6F75}"
EndProject
Project("{9A19103F-16F7-4668-BE54-9A1E7A4F7556}") = "Generic.Abp.Metro.UI", "src\Generic.Abp.Metro.UI\Generic.Abp.Metro.UI.csproj", "{80706CE5-BE2D-4D52-8118-8C5581B7B210}"
EndProject
Global
	GlobalSection(SolutionConfigurationPlatforms) = preSolution
		Debug|Any CPU = Debug|Any CPU
		Release|Any CPU = Release|Any CPU
	EndGlobalSection
	GlobalSection(ProjectConfigurationPlatforms) = postSolution
		{C35C0F20-DBFA-4570-85F2-2C878659EBFD}.Debug|Any CPU.ActiveCfg = Debug|Any CPU
		{C35C0F20-DBFA-4570-85F2-2C878659EBFD}.Debug|Any CPU.Build.0 = Debug|Any CPU
		{C35C0F20-DBFA-4570-85F2-2C878659EBFD}.Release|Any CPU.ActiveCfg = Release|Any CPU
		{C35C0F20-DBFA-4570-85F2-2C878659EBFD}.Release|Any CPU.Build.0 = Release|Any CPU
		{92A60BCE-7D1D-4CBA-BFC0-761D5AC784B5}.Debug|Any CPU.ActiveCfg = Debug|Any CPU
		{92A60BCE-7D1D-4CBA-BFC0-761D5AC784B5}.Debug|Any CPU.Build.0 = Debug|Any CPU
		{92A60BCE-7D1D-4CBA-BFC0-761D5AC784B5}.Release|Any CPU.ActiveCfg = Release|Any CPU
		{92A60BCE-7D1D-4CBA-BFC0-761D5AC784B5}.Release|Any CPU.Build.0 = Release|Any CPU
		{83C0144D-CDFE-4F83-A17A-9DD7BC46057A}.Debug|Any CPU.ActiveCfg = Debug|Any CPU
		{83C0144D-CDFE-4F83-A17A-9DD7BC46057A}.Debug|Any CPU.Build.0 = Debug|Any CPU
		{83C0144D-CDFE-4F83-A17A-9DD7BC46057A}.Release|Any CPU.ActiveCfg = Release|Any CPU
		{83C0144D-CDFE-4F83-A17A-9DD7BC46057A}.Release|Any CPU.Build.0 = Release|Any CPU
		{B3E78E53-5D9C-4886-88F0-0E29C8FA6F75}.Debug|Any CPU.ActiveCfg = Debug|Any CPU
		{B3E78E53-5D9C-4886-88F0-0E29C8FA6F75}.Debug|Any CPU.Build.0 = Debug|Any CPU
		{B3E78E53-5D9C-4886-88F0-0E29C8FA6F75}.Release|Any CPU.ActiveCfg = Release|Any CPU
		{B3E78E53-5D9C-4886-88F0-0E29C8FA6F75}.Release|Any CPU.Build.0 = Release|Any CPU
		{80706CE5-BE2D-4D52-8118-8C5581B7B210}.Debug|Any CPU.ActiveCfg = Debug|Any CPU
		{80706CE5-BE2D-4D52-8118-8C5581B7B210}.Debug|Any CPU.Build.0 = Debug|Any CPU
		{80706CE5-BE2D-4D52-8118-8C5581B7B210}.Release|Any CPU.ActiveCfg = Release|Any CPU
		{80706CE5-BE2D-4D52-8118-8C5581B7B210}.Release|Any CPU.Build.0 = Release|Any CPU
	EndGlobalSection
	GlobalSection(SolutionProperties) = preSolution
		HideSolutionNode = FALSE
	EndGlobalSection
	GlobalSection(NestedProjects) = preSolution
		{C35C0F20-DBFA-4570-85F2-2C878659EBFD} = {CED86EF0-2C69-4C22-A6A3-9B9C2A5296CF}
		{92A60BCE-7D1D-4CBA-BFC0-761D5AC784B5} = {CED86EF0-2C69-4C22-A6A3-9B9C2A5296CF}
		{83C0144D-CDFE-4F83-A17A-9DD7BC46057A} = {CED86EF0-2C69-4C22-A6A3-9B9C2A5296CF}
		{B3E78E53-5D9C-4886-88F0-0E29C8FA6F75} = {CED86EF0-2C69-4C22-A6A3-9B9C2A5296CF}
		{80706CE5-BE2D-4D52-8118-8C5581B7B210} = {CED86EF0-2C69-4C22-A6A3-9B9C2A5296CF}
	EndGlobalSection
	GlobalSection(ExtensibilityGlobals) = postSolution
		SolutionGuid = {385D6690-DCAF-4266-80C7-0D7D4952253D}
	EndGlobalSection
EndGlobal
