
Microsoft Visual Studio Solution File, Format Version 12.00
# Visual Studio Version 17
VisualStudioVersion = 17.5.33209.295
MinimumVisualStudioVersion = 10.0.40219.1
Project("{2150E333-8FDC-42A3-9474-1A3956D46DE8}") = "modules", "modules", "{334C2CC9-4833-4DEA-833A-8D5FD88961B3}"
EndProject
Project("{2150E333-8FDC-42A3-9474-1A3956D46DE8}") = "enumeration", "enumeration", "{1E901614-D24D-4AF8-B020-D2B97662FB57}"
EndProject
Project("{2150E333-8FDC-42A3-9474-1A3956D46DE8}") = "src", "src", "{E5806CB8-AE4C-4271-934C-494EB57B80E5}"
EndProject
Project("{9A19103F-16F7-4668-BE54-9A1E7A4F7556}") = "Generic.Abp.Enumeration.Application.Contracts", "modules\enumeration\src\Generic.Abp.Enumeration.Application.Contracts\Generic.Abp.Enumeration.Application.Contracts.csproj", "{B73EDE1D-AF03-40BD-875D-8A1A5CA7C034}"
EndProject
Project("{9A19103F-16F7-4668-BE54-9A1E7A4F7556}") = "Generic.Abp.Enumeration.Domain.Shared", "modules\enumeration\src\Generic.Abp.Enumeration.Domain.Shared\Generic.Abp.Enumeration.Domain.Shared.csproj", "{1F9F020D-CC80-454D-A82A-9C97B1E8A01C}"
EndProject
Project("{9A19103F-16F7-4668-BE54-9A1E7A4F7556}") = "Generic.Abp.Enumeration.Application", "modules\enumeration\src\Generic.Abp.Enumeration.Application\Generic.Abp.Enumeration.Application.csproj", "{9008A54C-E9BF-49E4-BA75-007DE84D68E0}"
EndProject
Project("{9A19103F-16F7-4668-BE54-9A1E7A4F7556}") = "Generic.Abp.Enumeration.HttpApi", "modules\enumeration\src\Generic.Abp.Enumeration.HttpApi\Generic.Abp.Enumeration.HttpApi.csproj", "{17A1F049-AE18-4EF4-A643-D7CB1404EF41}"
EndProject
Project("{2150E333-8FDC-42A3-9474-1A3956D46DE8}") = "extmenu", "extmenu", "{0CC0CF65-C1F8-443C-80B0-F625D8690689}"
EndProject
Project("{2150E333-8FDC-42A3-9474-1A3956D46DE8}") = "extresource", "extresource", "{34045882-DA98-4B8E-BAAD-081C06A0718C}"
EndProject
Project("{2150E333-8FDC-42A3-9474-1A3956D46DE8}") = "helper", "helper", "{DD782BC9-B981-44E3-B0D7-98A05F64DD30}"
EndProject
Project("{2150E333-8FDC-42A3-9474-1A3956D46DE8}") = "texttemplate", "texttemplate", "{F4C889C2-CEB7-44A3-8F45-73EC9DD7597C}"
EndProject
Project("{2150E333-8FDC-42A3-9474-1A3956D46DE8}") = "src", "src", "{DA2A8974-8E01-4F82-B2B8-2969A8D388C0}"
EndProject
Project("{9A19103F-16F7-4668-BE54-9A1E7A4F7556}") = "Generic.Abp.TextTemplate", "modules\texttemplate\src\Generic.Abp.TextTemplate\Generic.Abp.TextTemplate.csproj", "{74C4C067-613E-4262-B067-237D6A5FC89E}"
EndProject
Project("{2150E333-8FDC-42A3-9474-1A3956D46DE8}") = "src", "src", "{94FC4EF8-3A57-4029-9C2C-811F62FBF035}"
EndProject
Project("{9A19103F-16F7-4668-BE54-9A1E7A4F7556}") = "Generic.Abp.Helper.File", "modules\helper\src\Generic.Abp.Helper.File\Generic.Abp.Helper.File.csproj", "{A3A59A47-3B1E-48E1-A711-94E1542A57C5}"
EndProject
Project("{2150E333-8FDC-42A3-9474-1A3956D46DE8}") = "src", "src", "{7144CCA5-53BF-499C-A8F9-9C95D21DE3F5}"
EndProject
Project("{9A19103F-16F7-4668-BE54-9A1E7A4F7556}") = "Generic.Abp.ExtResource.Application.Contracts", "modules\extresource\src\Generic.Abp.ExtResource.Application.Contracts\Generic.Abp.ExtResource.Application.Contracts.csproj", "{623008E3-08F0-462C-9469-8D632DCFF473}"
EndProject
Project("{2150E333-8FDC-42A3-9474-1A3956D46DE8}") = "src", "src", "{29309B0F-1773-4904-8403-96C495D70B80}"
EndProject
Project("{9A19103F-16F7-4668-BE54-9A1E7A4F7556}") = "Generic.Abp.ExtMenu.Application.Contracts", "modules\extmenu\src\Generic.Abp.ExtMenu.Application.Contracts\Generic.Abp.ExtMenu.Application.Contracts.csproj", "{ECE09E9D-1607-491E-ACD6-A66DFE820845}"
EndProject
Project("{9A19103F-16F7-4668-BE54-9A1E7A4F7556}") = "Generic.Abp.ExtMenu.Application", "modules\extmenu\src\Generic.Abp.ExtMenu.Application\Generic.Abp.ExtMenu.Application.csproj", "{DFF6033E-C5B9-462D-BF6C-711766EECFB8}"
EndProject
Project("{9A19103F-16F7-4668-BE54-9A1E7A4F7556}") = "Generic.Abp.ExtMenu.HttpApi", "modules\extmenu\src\Generic.Abp.ExtMenu.HttpApi\Generic.Abp.ExtMenu.HttpApi.csproj", "{F818955A-91CC-496A-8035-242B67711143}"
EndProject
Project("{2150E333-8FDC-42A3-9474-1A3956D46DE8}") = "w2ui", "w2ui", "{65E00692-1405-488F-920D-DE93CAE1EC0A}"
EndProject
Project("{2150E333-8FDC-42A3-9474-1A3956D46DE8}") = "src", "src", "{A60D4828-F16D-4772-97C0-5A0E3B79D49E}"
EndProject
Project("{9A19103F-16F7-4668-BE54-9A1E7A4F7556}") = "Generic.Abp.W2Ui", "modules\w2ui\src\Generic.Abp.W2Ui\Generic.Abp.W2Ui.csproj", "{46936C96-A194-44A5-B861-BEE7FE8096E6}"
EndProject
Project("{2150E333-8FDC-42A3-9474-1A3956D46DE8}") = "application", "application", "{31B32C4B-52DF-4F12-A1E9-A4F6DAE94A66}"
EndProject
Project("{2150E333-8FDC-42A3-9474-1A3956D46DE8}") = "src", "src", "{6D72BF30-5765-4809-822D-53AD3661504A}"
EndProject
Project("{9A19103F-16F7-4668-BE54-9A1E7A4F7556}") = "Generic.Abp.Application", "modules\application\src\Generic.Abp.Application\Generic.Abp.Application.csproj", "{205882E3-3D47-4F20-898A-5BB56F0D978A}"
EndProject
Project("{2150E333-8FDC-42A3-9474-1A3956D46DE8}") = "businessexception", "businessexception", "{70EC2C21-4FC5-4069-B6C7-C511E66C24D7}"
EndProject
Project("{2150E333-8FDC-42A3-9474-1A3956D46DE8}") = "src", "src", "{62551013-DA95-4A55-9D77-12A7DEB608B1}"
EndProject
Project("{9A19103F-16F7-4668-BE54-9A1E7A4F7556}") = "Generic.Abp.BusinessException", "modules\businessexception\src\Generic.Abp.BusinessException\Generic.Abp.BusinessException.csproj", "{97BF3517-1491-4F68-857D-1C922E6C7379}"
EndProject
Project("{2150E333-8FDC-42A3-9474-1A3956D46DE8}") = "ddd", "ddd", "{BAA89BEE-C649-4539-A9AD-CD8D941865C0}"
EndProject
Project("{2150E333-8FDC-42A3-9474-1A3956D46DE8}") = "src", "src", "{BBB1511B-F6C7-4F50-A989-5692B20A6320}"
EndProject
Project("{9A19103F-16F7-4668-BE54-9A1E7A4F7556}") = "Generic.Abp.DDD.Domain", "modules\ddd\src\Generic.Abp.DDD.Domain\Generic.Abp.DDD.Domain.csproj", "{0CA7AECC-0178-4CB7-BC0B-4ECE83129DE4}"
EndProject
Project("{9A19103F-16F7-4668-BE54-9A1E7A4F7556}") = "Generic.Abp.DDD.Domain.Shared", "modules\ddd\src\Generic.Abp.DDD.Domain.Shared\Generic.Abp.DDD.Domain.Shared.csproj", "{A5623C3E-B577-4FF6-B36D-B27055FE79AE}"
EndProject
Project("{2150E333-8FDC-42A3-9474-1A3956D46DE8}") = "applications", "applications", "{BBDC2C76-DC4F-4818-9E47-6F519C36B04A}"
EndProject
Project("{2150E333-8FDC-42A3-9474-1A3956D46DE8}") = "demo", "demo", "{DBF81CEF-FB48-4A43-A95E-B2B23E00D292}"
EndProject
Project("{9A19103F-16F7-4668-BE54-9A1E7A4F7556}") = "Generic.Abp.Demo.Application", "demo\Generic.Abp.Demo\src\Generic.Abp.Demo.Application\Generic.Abp.Demo.Application.csproj", "{74386A81-D411-4105-B08F-3F0BAD75BA9E}"
EndProject
Project("{9A19103F-16F7-4668-BE54-9A1E7A4F7556}") = "Generic.Abp.Demo.Application.Contracts", "demo\Generic.Abp.Demo\src\Generic.Abp.Demo.Application.Contracts\Generic.Abp.Demo.Application.Contracts.csproj", "{B482A360-69D5-4544-81E6-C84E42FF9A56}"
EndProject
Project("{9A19103F-16F7-4668-BE54-9A1E7A4F7556}") = "Generic.Abp.Demo.DbMigrator", "demo\Generic.Abp.Demo\src\Generic.Abp.Demo.DbMigrator\Generic.Abp.Demo.DbMigrator.csproj", "{88004641-9C6C-4FD9-AF7D-8A25FBAA0AEF}"
EndProject
Project("{9A19103F-16F7-4668-BE54-9A1E7A4F7556}") = "Generic.Abp.Demo.Domain", "demo\Generic.Abp.Demo\src\Generic.Abp.Demo.Domain\Generic.Abp.Demo.Domain.csproj", "{CB8205EC-64CB-485F-AE1C-471005190EBD}"
EndProject
Project("{9A19103F-16F7-4668-BE54-9A1E7A4F7556}") = "Generic.Abp.Demo.Domain.Shared", "demo\Generic.Abp.Demo\src\Generic.Abp.Demo.Domain.Shared\Generic.Abp.Demo.Domain.Shared.csproj", "{3D7C4BED-BA4E-493A-BC45-9BC1668909EF}"
EndProject
Project("{9A19103F-16F7-4668-BE54-9A1E7A4F7556}") = "Generic.Abp.Demo.EntityFrameworkCore", "demo\Generic.Abp.Demo\src\Generic.Abp.Demo.EntityFrameworkCore\Generic.Abp.Demo.EntityFrameworkCore.csproj", "{13C69A6C-65F1-48C5-83A8-A69E3529FCD4}"
EndProject
Project("{9A19103F-16F7-4668-BE54-9A1E7A4F7556}") = "Generic.Abp.Demo.HttpApi", "demo\Generic.Abp.Demo\src\Generic.Abp.Demo.HttpApi\Generic.Abp.Demo.HttpApi.csproj", "{D7DB042F-F197-48C0-86D0-8B2C05BD0152}"
EndProject
Project("{9A19103F-16F7-4668-BE54-9A1E7A4F7556}") = "Generic.Abp.Demo.HttpApi.Client", "demo\Generic.Abp.Demo\src\Generic.Abp.Demo.HttpApi.Client\Generic.Abp.Demo.HttpApi.Client.csproj", "{DDE29885-7910-4150-AC0A-C7972E45C539}"
EndProject
Project("{9A19103F-16F7-4668-BE54-9A1E7A4F7556}") = "Generic.Abp.Demo.Web", "demo\Generic.Abp.Demo\src\Generic.Abp.Demo.Web\Generic.Abp.Demo.Web.csproj", "{2391E8DE-E652-44CA-93EF-FABD404A6447}"
EndProject
Project("{2150E333-8FDC-42A3-9474-1A3956D46DE8}") = "identity", "identity", "{2A0D57ED-8256-43AD-B7EB-E82DDC4F2EF6}"
EndProject
Project("{2150E333-8FDC-42A3-9474-1A3956D46DE8}") = "IdentityServer", "IdentityServer", "{06D4F0BC-91E5-4583-B260-56CAF2DAC8E3}"
EndProject
Project("{2150E333-8FDC-42A3-9474-1A3956D46DE8}") = "src", "src", "{6E5E9D6F-39D9-4BA7-920C-07A4443D2FD1}"
EndProject
Project("{2150E333-8FDC-42A3-9474-1A3956D46DE8}") = "src", "src", "{59AB868A-4EE5-4C3A-86B3-FA94411CB1B9}"
EndProject
Project("{9A19103F-16F7-4668-BE54-9A1E7A4F7556}") = "Generic.Abp.Identity.Application", "modules\identity\src\Generic.Abp.Identity.Application\Generic.Abp.Identity.Application.csproj", "{1477A133-D2B8-4764-8AE8-8DE7DE01ED48}"
EndProject
Project("{9A19103F-16F7-4668-BE54-9A1E7A4F7556}") = "Generic.Abp.Identity.Application.Contracts", "modules\identity\src\Generic.Abp.Identity.Application.Contracts\Generic.Abp.Identity.Application.Contracts.csproj", "{785CB844-9D75-453B-AC39-354F25542C40}"
EndProject
Project("{9A19103F-16F7-4668-BE54-9A1E7A4F7556}") = "Generic.Abp.Identity.Domain", "modules\identity\src\Generic.Abp.Identity.Domain\Generic.Abp.Identity.Domain.csproj", "{67DB9B0A-293D-4C25-B5FB-C7E0EE71758C}"
EndProject
Project("{9A19103F-16F7-4668-BE54-9A1E7A4F7556}") = "Generic.Abp.Identity.Domain.Shared", "modules\identity\src\Generic.Abp.Identity.Domain.Shared\Generic.Abp.Identity.Domain.Shared.csproj", "{22B6DAFB-C630-40F9-9828-958BC2344D41}"
EndProject
Project("{9A19103F-16F7-4668-BE54-9A1E7A4F7556}") = "Generic.Abp.Identity.EntityFrameworkCore", "modules\identity\src\Generic.Abp.Identity.EntityFrameworkCore\Generic.Abp.Identity.EntityFrameworkCore.csproj", "{D790E292-36B3-4C46-BF63-65C8972FD9D1}"
EndProject
Project("{9A19103F-16F7-4668-BE54-9A1E7A4F7556}") = "Generic.Abp.Identity.HttpApi", "modules\identity\src\Generic.Abp.Identity.HttpApi\Generic.Abp.Identity.HttpApi.csproj", "{06E5199F-1E0C-4EF5-A86F-F50B4A8B6857}"
EndProject
Project("{9A19103F-16F7-4668-BE54-9A1E7A4F7556}") = "Generic.Abp.IdentityServer.Application.Contracts", "modules\IdentityServer\src\Generic.Abp.IdentityServer.Application.Contracts\Generic.Abp.IdentityServer.Application.Contracts.csproj", "{04DF0900-FC00-464E-B84E-BA8774895400}"
EndProject
Project("{9A19103F-16F7-4668-BE54-9A1E7A4F7556}") = "Generic.Abp.IdentityServer.Domain.Shared", "modules\IdentityServer\src\Generic.Abp.IdentityServer.Domain.Shared\Generic.Abp.IdentityServer.Domain.Shared.csproj", "{2011143B-9196-41D9-ABC6-27E3EA5A5463}"
EndProject
Project("{9A19103F-16F7-4668-BE54-9A1E7A4F7556}") = "Generic.Abp.IdentityServer.HttpApi", "modules\IdentityServer\src\Generic.Abp.IdentityServer.HttpApi\Generic.Abp.IdentityServer.HttpApi.csproj", "{994EE8B5-6DED-4698-B4B9-D53178DC8BFA}"
EndProject
Project("{9A19103F-16F7-4668-BE54-9A1E7A4F7556}") = "Generic.Abp.IdentityServer.Web", "modules\IdentityServer\src\Generic.Abp.IdentityServer.Web\Generic.Abp.IdentityServer.Web.csproj", "{83F5F0C5-B3A1-4F6A-ACA3-EF20BE1EF4DC}"
EndProject
Project("{9A19103F-16F7-4668-BE54-9A1E7A4F7556}") = "Generic.Abp.ExtResource.Application", "modules\extresource\src\Generic.Abp.ExtResource.Application\Generic.Abp.ExtResource.Application.csproj", "{EBF68C64-06AF-4BAB-863D-5554E87B8796}"
EndProject
Project("{9A19103F-16F7-4668-BE54-9A1E7A4F7556}") = "Generic.Abp.ExtResource.HttpApi", "modules\extresource\src\Generic.Abp.ExtResource.HttpApi\Generic.Abp.ExtResource.HttpApi.csproj", "{E3711237-DDA3-4F87-BAD3-321D3755F6B6}"
EndProject
Project("{2150E333-8FDC-42A3-9474-1A3956D46DE8}") = "openiddict", "openiddict", "{D646D3E0-C42F-4780-92C4-2606E50CEF58}"
EndProject
Project("{9A19103F-16F7-4668-BE54-9A1E7A4F7556}") = "Generic.Abp.OpenIddict.Domain.Shared", "modules\openiddict\src\Generic.Abp.OpenIddict.Domain.Shared\Generic.Abp.OpenIddict.Domain.Shared.csproj", "{970FE4D2-F4EB-4C49-AB10-3D6E8F6978ED}"
EndProject
Project("{9A19103F-16F7-4668-BE54-9A1E7A4F7556}") = "Generic.Abp.OpenIddict.Application.Contracts", "modules\openiddict\src\Generic.Abp.OpenIddict.Application.Contracts\Generic.Abp.OpenIddict.Application.Contracts.csproj", "{43D506A7-C46C-4267-9C3D-A94928093F94}"
EndProject
Project("{9A19103F-16F7-4668-BE54-9A1E7A4F7556}") = "Generic.Abp.OpenIddict.Application", "modules\openiddict\src\Generic.Abp.OpenIddict.Application\Generic.Abp.OpenIddict.Application.csproj", "{333F5CE9-D78F-476B-B335-4E73261DE481}"
EndProject
Project("{9A19103F-16F7-4668-BE54-9A1E7A4F7556}") = "Generic.Abp.OpenIddict.HttpApi", "modules\openiddict\src\Generic.Abp.OpenIddict.HttpApi\Generic.Abp.OpenIddict.HttpApi.csproj", "{D61F4989-187C-41C0-852F-F6F7EE7AE15B}"
EndProject
Project("{9A19103F-16F7-4668-BE54-9A1E7A4F7556}") = "Generic.Abp.OpenIddict.Web", "modules\openiddict\src\Generic.Abp.OpenIddict.Web\Generic.Abp.OpenIddict.Web.csproj", "{11981E1D-37C5-458C-84CB-76A708ACB758}"
EndProject
Project("{9A19103F-16F7-4668-BE54-9A1E7A4F7556}") = "Generic.Abp.IdentityServer.Application", "modules\IdentityServer\src\Generic.Abp.IdentityServer.Application\Generic.Abp.IdentityServer.Application.csproj", "{E924DEB3-19B6-4695-B5D4-E5087F962434}"
EndProject
Project("{2150E333-8FDC-42A3-9474-1A3956D46DE8}") = "phonelogin", "phonelogin", "{CADC631A-5813-4936-893B-EB1419984319}"
EndProject
Project("{9A19103F-16F7-4668-BE54-9A1E7A4F7556}") = "Generic.Abp.PhoneLogin.Domain", "modules\phonelogin\src\Generic.Abp.PhoneLogin.Domain\Generic.Abp.PhoneLogin.Domain.csproj", "{63DB6D61-A9EA-40E7-A679-1882B03A761E}"
EndProject
Project("{9A19103F-16F7-4668-BE54-9A1E7A4F7556}") = "Generic.Abp.PhoneLogin.Domain.Shared", "modules\phonelogin\src\Generic.Abp.PhoneLogin.Domain.Shared\Generic.Abp.PhoneLogin.Domain.Shared.csproj", "{001E62D6-153B-4777-B247-8E5B6BBEC6DC}"
EndProject
Project("{9A19103F-16F7-4668-BE54-9A1E7A4F7556}") = "Generic.Abp.PhoneLogin.Account.Web", "modules\phonelogin\src\Generic.Abp.PhoneLogin.Account.Web\Generic.Abp.PhoneLogin.Account.Web.csproj", "{3323FD39-75D1-4769-B042-2FD63E1DFD12}"
EndProject
Project("{9A19103F-16F7-4668-BE54-9A1E7A4F7556}") = "Generic.Abp.PhoneLogin.IdentityServer", "modules\phonelogin\src\Generic.Abp.PhoneLogin.IdentityServer\Generic.Abp.PhoneLogin.IdentityServer.csproj", "{6858C9C5-0D7C-47F8-9025-E2F00F9EB7A3}"
EndProject
Project("{9A19103F-16F7-4668-BE54-9A1E7A4F7556}") = "Generic.Abp.PhoneLogin.OpenIddict.AspNetCore", "modules\phonelogin\src\Generic.Abp.PhoneLogin.OpenIddict.AspNetCore\Generic.Abp.PhoneLogin.OpenIddict.AspNetCore.csproj", "{13CA9A34-3471-4C2B-AA57-3BC03C8C42CF}"
EndProject
Project("{9A19103F-16F7-4668-BE54-9A1E7A4F7556}") = "Generic.Abp.PhoneLogin.Web.IdentityServer", "modules\phonelogin\src\Generic.Abp.PhoneLogin.Web.IdentityServer\Generic.Abp.PhoneLogin.Web.IdentityServer.csproj", "{B3C89604-665E-45DD-9A07-63E6A1713216}"
EndProject
Global
	GlobalSection(SolutionConfigurationPlatforms) = preSolution
		Debug|Any CPU = Debug|Any CPU
		Debug|x64 = Debug|x64
		Debug|x86 = Debug|x86
		Release|Any CPU = Release|Any CPU
		Release|x64 = Release|x64
		Release|x86 = Release|x86
	EndGlobalSection
	GlobalSection(ProjectConfigurationPlatforms) = postSolution
		{B73EDE1D-AF03-40BD-875D-8A1A5CA7C034}.Debug|Any CPU.ActiveCfg = Debug|Any CPU
		{B73EDE1D-AF03-40BD-875D-8A1A5CA7C034}.Debug|Any CPU.Build.0 = Debug|Any CPU
		{B73EDE1D-AF03-40BD-875D-8A1A5CA7C034}.Debug|x64.ActiveCfg = Debug|Any CPU
		{B73EDE1D-AF03-40BD-875D-8A1A5CA7C034}.Debug|x64.Build.0 = Debug|Any CPU
		{B73EDE1D-AF03-40BD-875D-8A1A5CA7C034}.Debug|x86.ActiveCfg = Debug|Any CPU
		{B73EDE1D-AF03-40BD-875D-8A1A5CA7C034}.Debug|x86.Build.0 = Debug|Any CPU
		{B73EDE1D-AF03-40BD-875D-8A1A5CA7C034}.Release|Any CPU.ActiveCfg = Release|Any CPU
		{B73EDE1D-AF03-40BD-875D-8A1A5CA7C034}.Release|Any CPU.Build.0 = Release|Any CPU
		{B73EDE1D-AF03-40BD-875D-8A1A5CA7C034}.Release|x64.ActiveCfg = Release|Any CPU
		{B73EDE1D-AF03-40BD-875D-8A1A5CA7C034}.Release|x64.Build.0 = Release|Any CPU
		{B73EDE1D-AF03-40BD-875D-8A1A5CA7C034}.Release|x86.ActiveCfg = Release|Any CPU
		{B73EDE1D-AF03-40BD-875D-8A1A5CA7C034}.Release|x86.Build.0 = Release|Any CPU
		{1F9F020D-CC80-454D-A82A-9C97B1E8A01C}.Debug|Any CPU.ActiveCfg = Debug|Any CPU
		{1F9F020D-CC80-454D-A82A-9C97B1E8A01C}.Debug|Any CPU.Build.0 = Debug|Any CPU
		{1F9F020D-CC80-454D-A82A-9C97B1E8A01C}.Debug|x64.ActiveCfg = Debug|Any CPU
		{1F9F020D-CC80-454D-A82A-9C97B1E8A01C}.Debug|x64.Build.0 = Debug|Any CPU
		{1F9F020D-CC80-454D-A82A-9C97B1E8A01C}.Debug|x86.ActiveCfg = Debug|Any CPU
		{1F9F020D-CC80-454D-A82A-9C97B1E8A01C}.Debug|x86.Build.0 = Debug|Any CPU
		{1F9F020D-CC80-454D-A82A-9C97B1E8A01C}.Release|Any CPU.ActiveCfg = Release|Any CPU
		{1F9F020D-CC80-454D-A82A-9C97B1E8A01C}.Release|Any CPU.Build.0 = Release|Any CPU
		{1F9F020D-CC80-454D-A82A-9C97B1E8A01C}.Release|x64.ActiveCfg = Release|Any CPU
		{1F9F020D-CC80-454D-A82A-9C97B1E8A01C}.Release|x64.Build.0 = Release|Any CPU
		{1F9F020D-CC80-454D-A82A-9C97B1E8A01C}.Release|x86.ActiveCfg = Release|Any CPU
		{1F9F020D-CC80-454D-A82A-9C97B1E8A01C}.Release|x86.Build.0 = Release|Any CPU
		{9008A54C-E9BF-49E4-BA75-007DE84D68E0}.Debug|Any CPU.ActiveCfg = Debug|Any CPU
		{9008A54C-E9BF-49E4-BA75-007DE84D68E0}.Debug|Any CPU.Build.0 = Debug|Any CPU
		{9008A54C-E9BF-49E4-BA75-007DE84D68E0}.Debug|x64.ActiveCfg = Debug|Any CPU
		{9008A54C-E9BF-49E4-BA75-007DE84D68E0}.Debug|x64.Build.0 = Debug|Any CPU
		{9008A54C-E9BF-49E4-BA75-007DE84D68E0}.Debug|x86.ActiveCfg = Debug|Any CPU
		{9008A54C-E9BF-49E4-BA75-007DE84D68E0}.Debug|x86.Build.0 = Debug|Any CPU
		{9008A54C-E9BF-49E4-BA75-007DE84D68E0}.Release|Any CPU.ActiveCfg = Release|Any CPU
		{9008A54C-E9BF-49E4-BA75-007DE84D68E0}.Release|Any CPU.Build.0 = Release|Any CPU
		{9008A54C-E9BF-49E4-BA75-007DE84D68E0}.Release|x64.ActiveCfg = Release|Any CPU
		{9008A54C-E9BF-49E4-BA75-007DE84D68E0}.Release|x64.Build.0 = Release|Any CPU
		{9008A54C-E9BF-49E4-BA75-007DE84D68E0}.Release|x86.ActiveCfg = Release|Any CPU
		{9008A54C-E9BF-49E4-BA75-007DE84D68E0}.Release|x86.Build.0 = Release|Any CPU
		{17A1F049-AE18-4EF4-A643-D7CB1404EF41}.Debug|Any CPU.ActiveCfg = Debug|Any CPU
		{17A1F049-AE18-4EF4-A643-D7CB1404EF41}.Debug|Any CPU.Build.0 = Debug|Any CPU
		{17A1F049-AE18-4EF4-A643-D7CB1404EF41}.Debug|x64.ActiveCfg = Debug|Any CPU
		{17A1F049-AE18-4EF4-A643-D7CB1404EF41}.Debug|x64.Build.0 = Debug|Any CPU
		{17A1F049-AE18-4EF4-A643-D7CB1404EF41}.Debug|x86.ActiveCfg = Debug|Any CPU
		{17A1F049-AE18-4EF4-A643-D7CB1404EF41}.Debug|x86.Build.0 = Debug|Any CPU
		{17A1F049-AE18-4EF4-A643-D7CB1404EF41}.Release|Any CPU.ActiveCfg = Release|Any CPU
		{17A1F049-AE18-4EF4-A643-D7CB1404EF41}.Release|Any CPU.Build.0 = Release|Any CPU
		{17A1F049-AE18-4EF4-A643-D7CB1404EF41}.Release|x64.ActiveCfg = Release|Any CPU
		{17A1F049-AE18-4EF4-A643-D7CB1404EF41}.Release|x64.Build.0 = Release|Any CPU
		{17A1F049-AE18-4EF4-A643-D7CB1404EF41}.Release|x86.ActiveCfg = Release|Any CPU
		{17A1F049-AE18-4EF4-A643-D7CB1404EF41}.Release|x86.Build.0 = Release|Any CPU
		{74C4C067-613E-4262-B067-237D6A5FC89E}.Debug|Any CPU.ActiveCfg = Debug|Any CPU
		{74C4C067-613E-4262-B067-237D6A5FC89E}.Debug|Any CPU.Build.0 = Debug|Any CPU
		{74C4C067-613E-4262-B067-237D6A5FC89E}.Debug|x64.ActiveCfg = Debug|Any CPU
		{74C4C067-613E-4262-B067-237D6A5FC89E}.Debug|x64.Build.0 = Debug|Any CPU
		{74C4C067-613E-4262-B067-237D6A5FC89E}.Debug|x86.ActiveCfg = Debug|Any CPU
		{74C4C067-613E-4262-B067-237D6A5FC89E}.Debug|x86.Build.0 = Debug|Any CPU
		{74C4C067-613E-4262-B067-237D6A5FC89E}.Release|Any CPU.ActiveCfg = Release|Any CPU
		{74C4C067-613E-4262-B067-237D6A5FC89E}.Release|Any CPU.Build.0 = Release|Any CPU
		{74C4C067-613E-4262-B067-237D6A5FC89E}.Release|x64.ActiveCfg = Release|Any CPU
		{74C4C067-613E-4262-B067-237D6A5FC89E}.Release|x64.Build.0 = Release|Any CPU
		{74C4C067-613E-4262-B067-237D6A5FC89E}.Release|x86.ActiveCfg = Release|Any CPU
		{74C4C067-613E-4262-B067-237D6A5FC89E}.Release|x86.Build.0 = Release|Any CPU
		{A3A59A47-3B1E-48E1-A711-94E1542A57C5}.Debug|Any CPU.ActiveCfg = Debug|Any CPU
		{A3A59A47-3B1E-48E1-A711-94E1542A57C5}.Debug|Any CPU.Build.0 = Debug|Any CPU
		{A3A59A47-3B1E-48E1-A711-94E1542A57C5}.Debug|x64.ActiveCfg = Debug|Any CPU
		{A3A59A47-3B1E-48E1-A711-94E1542A57C5}.Debug|x64.Build.0 = Debug|Any CPU
		{A3A59A47-3B1E-48E1-A711-94E1542A57C5}.Debug|x86.ActiveCfg = Debug|Any CPU
		{A3A59A47-3B1E-48E1-A711-94E1542A57C5}.Debug|x86.Build.0 = Debug|Any CPU
		{A3A59A47-3B1E-48E1-A711-94E1542A57C5}.Release|Any CPU.ActiveCfg = Release|Any CPU
		{A3A59A47-3B1E-48E1-A711-94E1542A57C5}.Release|Any CPU.Build.0 = Release|Any CPU
		{A3A59A47-3B1E-48E1-A711-94E1542A57C5}.Release|x64.ActiveCfg = Release|Any CPU
		{A3A59A47-3B1E-48E1-A711-94E1542A57C5}.Release|x64.Build.0 = Release|Any CPU
		{A3A59A47-3B1E-48E1-A711-94E1542A57C5}.Release|x86.ActiveCfg = Release|Any CPU
		{A3A59A47-3B1E-48E1-A711-94E1542A57C5}.Release|x86.Build.0 = Release|Any CPU
		{623008E3-08F0-462C-9469-8D632DCFF473}.Debug|Any CPU.ActiveCfg = Debug|Any CPU
		{623008E3-08F0-462C-9469-8D632DCFF473}.Debug|Any CPU.Build.0 = Debug|Any CPU
		{623008E3-08F0-462C-9469-8D632DCFF473}.Debug|x64.ActiveCfg = Debug|Any CPU
		{623008E3-08F0-462C-9469-8D632DCFF473}.Debug|x64.Build.0 = Debug|Any CPU
		{623008E3-08F0-462C-9469-8D632DCFF473}.Debug|x86.ActiveCfg = Debug|Any CPU
		{623008E3-08F0-462C-9469-8D632DCFF473}.Debug|x86.Build.0 = Debug|Any CPU
		{623008E3-08F0-462C-9469-8D632DCFF473}.Release|Any CPU.ActiveCfg = Release|Any CPU
		{623008E3-08F0-462C-9469-8D632DCFF473}.Release|Any CPU.Build.0 = Release|Any CPU
		{623008E3-08F0-462C-9469-8D632DCFF473}.Release|x64.ActiveCfg = Release|Any CPU
		{623008E3-08F0-462C-9469-8D632DCFF473}.Release|x64.Build.0 = Release|Any CPU
		{623008E3-08F0-462C-9469-8D632DCFF473}.Release|x86.ActiveCfg = Release|Any CPU
		{623008E3-08F0-462C-9469-8D632DCFF473}.Release|x86.Build.0 = Release|Any CPU
		{ECE09E9D-1607-491E-ACD6-A66DFE820845}.Debug|Any CPU.ActiveCfg = Debug|Any CPU
		{ECE09E9D-1607-491E-ACD6-A66DFE820845}.Debug|Any CPU.Build.0 = Debug|Any CPU
		{ECE09E9D-1607-491E-ACD6-A66DFE820845}.Debug|x64.ActiveCfg = Debug|Any CPU
		{ECE09E9D-1607-491E-ACD6-A66DFE820845}.Debug|x64.Build.0 = Debug|Any CPU
		{ECE09E9D-1607-491E-ACD6-A66DFE820845}.Debug|x86.ActiveCfg = Debug|Any CPU
		{ECE09E9D-1607-491E-ACD6-A66DFE820845}.Debug|x86.Build.0 = Debug|Any CPU
		{ECE09E9D-1607-491E-ACD6-A66DFE820845}.Release|Any CPU.ActiveCfg = Release|Any CPU
		{ECE09E9D-1607-491E-ACD6-A66DFE820845}.Release|Any CPU.Build.0 = Release|Any CPU
		{ECE09E9D-1607-491E-ACD6-A66DFE820845}.Release|x64.ActiveCfg = Release|Any CPU
		{ECE09E9D-1607-491E-ACD6-A66DFE820845}.Release|x64.Build.0 = Release|Any CPU
		{ECE09E9D-1607-491E-ACD6-A66DFE820845}.Release|x86.ActiveCfg = Release|Any CPU
		{ECE09E9D-1607-491E-ACD6-A66DFE820845}.Release|x86.Build.0 = Release|Any CPU
		{DFF6033E-C5B9-462D-BF6C-711766EECFB8}.Debug|Any CPU.ActiveCfg = Debug|Any CPU
		{DFF6033E-C5B9-462D-BF6C-711766EECFB8}.Debug|Any CPU.Build.0 = Debug|Any CPU
		{DFF6033E-C5B9-462D-BF6C-711766EECFB8}.Debug|x64.ActiveCfg = Debug|Any CPU
		{DFF6033E-C5B9-462D-BF6C-711766EECFB8}.Debug|x64.Build.0 = Debug|Any CPU
		{DFF6033E-C5B9-462D-BF6C-711766EECFB8}.Debug|x86.ActiveCfg = Debug|Any CPU
		{DFF6033E-C5B9-462D-BF6C-711766EECFB8}.Debug|x86.Build.0 = Debug|Any CPU
		{DFF6033E-C5B9-462D-BF6C-711766EECFB8}.Release|Any CPU.ActiveCfg = Release|Any CPU
		{DFF6033E-C5B9-462D-BF6C-711766EECFB8}.Release|Any CPU.Build.0 = Release|Any CPU
		{DFF6033E-C5B9-462D-BF6C-711766EECFB8}.Release|x64.ActiveCfg = Release|Any CPU
		{DFF6033E-C5B9-462D-BF6C-711766EECFB8}.Release|x64.Build.0 = Release|Any CPU
		{DFF6033E-C5B9-462D-BF6C-711766EECFB8}.Release|x86.ActiveCfg = Release|Any CPU
		{DFF6033E-C5B9-462D-BF6C-711766EECFB8}.Release|x86.Build.0 = Release|Any CPU
		{F818955A-91CC-496A-8035-242B67711143}.Debug|Any CPU.ActiveCfg = Debug|Any CPU
		{F818955A-91CC-496A-8035-242B67711143}.Debug|Any CPU.Build.0 = Debug|Any CPU
		{F818955A-91CC-496A-8035-242B67711143}.Debug|x64.ActiveCfg = Debug|Any CPU
		{F818955A-91CC-496A-8035-242B67711143}.Debug|x64.Build.0 = Debug|Any CPU
		{F818955A-91CC-496A-8035-242B67711143}.Debug|x86.ActiveCfg = Debug|Any CPU
		{F818955A-91CC-496A-8035-242B67711143}.Debug|x86.Build.0 = Debug|Any CPU
		{F818955A-91CC-496A-8035-242B67711143}.Release|Any CPU.ActiveCfg = Release|Any CPU
		{F818955A-91CC-496A-8035-242B67711143}.Release|Any CPU.Build.0 = Release|Any CPU
		{F818955A-91CC-496A-8035-242B67711143}.Release|x64.ActiveCfg = Release|Any CPU
		{F818955A-91CC-496A-8035-242B67711143}.Release|x64.Build.0 = Release|Any CPU
		{F818955A-91CC-496A-8035-242B67711143}.Release|x86.ActiveCfg = Release|Any CPU
		{F818955A-91CC-496A-8035-242B67711143}.Release|x86.Build.0 = Release|Any CPU
		{46936C96-A194-44A5-B861-BEE7FE8096E6}.Debug|Any CPU.ActiveCfg = Debug|Any CPU
		{46936C96-A194-44A5-B861-BEE7FE8096E6}.Debug|Any CPU.Build.0 = Debug|Any CPU
		{46936C96-A194-44A5-B861-BEE7FE8096E6}.Debug|x64.ActiveCfg = Debug|Any CPU
		{46936C96-A194-44A5-B861-BEE7FE8096E6}.Debug|x64.Build.0 = Debug|Any CPU
		{46936C96-A194-44A5-B861-BEE7FE8096E6}.Debug|x86.ActiveCfg = Debug|Any CPU
		{46936C96-A194-44A5-B861-BEE7FE8096E6}.Debug|x86.Build.0 = Debug|Any CPU
		{46936C96-A194-44A5-B861-BEE7FE8096E6}.Release|Any CPU.ActiveCfg = Release|Any CPU
		{46936C96-A194-44A5-B861-BEE7FE8096E6}.Release|Any CPU.Build.0 = Release|Any CPU
		{46936C96-A194-44A5-B861-BEE7FE8096E6}.Release|x64.ActiveCfg = Release|Any CPU
		{46936C96-A194-44A5-B861-BEE7FE8096E6}.Release|x64.Build.0 = Release|Any CPU
		{46936C96-A194-44A5-B861-BEE7FE8096E6}.Release|x86.ActiveCfg = Release|Any CPU
		{46936C96-A194-44A5-B861-BEE7FE8096E6}.Release|x86.Build.0 = Release|Any CPU
		{205882E3-3D47-4F20-898A-5BB56F0D978A}.Debug|Any CPU.ActiveCfg = Debug|Any CPU
		{205882E3-3D47-4F20-898A-5BB56F0D978A}.Debug|Any CPU.Build.0 = Debug|Any CPU
		{205882E3-3D47-4F20-898A-5BB56F0D978A}.Debug|x64.ActiveCfg = Debug|Any CPU
		{205882E3-3D47-4F20-898A-5BB56F0D978A}.Debug|x64.Build.0 = Debug|Any CPU
		{205882E3-3D47-4F20-898A-5BB56F0D978A}.Debug|x86.ActiveCfg = Debug|Any CPU
		{205882E3-3D47-4F20-898A-5BB56F0D978A}.Debug|x86.Build.0 = Debug|Any CPU
		{205882E3-3D47-4F20-898A-5BB56F0D978A}.Release|Any CPU.ActiveCfg = Release|Any CPU
		{205882E3-3D47-4F20-898A-5BB56F0D978A}.Release|Any CPU.Build.0 = Release|Any CPU
		{205882E3-3D47-4F20-898A-5BB56F0D978A}.Release|x64.ActiveCfg = Release|Any CPU
		{205882E3-3D47-4F20-898A-5BB56F0D978A}.Release|x64.Build.0 = Release|Any CPU
		{205882E3-3D47-4F20-898A-5BB56F0D978A}.Release|x86.ActiveCfg = Release|Any CPU
		{205882E3-3D47-4F20-898A-5BB56F0D978A}.Release|x86.Build.0 = Release|Any CPU
		{97BF3517-1491-4F68-857D-1C922E6C7379}.Debug|Any CPU.ActiveCfg = Debug|Any CPU
		{97BF3517-1491-4F68-857D-1C922E6C7379}.Debug|Any CPU.Build.0 = Debug|Any CPU
		{97BF3517-1491-4F68-857D-1C922E6C7379}.Debug|x64.ActiveCfg = Debug|Any CPU
		{97BF3517-1491-4F68-857D-1C922E6C7379}.Debug|x64.Build.0 = Debug|Any CPU
		{97BF3517-1491-4F68-857D-1C922E6C7379}.Debug|x86.ActiveCfg = Debug|Any CPU
		{97BF3517-1491-4F68-857D-1C922E6C7379}.Debug|x86.Build.0 = Debug|Any CPU
		{97BF3517-1491-4F68-857D-1C922E6C7379}.Release|Any CPU.ActiveCfg = Release|Any CPU
		{97BF3517-1491-4F68-857D-1C922E6C7379}.Release|Any CPU.Build.0 = Release|Any CPU
		{97BF3517-1491-4F68-857D-1C922E6C7379}.Release|x64.ActiveCfg = Release|Any CPU
		{97BF3517-1491-4F68-857D-1C922E6C7379}.Release|x64.Build.0 = Release|Any CPU
		{97BF3517-1491-4F68-857D-1C922E6C7379}.Release|x86.ActiveCfg = Release|Any CPU
		{97BF3517-1491-4F68-857D-1C922E6C7379}.Release|x86.Build.0 = Release|Any CPU
		{0CA7AECC-0178-4CB7-BC0B-4ECE83129DE4}.Debug|Any CPU.ActiveCfg = Debug|Any CPU
		{0CA7AECC-0178-4CB7-BC0B-4ECE83129DE4}.Debug|Any CPU.Build.0 = Debug|Any CPU
		{0CA7AECC-0178-4CB7-BC0B-4ECE83129DE4}.Debug|x64.ActiveCfg = Debug|Any CPU
		{0CA7AECC-0178-4CB7-BC0B-4ECE83129DE4}.Debug|x64.Build.0 = Debug|Any CPU
		{0CA7AECC-0178-4CB7-BC0B-4ECE83129DE4}.Debug|x86.ActiveCfg = Debug|Any CPU
		{0CA7AECC-0178-4CB7-BC0B-4ECE83129DE4}.Debug|x86.Build.0 = Debug|Any CPU
		{0CA7AECC-0178-4CB7-BC0B-4ECE83129DE4}.Release|Any CPU.ActiveCfg = Release|Any CPU
		{0CA7AECC-0178-4CB7-BC0B-4ECE83129DE4}.Release|Any CPU.Build.0 = Release|Any CPU
		{0CA7AECC-0178-4CB7-BC0B-4ECE83129DE4}.Release|x64.ActiveCfg = Release|Any CPU
		{0CA7AECC-0178-4CB7-BC0B-4ECE83129DE4}.Release|x64.Build.0 = Release|Any CPU
		{0CA7AECC-0178-4CB7-BC0B-4ECE83129DE4}.Release|x86.ActiveCfg = Release|Any CPU
		{0CA7AECC-0178-4CB7-BC0B-4ECE83129DE4}.Release|x86.Build.0 = Release|Any CPU
		{A5623C3E-B577-4FF6-B36D-B27055FE79AE}.Debug|Any CPU.ActiveCfg = Debug|Any CPU
		{A5623C3E-B577-4FF6-B36D-B27055FE79AE}.Debug|Any CPU.Build.0 = Debug|Any CPU
		{A5623C3E-B577-4FF6-B36D-B27055FE79AE}.Debug|x64.ActiveCfg = Debug|Any CPU
		{A5623C3E-B577-4FF6-B36D-B27055FE79AE}.Debug|x64.Build.0 = Debug|Any CPU
		{A5623C3E-B577-4FF6-B36D-B27055FE79AE}.Debug|x86.ActiveCfg = Debug|Any CPU
		{A5623C3E-B577-4FF6-B36D-B27055FE79AE}.Debug|x86.Build.0 = Debug|Any CPU
		{A5623C3E-B577-4FF6-B36D-B27055FE79AE}.Release|Any CPU.ActiveCfg = Release|Any CPU
		{A5623C3E-B577-4FF6-B36D-B27055FE79AE}.Release|Any CPU.Build.0 = Release|Any CPU
		{A5623C3E-B577-4FF6-B36D-B27055FE79AE}.Release|x64.ActiveCfg = Release|Any CPU
		{A5623C3E-B577-4FF6-B36D-B27055FE79AE}.Release|x64.Build.0 = Release|Any CPU
		{A5623C3E-B577-4FF6-B36D-B27055FE79AE}.Release|x86.ActiveCfg = Release|Any CPU
		{A5623C3E-B577-4FF6-B36D-B27055FE79AE}.Release|x86.Build.0 = Release|Any CPU
		{74386A81-D411-4105-B08F-3F0BAD75BA9E}.Debug|Any CPU.ActiveCfg = Debug|Any CPU
		{74386A81-D411-4105-B08F-3F0BAD75BA9E}.Debug|Any CPU.Build.0 = Debug|Any CPU
		{74386A81-D411-4105-B08F-3F0BAD75BA9E}.Debug|x64.ActiveCfg = Debug|Any CPU
		{74386A81-D411-4105-B08F-3F0BAD75BA9E}.Debug|x64.Build.0 = Debug|Any CPU
		{74386A81-D411-4105-B08F-3F0BAD75BA9E}.Debug|x86.ActiveCfg = Debug|Any CPU
		{74386A81-D411-4105-B08F-3F0BAD75BA9E}.Debug|x86.Build.0 = Debug|Any CPU
		{74386A81-D411-4105-B08F-3F0BAD75BA9E}.Release|Any CPU.ActiveCfg = Release|Any CPU
		{74386A81-D411-4105-B08F-3F0BAD75BA9E}.Release|Any CPU.Build.0 = Release|Any CPU
		{74386A81-D411-4105-B08F-3F0BAD75BA9E}.Release|x64.ActiveCfg = Release|Any CPU
		{74386A81-D411-4105-B08F-3F0BAD75BA9E}.Release|x64.Build.0 = Release|Any CPU
		{74386A81-D411-4105-B08F-3F0BAD75BA9E}.Release|x86.ActiveCfg = Release|Any CPU
		{74386A81-D411-4105-B08F-3F0BAD75BA9E}.Release|x86.Build.0 = Release|Any CPU
		{B482A360-69D5-4544-81E6-C84E42FF9A56}.Debug|Any CPU.ActiveCfg = Debug|Any CPU
		{B482A360-69D5-4544-81E6-C84E42FF9A56}.Debug|Any CPU.Build.0 = Debug|Any CPU
		{B482A360-69D5-4544-81E6-C84E42FF9A56}.Debug|x64.ActiveCfg = Debug|Any CPU
		{B482A360-69D5-4544-81E6-C84E42FF9A56}.Debug|x64.Build.0 = Debug|Any CPU
		{B482A360-69D5-4544-81E6-C84E42FF9A56}.Debug|x86.ActiveCfg = Debug|Any CPU
		{B482A360-69D5-4544-81E6-C84E42FF9A56}.Debug|x86.Build.0 = Debug|Any CPU
		{B482A360-69D5-4544-81E6-C84E42FF9A56}.Release|Any CPU.ActiveCfg = Release|Any CPU
		{B482A360-69D5-4544-81E6-C84E42FF9A56}.Release|Any CPU.Build.0 = Release|Any CPU
		{B482A360-69D5-4544-81E6-C84E42FF9A56}.Release|x64.ActiveCfg = Release|Any CPU
		{B482A360-69D5-4544-81E6-C84E42FF9A56}.Release|x64.Build.0 = Release|Any CPU
		{B482A360-69D5-4544-81E6-C84E42FF9A56}.Release|x86.ActiveCfg = Release|Any CPU
		{B482A360-69D5-4544-81E6-C84E42FF9A56}.Release|x86.Build.0 = Release|Any CPU
		{88004641-9C6C-4FD9-AF7D-8A25FBAA0AEF}.Debug|Any CPU.ActiveCfg = Debug|Any CPU
		{88004641-9C6C-4FD9-AF7D-8A25FBAA0AEF}.Debug|Any CPU.Build.0 = Debug|Any CPU
		{88004641-9C6C-4FD9-AF7D-8A25FBAA0AEF}.Debug|x64.ActiveCfg = Debug|Any CPU
		{88004641-9C6C-4FD9-AF7D-8A25FBAA0AEF}.Debug|x64.Build.0 = Debug|Any CPU
		{88004641-9C6C-4FD9-AF7D-8A25FBAA0AEF}.Debug|x86.ActiveCfg = Debug|Any CPU
		{88004641-9C6C-4FD9-AF7D-8A25FBAA0AEF}.Debug|x86.Build.0 = Debug|Any CPU
		{88004641-9C6C-4FD9-AF7D-8A25FBAA0AEF}.Release|Any CPU.ActiveCfg = Release|Any CPU
		{88004641-9C6C-4FD9-AF7D-8A25FBAA0AEF}.Release|Any CPU.Build.0 = Release|Any CPU
		{88004641-9C6C-4FD9-AF7D-8A25FBAA0AEF}.Release|x64.ActiveCfg = Release|Any CPU
		{88004641-9C6C-4FD9-AF7D-8A25FBAA0AEF}.Release|x64.Build.0 = Release|Any CPU
		{88004641-9C6C-4FD9-AF7D-8A25FBAA0AEF}.Release|x86.ActiveCfg = Release|Any CPU
		{88004641-9C6C-4FD9-AF7D-8A25FBAA0AEF}.Release|x86.Build.0 = Release|Any CPU
		{CB8205EC-64CB-485F-AE1C-471005190EBD}.Debug|Any CPU.ActiveCfg = Debug|Any CPU
		{CB8205EC-64CB-485F-AE1C-471005190EBD}.Debug|Any CPU.Build.0 = Debug|Any CPU
		{CB8205EC-64CB-485F-AE1C-471005190EBD}.Debug|x64.ActiveCfg = Debug|Any CPU
		{CB8205EC-64CB-485F-AE1C-471005190EBD}.Debug|x64.Build.0 = Debug|Any CPU
		{CB8205EC-64CB-485F-AE1C-471005190EBD}.Debug|x86.ActiveCfg = Debug|Any CPU
		{CB8205EC-64CB-485F-AE1C-471005190EBD}.Debug|x86.Build.0 = Debug|Any CPU
		{CB8205EC-64CB-485F-AE1C-471005190EBD}.Release|Any CPU.ActiveCfg = Release|Any CPU
		{CB8205EC-64CB-485F-AE1C-471005190EBD}.Release|Any CPU.Build.0 = Release|Any CPU
		{CB8205EC-64CB-485F-AE1C-471005190EBD}.Release|x64.ActiveCfg = Release|Any CPU
		{CB8205EC-64CB-485F-AE1C-471005190EBD}.Release|x64.Build.0 = Release|Any CPU
		{CB8205EC-64CB-485F-AE1C-471005190EBD}.Release|x86.ActiveCfg = Release|Any CPU
		{CB8205EC-64CB-485F-AE1C-471005190EBD}.Release|x86.Build.0 = Release|Any CPU
		{3D7C4BED-BA4E-493A-BC45-9BC1668909EF}.Debug|Any CPU.ActiveCfg = Debug|Any CPU
		{3D7C4BED-BA4E-493A-BC45-9BC1668909EF}.Debug|Any CPU.Build.0 = Debug|Any CPU
		{3D7C4BED-BA4E-493A-BC45-9BC1668909EF}.Debug|x64.ActiveCfg = Debug|Any CPU
		{3D7C4BED-BA4E-493A-BC45-9BC1668909EF}.Debug|x64.Build.0 = Debug|Any CPU
		{3D7C4BED-BA4E-493A-BC45-9BC1668909EF}.Debug|x86.ActiveCfg = Debug|Any CPU
		{3D7C4BED-BA4E-493A-BC45-9BC1668909EF}.Debug|x86.Build.0 = Debug|Any CPU
		{3D7C4BED-BA4E-493A-BC45-9BC1668909EF}.Release|Any CPU.ActiveCfg = Release|Any CPU
		{3D7C4BED-BA4E-493A-BC45-9BC1668909EF}.Release|Any CPU.Build.0 = Release|Any CPU
		{3D7C4BED-BA4E-493A-BC45-9BC1668909EF}.Release|x64.ActiveCfg = Release|Any CPU
		{3D7C4BED-BA4E-493A-BC45-9BC1668909EF}.Release|x64.Build.0 = Release|Any CPU
		{3D7C4BED-BA4E-493A-BC45-9BC1668909EF}.Release|x86.ActiveCfg = Release|Any CPU
		{3D7C4BED-BA4E-493A-BC45-9BC1668909EF}.Release|x86.Build.0 = Release|Any CPU
		{13C69A6C-65F1-48C5-83A8-A69E3529FCD4}.Debug|Any CPU.ActiveCfg = Debug|Any CPU
		{13C69A6C-65F1-48C5-83A8-A69E3529FCD4}.Debug|Any CPU.Build.0 = Debug|Any CPU
		{13C69A6C-65F1-48C5-83A8-A69E3529FCD4}.Debug|x64.ActiveCfg = Debug|Any CPU
		{13C69A6C-65F1-48C5-83A8-A69E3529FCD4}.Debug|x64.Build.0 = Debug|Any CPU
		{13C69A6C-65F1-48C5-83A8-A69E3529FCD4}.Debug|x86.ActiveCfg = Debug|Any CPU
		{13C69A6C-65F1-48C5-83A8-A69E3529FCD4}.Debug|x86.Build.0 = Debug|Any CPU
		{13C69A6C-65F1-48C5-83A8-A69E3529FCD4}.Release|Any CPU.ActiveCfg = Release|Any CPU
		{13C69A6C-65F1-48C5-83A8-A69E3529FCD4}.Release|Any CPU.Build.0 = Release|Any CPU
		{13C69A6C-65F1-48C5-83A8-A69E3529FCD4}.Release|x64.ActiveCfg = Release|Any CPU
		{13C69A6C-65F1-48C5-83A8-A69E3529FCD4}.Release|x64.Build.0 = Release|Any CPU
		{13C69A6C-65F1-48C5-83A8-A69E3529FCD4}.Release|x86.ActiveCfg = Release|Any CPU
		{13C69A6C-65F1-48C5-83A8-A69E3529FCD4}.Release|x86.Build.0 = Release|Any CPU
		{D7DB042F-F197-48C0-86D0-8B2C05BD0152}.Debug|Any CPU.ActiveCfg = Debug|Any CPU
		{D7DB042F-F197-48C0-86D0-8B2C05BD0152}.Debug|Any CPU.Build.0 = Debug|Any CPU
		{D7DB042F-F197-48C0-86D0-8B2C05BD0152}.Debug|x64.ActiveCfg = Debug|Any CPU
		{D7DB042F-F197-48C0-86D0-8B2C05BD0152}.Debug|x64.Build.0 = Debug|Any CPU
		{D7DB042F-F197-48C0-86D0-8B2C05BD0152}.Debug|x86.ActiveCfg = Debug|Any CPU
		{D7DB042F-F197-48C0-86D0-8B2C05BD0152}.Debug|x86.Build.0 = Debug|Any CPU
		{D7DB042F-F197-48C0-86D0-8B2C05BD0152}.Release|Any CPU.ActiveCfg = Release|Any CPU
		{D7DB042F-F197-48C0-86D0-8B2C05BD0152}.Release|Any CPU.Build.0 = Release|Any CPU
		{D7DB042F-F197-48C0-86D0-8B2C05BD0152}.Release|x64.ActiveCfg = Release|Any CPU
		{D7DB042F-F197-48C0-86D0-8B2C05BD0152}.Release|x64.Build.0 = Release|Any CPU
		{D7DB042F-F197-48C0-86D0-8B2C05BD0152}.Release|x86.ActiveCfg = Release|Any CPU
		{D7DB042F-F197-48C0-86D0-8B2C05BD0152}.Release|x86.Build.0 = Release|Any CPU
		{DDE29885-7910-4150-AC0A-C7972E45C539}.Debug|Any CPU.ActiveCfg = Debug|Any CPU
		{DDE29885-7910-4150-AC0A-C7972E45C539}.Debug|Any CPU.Build.0 = Debug|Any CPU
		{DDE29885-7910-4150-AC0A-C7972E45C539}.Debug|x64.ActiveCfg = Debug|Any CPU
		{DDE29885-7910-4150-AC0A-C7972E45C539}.Debug|x64.Build.0 = Debug|Any CPU
		{DDE29885-7910-4150-AC0A-C7972E45C539}.Debug|x86.ActiveCfg = Debug|Any CPU
		{DDE29885-7910-4150-AC0A-C7972E45C539}.Debug|x86.Build.0 = Debug|Any CPU
		{DDE29885-7910-4150-AC0A-C7972E45C539}.Release|Any CPU.ActiveCfg = Release|Any CPU
		{DDE29885-7910-4150-AC0A-C7972E45C539}.Release|Any CPU.Build.0 = Release|Any CPU
		{DDE29885-7910-4150-AC0A-C7972E45C539}.Release|x64.ActiveCfg = Release|Any CPU
		{DDE29885-7910-4150-AC0A-C7972E45C539}.Release|x64.Build.0 = Release|Any CPU
		{DDE29885-7910-4150-AC0A-C7972E45C539}.Release|x86.ActiveCfg = Release|Any CPU
		{DDE29885-7910-4150-AC0A-C7972E45C539}.Release|x86.Build.0 = Release|Any CPU
		{2391E8DE-E652-44CA-93EF-FABD404A6447}.Debug|Any CPU.ActiveCfg = Debug|Any CPU
		{2391E8DE-E652-44CA-93EF-FABD404A6447}.Debug|Any CPU.Build.0 = Debug|Any CPU
		{2391E8DE-E652-44CA-93EF-FABD404A6447}.Debug|x64.ActiveCfg = Debug|Any CPU
		{2391E8DE-E652-44CA-93EF-FABD404A6447}.Debug|x64.Build.0 = Debug|Any CPU
		{2391E8DE-E652-44CA-93EF-FABD404A6447}.Debug|x86.ActiveCfg = Debug|Any CPU
		{2391E8DE-E652-44CA-93EF-FABD404A6447}.Debug|x86.Build.0 = Debug|Any CPU
		{2391E8DE-E652-44CA-93EF-FABD404A6447}.Release|Any CPU.ActiveCfg = Release|Any CPU
		{2391E8DE-E652-44CA-93EF-FABD404A6447}.Release|Any CPU.Build.0 = Release|Any CPU
		{2391E8DE-E652-44CA-93EF-FABD404A6447}.Release|x64.ActiveCfg = Release|Any CPU
		{2391E8DE-E652-44CA-93EF-FABD404A6447}.Release|x64.Build.0 = Release|Any CPU
		{2391E8DE-E652-44CA-93EF-FABD404A6447}.Release|x86.ActiveCfg = Release|Any CPU
		{2391E8DE-E652-44CA-93EF-FABD404A6447}.Release|x86.Build.0 = Release|Any CPU
		{1477A133-D2B8-4764-8AE8-8DE7DE01ED48}.Debug|Any CPU.ActiveCfg = Debug|Any CPU
		{1477A133-D2B8-4764-8AE8-8DE7DE01ED48}.Debug|Any CPU.Build.0 = Debug|Any CPU
		{1477A133-D2B8-4764-8AE8-8DE7DE01ED48}.Debug|x64.ActiveCfg = Debug|Any CPU
		{1477A133-D2B8-4764-8AE8-8DE7DE01ED48}.Debug|x64.Build.0 = Debug|Any CPU
		{1477A133-D2B8-4764-8AE8-8DE7DE01ED48}.Debug|x86.ActiveCfg = Debug|Any CPU
		{1477A133-D2B8-4764-8AE8-8DE7DE01ED48}.Debug|x86.Build.0 = Debug|Any CPU
		{1477A133-D2B8-4764-8AE8-8DE7DE01ED48}.Release|Any CPU.ActiveCfg = Release|Any CPU
		{1477A133-D2B8-4764-8AE8-8DE7DE01ED48}.Release|Any CPU.Build.0 = Release|Any CPU
		{1477A133-D2B8-4764-8AE8-8DE7DE01ED48}.Release|x64.ActiveCfg = Release|Any CPU
		{1477A133-D2B8-4764-8AE8-8DE7DE01ED48}.Release|x64.Build.0 = Release|Any CPU
		{1477A133-D2B8-4764-8AE8-8DE7DE01ED48}.Release|x86.ActiveCfg = Release|Any CPU
		{1477A133-D2B8-4764-8AE8-8DE7DE01ED48}.Release|x86.Build.0 = Release|Any CPU
		{785CB844-9D75-453B-AC39-354F25542C40}.Debug|Any CPU.ActiveCfg = Debug|Any CPU
		{785CB844-9D75-453B-AC39-354F25542C40}.Debug|Any CPU.Build.0 = Debug|Any CPU
		{785CB844-9D75-453B-AC39-354F25542C40}.Debug|x64.ActiveCfg = Debug|Any CPU
		{785CB844-9D75-453B-AC39-354F25542C40}.Debug|x64.Build.0 = Debug|Any CPU
		{785CB844-9D75-453B-AC39-354F25542C40}.Debug|x86.ActiveCfg = Debug|Any CPU
		{785CB844-9D75-453B-AC39-354F25542C40}.Debug|x86.Build.0 = Debug|Any CPU
		{785CB844-9D75-453B-AC39-354F25542C40}.Release|Any CPU.ActiveCfg = Release|Any CPU
		{785CB844-9D75-453B-AC39-354F25542C40}.Release|Any CPU.Build.0 = Release|Any CPU
		{785CB844-9D75-453B-AC39-354F25542C40}.Release|x64.ActiveCfg = Release|Any CPU
		{785CB844-9D75-453B-AC39-354F25542C40}.Release|x64.Build.0 = Release|Any CPU
		{785CB844-9D75-453B-AC39-354F25542C40}.Release|x86.ActiveCfg = Release|Any CPU
		{785CB844-9D75-453B-AC39-354F25542C40}.Release|x86.Build.0 = Release|Any CPU
		{67DB9B0A-293D-4C25-B5FB-C7E0EE71758C}.Debug|Any CPU.ActiveCfg = Debug|Any CPU
		{67DB9B0A-293D-4C25-B5FB-C7E0EE71758C}.Debug|Any CPU.Build.0 = Debug|Any CPU
		{67DB9B0A-293D-4C25-B5FB-C7E0EE71758C}.Debug|x64.ActiveCfg = Debug|Any CPU
		{67DB9B0A-293D-4C25-B5FB-C7E0EE71758C}.Debug|x64.Build.0 = Debug|Any CPU
		{67DB9B0A-293D-4C25-B5FB-C7E0EE71758C}.Debug|x86.ActiveCfg = Debug|Any CPU
		{67DB9B0A-293D-4C25-B5FB-C7E0EE71758C}.Debug|x86.Build.0 = Debug|Any CPU
		{67DB9B0A-293D-4C25-B5FB-C7E0EE71758C}.Release|Any CPU.ActiveCfg = Release|Any CPU
		{67DB9B0A-293D-4C25-B5FB-C7E0EE71758C}.Release|Any CPU.Build.0 = Release|Any CPU
		{67DB9B0A-293D-4C25-B5FB-C7E0EE71758C}.Release|x64.ActiveCfg = Release|Any CPU
		{67DB9B0A-293D-4C25-B5FB-C7E0EE71758C}.Release|x64.Build.0 = Release|Any CPU
		{67DB9B0A-293D-4C25-B5FB-C7E0EE71758C}.Release|x86.ActiveCfg = Release|Any CPU
		{67DB9B0A-293D-4C25-B5FB-C7E0EE71758C}.Release|x86.Build.0 = Release|Any CPU
		{22B6DAFB-C630-40F9-9828-958BC2344D41}.Debug|Any CPU.ActiveCfg = Debug|Any CPU
		{22B6DAFB-C630-40F9-9828-958BC2344D41}.Debug|Any CPU.Build.0 = Debug|Any CPU
		{22B6DAFB-C630-40F9-9828-958BC2344D41}.Debug|x64.ActiveCfg = Debug|Any CPU
		{22B6DAFB-C630-40F9-9828-958BC2344D41}.Debug|x64.Build.0 = Debug|Any CPU
		{22B6DAFB-C630-40F9-9828-958BC2344D41}.Debug|x86.ActiveCfg = Debug|Any CPU
		{22B6DAFB-C630-40F9-9828-958BC2344D41}.Debug|x86.Build.0 = Debug|Any CPU
		{22B6DAFB-C630-40F9-9828-958BC2344D41}.Release|Any CPU.ActiveCfg = Release|Any CPU
		{22B6DAFB-C630-40F9-9828-958BC2344D41}.Release|Any CPU.Build.0 = Release|Any CPU
		{22B6DAFB-C630-40F9-9828-958BC2344D41}.Release|x64.ActiveCfg = Release|Any CPU
		{22B6DAFB-C630-40F9-9828-958BC2344D41}.Release|x64.Build.0 = Release|Any CPU
		{22B6DAFB-C630-40F9-9828-958BC2344D41}.Release|x86.ActiveCfg = Release|Any CPU
		{22B6DAFB-C630-40F9-9828-958BC2344D41}.Release|x86.Build.0 = Release|Any CPU
		{D790E292-36B3-4C46-BF63-65C8972FD9D1}.Debug|Any CPU.ActiveCfg = Debug|Any CPU
		{D790E292-36B3-4C46-BF63-65C8972FD9D1}.Debug|Any CPU.Build.0 = Debug|Any CPU
		{D790E292-36B3-4C46-BF63-65C8972FD9D1}.Debug|x64.ActiveCfg = Debug|Any CPU
		{D790E292-36B3-4C46-BF63-65C8972FD9D1}.Debug|x64.Build.0 = Debug|Any CPU
		{D790E292-36B3-4C46-BF63-65C8972FD9D1}.Debug|x86.ActiveCfg = Debug|Any CPU
		{D790E292-36B3-4C46-BF63-65C8972FD9D1}.Debug|x86.Build.0 = Debug|Any CPU
		{D790E292-36B3-4C46-BF63-65C8972FD9D1}.Release|Any CPU.ActiveCfg = Release|Any CPU
		{D790E292-36B3-4C46-BF63-65C8972FD9D1}.Release|Any CPU.Build.0 = Release|Any CPU
		{D790E292-36B3-4C46-BF63-65C8972FD9D1}.Release|x64.ActiveCfg = Release|Any CPU
		{D790E292-36B3-4C46-BF63-65C8972FD9D1}.Release|x64.Build.0 = Release|Any CPU
		{D790E292-36B3-4C46-BF63-65C8972FD9D1}.Release|x86.ActiveCfg = Release|Any CPU
		{D790E292-36B3-4C46-BF63-65C8972FD9D1}.Release|x86.Build.0 = Release|Any CPU
		{06E5199F-1E0C-4EF5-A86F-F50B4A8B6857}.Debug|Any CPU.ActiveCfg = Debug|Any CPU
		{06E5199F-1E0C-4EF5-A86F-F50B4A8B6857}.Debug|Any CPU.Build.0 = Debug|Any CPU
		{06E5199F-1E0C-4EF5-A86F-F50B4A8B6857}.Debug|x64.ActiveCfg = Debug|Any CPU
		{06E5199F-1E0C-4EF5-A86F-F50B4A8B6857}.Debug|x64.Build.0 = Debug|Any CPU
		{06E5199F-1E0C-4EF5-A86F-F50B4A8B6857}.Debug|x86.ActiveCfg = Debug|Any CPU
		{06E5199F-1E0C-4EF5-A86F-F50B4A8B6857}.Debug|x86.Build.0 = Debug|Any CPU
		{06E5199F-1E0C-4EF5-A86F-F50B4A8B6857}.Release|Any CPU.ActiveCfg = Release|Any CPU
		{06E5199F-1E0C-4EF5-A86F-F50B4A8B6857}.Release|Any CPU.Build.0 = Release|Any CPU
		{06E5199F-1E0C-4EF5-A86F-F50B4A8B6857}.Release|x64.ActiveCfg = Release|Any CPU
		{06E5199F-1E0C-4EF5-A86F-F50B4A8B6857}.Release|x64.Build.0 = Release|Any CPU
		{06E5199F-1E0C-4EF5-A86F-F50B4A8B6857}.Release|x86.ActiveCfg = Release|Any CPU
		{06E5199F-1E0C-4EF5-A86F-F50B4A8B6857}.Release|x86.Build.0 = Release|Any CPU
		{04DF0900-FC00-464E-B84E-BA8774895400}.Debug|Any CPU.ActiveCfg = Debug|Any CPU
		{04DF0900-FC00-464E-B84E-BA8774895400}.Debug|Any CPU.Build.0 = Debug|Any CPU
		{04DF0900-FC00-464E-B84E-BA8774895400}.Debug|x64.ActiveCfg = Debug|Any CPU
		{04DF0900-FC00-464E-B84E-BA8774895400}.Debug|x64.Build.0 = Debug|Any CPU
		{04DF0900-FC00-464E-B84E-BA8774895400}.Debug|x86.ActiveCfg = Debug|Any CPU
		{04DF0900-FC00-464E-B84E-BA8774895400}.Debug|x86.Build.0 = Debug|Any CPU
		{04DF0900-FC00-464E-B84E-BA8774895400}.Release|Any CPU.ActiveCfg = Release|Any CPU
		{04DF0900-FC00-464E-B84E-BA8774895400}.Release|Any CPU.Build.0 = Release|Any CPU
		{04DF0900-FC00-464E-B84E-BA8774895400}.Release|x64.ActiveCfg = Release|Any CPU
		{04DF0900-FC00-464E-B84E-BA8774895400}.Release|x64.Build.0 = Release|Any CPU
		{04DF0900-FC00-464E-B84E-BA8774895400}.Release|x86.ActiveCfg = Release|Any CPU
		{04DF0900-FC00-464E-B84E-BA8774895400}.Release|x86.Build.0 = Release|Any CPU
		{2011143B-9196-41D9-ABC6-27E3EA5A5463}.Debug|Any CPU.ActiveCfg = Debug|Any CPU
		{2011143B-9196-41D9-ABC6-27E3EA5A5463}.Debug|Any CPU.Build.0 = Debug|Any CPU
		{2011143B-9196-41D9-ABC6-27E3EA5A5463}.Debug|x64.ActiveCfg = Debug|Any CPU
		{2011143B-9196-41D9-ABC6-27E3EA5A5463}.Debug|x64.Build.0 = Debug|Any CPU
		{2011143B-9196-41D9-ABC6-27E3EA5A5463}.Debug|x86.ActiveCfg = Debug|Any CPU
		{2011143B-9196-41D9-ABC6-27E3EA5A5463}.Debug|x86.Build.0 = Debug|Any CPU
		{2011143B-9196-41D9-ABC6-27E3EA5A5463}.Release|Any CPU.ActiveCfg = Release|Any CPU
		{2011143B-9196-41D9-ABC6-27E3EA5A5463}.Release|Any CPU.Build.0 = Release|Any CPU
		{2011143B-9196-41D9-ABC6-27E3EA5A5463}.Release|x64.ActiveCfg = Release|Any CPU
		{2011143B-9196-41D9-ABC6-27E3EA5A5463}.Release|x64.Build.0 = Release|Any CPU
		{2011143B-9196-41D9-ABC6-27E3EA5A5463}.Release|x86.ActiveCfg = Release|Any CPU
		{2011143B-9196-41D9-ABC6-27E3EA5A5463}.Release|x86.Build.0 = Release|Any CPU
		{994EE8B5-6DED-4698-B4B9-D53178DC8BFA}.Debug|Any CPU.ActiveCfg = Debug|Any CPU
		{994EE8B5-6DED-4698-B4B9-D53178DC8BFA}.Debug|Any CPU.Build.0 = Debug|Any CPU
		{994EE8B5-6DED-4698-B4B9-D53178DC8BFA}.Debug|x64.ActiveCfg = Debug|Any CPU
		{994EE8B5-6DED-4698-B4B9-D53178DC8BFA}.Debug|x64.Build.0 = Debug|Any CPU
		{994EE8B5-6DED-4698-B4B9-D53178DC8BFA}.Debug|x86.ActiveCfg = Debug|Any CPU
		{994EE8B5-6DED-4698-B4B9-D53178DC8BFA}.Debug|x86.Build.0 = Debug|Any CPU
		{994EE8B5-6DED-4698-B4B9-D53178DC8BFA}.Release|Any CPU.ActiveCfg = Release|Any CPU
		{994EE8B5-6DED-4698-B4B9-D53178DC8BFA}.Release|Any CPU.Build.0 = Release|Any CPU
		{994EE8B5-6DED-4698-B4B9-D53178DC8BFA}.Release|x64.ActiveCfg = Release|Any CPU
		{994EE8B5-6DED-4698-B4B9-D53178DC8BFA}.Release|x64.Build.0 = Release|Any CPU
		{994EE8B5-6DED-4698-B4B9-D53178DC8BFA}.Release|x86.ActiveCfg = Release|Any CPU
		{994EE8B5-6DED-4698-B4B9-D53178DC8BFA}.Release|x86.Build.0 = Release|Any CPU
		{83F5F0C5-B3A1-4F6A-ACA3-EF20BE1EF4DC}.Debug|Any CPU.ActiveCfg = Debug|Any CPU
		{83F5F0C5-B3A1-4F6A-ACA3-EF20BE1EF4DC}.Debug|Any CPU.Build.0 = Debug|Any CPU
		{83F5F0C5-B3A1-4F6A-ACA3-EF20BE1EF4DC}.Debug|x64.ActiveCfg = Debug|Any CPU
		{83F5F0C5-B3A1-4F6A-ACA3-EF20BE1EF4DC}.Debug|x64.Build.0 = Debug|Any CPU
		{83F5F0C5-B3A1-4F6A-ACA3-EF20BE1EF4DC}.Debug|x86.ActiveCfg = Debug|Any CPU
		{83F5F0C5-B3A1-4F6A-ACA3-EF20BE1EF4DC}.Debug|x86.Build.0 = Debug|Any CPU
		{83F5F0C5-B3A1-4F6A-ACA3-EF20BE1EF4DC}.Release|Any CPU.ActiveCfg = Release|Any CPU
		{83F5F0C5-B3A1-4F6A-ACA3-EF20BE1EF4DC}.Release|Any CPU.Build.0 = Release|Any CPU
		{83F5F0C5-B3A1-4F6A-ACA3-EF20BE1EF4DC}.Release|x64.ActiveCfg = Release|Any CPU
		{83F5F0C5-B3A1-4F6A-ACA3-EF20BE1EF4DC}.Release|x64.Build.0 = Release|Any CPU
		{83F5F0C5-B3A1-4F6A-ACA3-EF20BE1EF4DC}.Release|x86.ActiveCfg = Release|Any CPU
		{83F5F0C5-B3A1-4F6A-ACA3-EF20BE1EF4DC}.Release|x86.Build.0 = Release|Any CPU
		{EBF68C64-06AF-4BAB-863D-5554E87B8796}.Debug|Any CPU.ActiveCfg = Debug|Any CPU
		{EBF68C64-06AF-4BAB-863D-5554E87B8796}.Debug|Any CPU.Build.0 = Debug|Any CPU
		{EBF68C64-06AF-4BAB-863D-5554E87B8796}.Debug|x64.ActiveCfg = Debug|Any CPU
		{EBF68C64-06AF-4BAB-863D-5554E87B8796}.Debug|x64.Build.0 = Debug|Any CPU
		{EBF68C64-06AF-4BAB-863D-5554E87B8796}.Debug|x86.ActiveCfg = Debug|Any CPU
		{EBF68C64-06AF-4BAB-863D-5554E87B8796}.Debug|x86.Build.0 = Debug|Any CPU
		{EBF68C64-06AF-4BAB-863D-5554E87B8796}.Release|Any CPU.ActiveCfg = Release|Any CPU
		{EBF68C64-06AF-4BAB-863D-5554E87B8796}.Release|Any CPU.Build.0 = Release|Any CPU
		{EBF68C64-06AF-4BAB-863D-5554E87B8796}.Release|x64.ActiveCfg = Release|Any CPU
		{EBF68C64-06AF-4BAB-863D-5554E87B8796}.Release|x64.Build.0 = Release|Any CPU
		{EBF68C64-06AF-4BAB-863D-5554E87B8796}.Release|x86.ActiveCfg = Release|Any CPU
		{EBF68C64-06AF-4BAB-863D-5554E87B8796}.Release|x86.Build.0 = Release|Any CPU
		{E3711237-DDA3-4F87-BAD3-321D3755F6B6}.Debug|Any CPU.ActiveCfg = Debug|Any CPU
		{E3711237-DDA3-4F87-BAD3-321D3755F6B6}.Debug|Any CPU.Build.0 = Debug|Any CPU
		{E3711237-DDA3-4F87-BAD3-321D3755F6B6}.Debug|x64.ActiveCfg = Debug|Any CPU
		{E3711237-DDA3-4F87-BAD3-321D3755F6B6}.Debug|x64.Build.0 = Debug|Any CPU
		{E3711237-DDA3-4F87-BAD3-321D3755F6B6}.Debug|x86.ActiveCfg = Debug|Any CPU
		{E3711237-DDA3-4F87-BAD3-321D3755F6B6}.Debug|x86.Build.0 = Debug|Any CPU
		{E3711237-DDA3-4F87-BAD3-321D3755F6B6}.Release|Any CPU.ActiveCfg = Release|Any CPU
		{E3711237-DDA3-4F87-BAD3-321D3755F6B6}.Release|Any CPU.Build.0 = Release|Any CPU
		{E3711237-DDA3-4F87-BAD3-321D3755F6B6}.Release|x64.ActiveCfg = Release|Any CPU
		{E3711237-DDA3-4F87-BAD3-321D3755F6B6}.Release|x64.Build.0 = Release|Any CPU
		{E3711237-DDA3-4F87-BAD3-321D3755F6B6}.Release|x86.ActiveCfg = Release|Any CPU
		{E3711237-DDA3-4F87-BAD3-321D3755F6B6}.Release|x86.Build.0 = Release|Any CPU
		{970FE4D2-F4EB-4C49-AB10-3D6E8F6978ED}.Debug|Any CPU.ActiveCfg = Debug|Any CPU
		{970FE4D2-F4EB-4C49-AB10-3D6E8F6978ED}.Debug|Any CPU.Build.0 = Debug|Any CPU
		{970FE4D2-F4EB-4C49-AB10-3D6E8F6978ED}.Debug|x64.ActiveCfg = Debug|Any CPU
		{970FE4D2-F4EB-4C49-AB10-3D6E8F6978ED}.Debug|x64.Build.0 = Debug|Any CPU
		{970FE4D2-F4EB-4C49-AB10-3D6E8F6978ED}.Debug|x86.ActiveCfg = Debug|Any CPU
		{970FE4D2-F4EB-4C49-AB10-3D6E8F6978ED}.Debug|x86.Build.0 = Debug|Any CPU
		{970FE4D2-F4EB-4C49-AB10-3D6E8F6978ED}.Release|Any CPU.ActiveCfg = Release|Any CPU
		{970FE4D2-F4EB-4C49-AB10-3D6E8F6978ED}.Release|Any CPU.Build.0 = Release|Any CPU
		{970FE4D2-F4EB-4C49-AB10-3D6E8F6978ED}.Release|x64.ActiveCfg = Release|Any CPU
		{970FE4D2-F4EB-4C49-AB10-3D6E8F6978ED}.Release|x64.Build.0 = Release|Any CPU
		{970FE4D2-F4EB-4C49-AB10-3D6E8F6978ED}.Release|x86.ActiveCfg = Release|Any CPU
		{970FE4D2-F4EB-4C49-AB10-3D6E8F6978ED}.Release|x86.Build.0 = Release|Any CPU
		{43D506A7-C46C-4267-9C3D-A94928093F94}.Debug|Any CPU.ActiveCfg = Debug|Any CPU
		{43D506A7-C46C-4267-9C3D-A94928093F94}.Debug|Any CPU.Build.0 = Debug|Any CPU
		{43D506A7-C46C-4267-9C3D-A94928093F94}.Debug|x64.ActiveCfg = Debug|Any CPU
		{43D506A7-C46C-4267-9C3D-A94928093F94}.Debug|x64.Build.0 = Debug|Any CPU
		{43D506A7-C46C-4267-9C3D-A94928093F94}.Debug|x86.ActiveCfg = Debug|Any CPU
		{43D506A7-C46C-4267-9C3D-A94928093F94}.Debug|x86.Build.0 = Debug|Any CPU
		{43D506A7-C46C-4267-9C3D-A94928093F94}.Release|Any CPU.ActiveCfg = Release|Any CPU
		{43D506A7-C46C-4267-9C3D-A94928093F94}.Release|Any CPU.Build.0 = Release|Any CPU
		{43D506A7-C46C-4267-9C3D-A94928093F94}.Release|x64.ActiveCfg = Release|Any CPU
		{43D506A7-C46C-4267-9C3D-A94928093F94}.Release|x64.Build.0 = Release|Any CPU
		{43D506A7-C46C-4267-9C3D-A94928093F94}.Release|x86.ActiveCfg = Release|Any CPU
		{43D506A7-C46C-4267-9C3D-A94928093F94}.Release|x86.Build.0 = Release|Any CPU
		{333F5CE9-D78F-476B-B335-4E73261DE481}.Debug|Any CPU.ActiveCfg = Debug|Any CPU
		{333F5CE9-D78F-476B-B335-4E73261DE481}.Debug|Any CPU.Build.0 = Debug|Any CPU
		{333F5CE9-D78F-476B-B335-4E73261DE481}.Debug|x64.ActiveCfg = Debug|Any CPU
		{333F5CE9-D78F-476B-B335-4E73261DE481}.Debug|x64.Build.0 = Debug|Any CPU
		{333F5CE9-D78F-476B-B335-4E73261DE481}.Debug|x86.ActiveCfg = Debug|Any CPU
		{333F5CE9-D78F-476B-B335-4E73261DE481}.Debug|x86.Build.0 = Debug|Any CPU
		{333F5CE9-D78F-476B-B335-4E73261DE481}.Release|Any CPU.ActiveCfg = Release|Any CPU
		{333F5CE9-D78F-476B-B335-4E73261DE481}.Release|Any CPU.Build.0 = Release|Any CPU
		{333F5CE9-D78F-476B-B335-4E73261DE481}.Release|x64.ActiveCfg = Release|Any CPU
		{333F5CE9-D78F-476B-B335-4E73261DE481}.Release|x64.Build.0 = Release|Any CPU
		{333F5CE9-D78F-476B-B335-4E73261DE481}.Release|x86.ActiveCfg = Release|Any CPU
		{333F5CE9-D78F-476B-B335-4E73261DE481}.Release|x86.Build.0 = Release|Any CPU
		{D61F4989-187C-41C0-852F-F6F7EE7AE15B}.Debug|Any CPU.ActiveCfg = Debug|Any CPU
		{D61F4989-187C-41C0-852F-F6F7EE7AE15B}.Debug|Any CPU.Build.0 = Debug|Any CPU
		{D61F4989-187C-41C0-852F-F6F7EE7AE15B}.Debug|x64.ActiveCfg = Debug|Any CPU
		{D61F4989-187C-41C0-852F-F6F7EE7AE15B}.Debug|x64.Build.0 = Debug|Any CPU
		{D61F4989-187C-41C0-852F-F6F7EE7AE15B}.Debug|x86.ActiveCfg = Debug|Any CPU
		{D61F4989-187C-41C0-852F-F6F7EE7AE15B}.Debug|x86.Build.0 = Debug|Any CPU
		{D61F4989-187C-41C0-852F-F6F7EE7AE15B}.Release|Any CPU.ActiveCfg = Release|Any CPU
		{D61F4989-187C-41C0-852F-F6F7EE7AE15B}.Release|Any CPU.Build.0 = Release|Any CPU
		{D61F4989-187C-41C0-852F-F6F7EE7AE15B}.Release|x64.ActiveCfg = Release|Any CPU
		{D61F4989-187C-41C0-852F-F6F7EE7AE15B}.Release|x64.Build.0 = Release|Any CPU
		{D61F4989-187C-41C0-852F-F6F7EE7AE15B}.Release|x86.ActiveCfg = Release|Any CPU
		{D61F4989-187C-41C0-852F-F6F7EE7AE15B}.Release|x86.Build.0 = Release|Any CPU
		{11981E1D-37C5-458C-84CB-76A708ACB758}.Debug|Any CPU.ActiveCfg = Debug|Any CPU
		{11981E1D-37C5-458C-84CB-76A708ACB758}.Debug|Any CPU.Build.0 = Debug|Any CPU
		{11981E1D-37C5-458C-84CB-76A708ACB758}.Debug|x64.ActiveCfg = Debug|Any CPU
		{11981E1D-37C5-458C-84CB-76A708ACB758}.Debug|x64.Build.0 = Debug|Any CPU
		{11981E1D-37C5-458C-84CB-76A708ACB758}.Debug|x86.ActiveCfg = Debug|Any CPU
		{11981E1D-37C5-458C-84CB-76A708ACB758}.Debug|x86.Build.0 = Debug|Any CPU
		{11981E1D-37C5-458C-84CB-76A708ACB758}.Release|Any CPU.ActiveCfg = Release|Any CPU
		{11981E1D-37C5-458C-84CB-76A708ACB758}.Release|Any CPU.Build.0 = Release|Any CPU
		{11981E1D-37C5-458C-84CB-76A708ACB758}.Release|x64.ActiveCfg = Release|Any CPU
		{11981E1D-37C5-458C-84CB-76A708ACB758}.Release|x64.Build.0 = Release|Any CPU
		{11981E1D-37C5-458C-84CB-76A708ACB758}.Release|x86.ActiveCfg = Release|Any CPU
		{11981E1D-37C5-458C-84CB-76A708ACB758}.Release|x86.Build.0 = Release|Any CPU
		{E924DEB3-19B6-4695-B5D4-E5087F962434}.Debug|Any CPU.ActiveCfg = Debug|Any CPU
		{E924DEB3-19B6-4695-B5D4-E5087F962434}.Debug|Any CPU.Build.0 = Debug|Any CPU
		{E924DEB3-19B6-4695-B5D4-E5087F962434}.Debug|x64.ActiveCfg = Debug|Any CPU
		{E924DEB3-19B6-4695-B5D4-E5087F962434}.Debug|x64.Build.0 = Debug|Any CPU
		{E924DEB3-19B6-4695-B5D4-E5087F962434}.Debug|x86.ActiveCfg = Debug|Any CPU
		{E924DEB3-19B6-4695-B5D4-E5087F962434}.Debug|x86.Build.0 = Debug|Any CPU
		{E924DEB3-19B6-4695-B5D4-E5087F962434}.Release|Any CPU.ActiveCfg = Release|Any CPU
		{E924DEB3-19B6-4695-B5D4-E5087F962434}.Release|Any CPU.Build.0 = Release|Any CPU
		{E924DEB3-19B6-4695-B5D4-E5087F962434}.Release|x64.ActiveCfg = Release|Any CPU
		{E924DEB3-19B6-4695-B5D4-E5087F962434}.Release|x64.Build.0 = Release|Any CPU
		{E924DEB3-19B6-4695-B5D4-E5087F962434}.Release|x86.ActiveCfg = Release|Any CPU
		{E924DEB3-19B6-4695-B5D4-E5087F962434}.Release|x86.Build.0 = Release|Any CPU
		{63DB6D61-A9EA-40E7-A679-1882B03A761E}.Debug|Any CPU.ActiveCfg = Debug|Any CPU
		{63DB6D61-A9EA-40E7-A679-1882B03A761E}.Debug|Any CPU.Build.0 = Debug|Any CPU
		{63DB6D61-A9EA-40E7-A679-1882B03A761E}.Debug|x64.ActiveCfg = Debug|Any CPU
		{63DB6D61-A9EA-40E7-A679-1882B03A761E}.Debug|x64.Build.0 = Debug|Any CPU
		{63DB6D61-A9EA-40E7-A679-1882B03A761E}.Debug|x86.ActiveCfg = Debug|Any CPU
		{63DB6D61-A9EA-40E7-A679-1882B03A761E}.Debug|x86.Build.0 = Debug|Any CPU
		{63DB6D61-A9EA-40E7-A679-1882B03A761E}.Release|Any CPU.ActiveCfg = Release|Any CPU
		{63DB6D61-A9EA-40E7-A679-1882B03A761E}.Release|Any CPU.Build.0 = Release|Any CPU
		{63DB6D61-A9EA-40E7-A679-1882B03A761E}.Release|x64.ActiveCfg = Release|Any CPU
		{63DB6D61-A9EA-40E7-A679-1882B03A761E}.Release|x64.Build.0 = Release|Any CPU
		{63DB6D61-A9EA-40E7-A679-1882B03A761E}.Release|x86.ActiveCfg = Release|Any CPU
		{63DB6D61-A9EA-40E7-A679-1882B03A761E}.Release|x86.Build.0 = Release|Any CPU
		{001E62D6-153B-4777-B247-8E5B6BBEC6DC}.Debug|Any CPU.ActiveCfg = Debug|Any CPU
		{001E62D6-153B-4777-B247-8E5B6BBEC6DC}.Debug|Any CPU.Build.0 = Debug|Any CPU
		{001E62D6-153B-4777-B247-8E5B6BBEC6DC}.Debug|x64.ActiveCfg = Debug|Any CPU
		{001E62D6-153B-4777-B247-8E5B6BBEC6DC}.Debug|x64.Build.0 = Debug|Any CPU
		{001E62D6-153B-4777-B247-8E5B6BBEC6DC}.Debug|x86.ActiveCfg = Debug|Any CPU
		{001E62D6-153B-4777-B247-8E5B6BBEC6DC}.Debug|x86.Build.0 = Debug|Any CPU
		{001E62D6-153B-4777-B247-8E5B6BBEC6DC}.Release|Any CPU.ActiveCfg = Release|Any CPU
		{001E62D6-153B-4777-B247-8E5B6BBEC6DC}.Release|Any CPU.Build.0 = Release|Any CPU
		{001E62D6-153B-4777-B247-8E5B6BBEC6DC}.Release|x64.ActiveCfg = Release|Any CPU
		{001E62D6-153B-4777-B247-8E5B6BBEC6DC}.Release|x64.Build.0 = Release|Any CPU
		{001E62D6-153B-4777-B247-8E5B6BBEC6DC}.Release|x86.ActiveCfg = Release|Any CPU
		{001E62D6-153B-4777-B247-8E5B6BBEC6DC}.Release|x86.Build.0 = Release|Any CPU
		{3323FD39-75D1-4769-B042-2FD63E1DFD12}.Debug|Any CPU.ActiveCfg = Debug|Any CPU
		{3323FD39-75D1-4769-B042-2FD63E1DFD12}.Debug|Any CPU.Build.0 = Debug|Any CPU
		{3323FD39-75D1-4769-B042-2FD63E1DFD12}.Debug|x64.ActiveCfg = Debug|Any CPU
		{3323FD39-75D1-4769-B042-2FD63E1DFD12}.Debug|x64.Build.0 = Debug|Any CPU
		{3323FD39-75D1-4769-B042-2FD63E1DFD12}.Debug|x86.ActiveCfg = Debug|Any CPU
		{3323FD39-75D1-4769-B042-2FD63E1DFD12}.Debug|x86.Build.0 = Debug|Any CPU
		{3323FD39-75D1-4769-B042-2FD63E1DFD12}.Release|Any CPU.ActiveCfg = Release|Any CPU
		{3323FD39-75D1-4769-B042-2FD63E1DFD12}.Release|Any CPU.Build.0 = Release|Any CPU
		{3323FD39-75D1-4769-B042-2FD63E1DFD12}.Release|x64.ActiveCfg = Release|Any CPU
		{3323FD39-75D1-4769-B042-2FD63E1DFD12}.Release|x64.Build.0 = Release|Any CPU
		{3323FD39-75D1-4769-B042-2FD63E1DFD12}.Release|x86.ActiveCfg = Release|Any CPU
		{3323FD39-75D1-4769-B042-2FD63E1DFD12}.Release|x86.Build.0 = Release|Any CPU
		{6858C9C5-0D7C-47F8-9025-E2F00F9EB7A3}.Debug|Any CPU.ActiveCfg = Debug|Any CPU
		{6858C9C5-0D7C-47F8-9025-E2F00F9EB7A3}.Debug|Any CPU.Build.0 = Debug|Any CPU
		{6858C9C5-0D7C-47F8-9025-E2F00F9EB7A3}.Debug|x64.ActiveCfg = Debug|Any CPU
		{6858C9C5-0D7C-47F8-9025-E2F00F9EB7A3}.Debug|x64.Build.0 = Debug|Any CPU
		{6858C9C5-0D7C-47F8-9025-E2F00F9EB7A3}.Debug|x86.ActiveCfg = Debug|Any CPU
		{6858C9C5-0D7C-47F8-9025-E2F00F9EB7A3}.Debug|x86.Build.0 = Debug|Any CPU
		{6858C9C5-0D7C-47F8-9025-E2F00F9EB7A3}.Release|Any CPU.ActiveCfg = Release|Any CPU
		{6858C9C5-0D7C-47F8-9025-E2F00F9EB7A3}.Release|Any CPU.Build.0 = Release|Any CPU
		{6858C9C5-0D7C-47F8-9025-E2F00F9EB7A3}.Release|x64.ActiveCfg = Release|Any CPU
		{6858C9C5-0D7C-47F8-9025-E2F00F9EB7A3}.Release|x64.Build.0 = Release|Any CPU
		{6858C9C5-0D7C-47F8-9025-E2F00F9EB7A3}.Release|x86.ActiveCfg = Release|Any CPU
		{6858C9C5-0D7C-47F8-9025-E2F00F9EB7A3}.Release|x86.Build.0 = Release|Any CPU
		{13CA9A34-3471-4C2B-AA57-3BC03C8C42CF}.Debug|Any CPU.ActiveCfg = Debug|Any CPU
		{13CA9A34-3471-4C2B-AA57-3BC03C8C42CF}.Debug|Any CPU.Build.0 = Debug|Any CPU
		{13CA9A34-3471-4C2B-AA57-3BC03C8C42CF}.Debug|x64.ActiveCfg = Debug|Any CPU
		{13CA9A34-3471-4C2B-AA57-3BC03C8C42CF}.Debug|x64.Build.0 = Debug|Any CPU
		{13CA9A34-3471-4C2B-AA57-3BC03C8C42CF}.Debug|x86.ActiveCfg = Debug|Any CPU
		{13CA9A34-3471-4C2B-AA57-3BC03C8C42CF}.Debug|x86.Build.0 = Debug|Any CPU
		{13CA9A34-3471-4C2B-AA57-3BC03C8C42CF}.Release|Any CPU.ActiveCfg = Release|Any CPU
		{13CA9A34-3471-4C2B-AA57-3BC03C8C42CF}.Release|Any CPU.Build.0 = Release|Any CPU
		{13CA9A34-3471-4C2B-AA57-3BC03C8C42CF}.Release|x64.ActiveCfg = Release|Any CPU
		{13CA9A34-3471-4C2B-AA57-3BC03C8C42CF}.Release|x64.Build.0 = Release|Any CPU
		{13CA9A34-3471-4C2B-AA57-3BC03C8C42CF}.Release|x86.ActiveCfg = Release|Any CPU
		{13CA9A34-3471-4C2B-AA57-3BC03C8C42CF}.Release|x86.Build.0 = Release|Any CPU
		{B3C89604-665E-45DD-9A07-63E6A1713216}.Debug|Any CPU.ActiveCfg = Debug|Any CPU
		{B3C89604-665E-45DD-9A07-63E6A1713216}.Debug|Any CPU.Build.0 = Debug|Any CPU
		{B3C89604-665E-45DD-9A07-63E6A1713216}.Debug|x64.ActiveCfg = Debug|Any CPU
		{B3C89604-665E-45DD-9A07-63E6A1713216}.Debug|x64.Build.0 = Debug|Any CPU
		{B3C89604-665E-45DD-9A07-63E6A1713216}.Debug|x86.ActiveCfg = Debug|Any CPU
		{B3C89604-665E-45DD-9A07-63E6A1713216}.Debug|x86.Build.0 = Debug|Any CPU
		{B3C89604-665E-45DD-9A07-63E6A1713216}.Release|Any CPU.ActiveCfg = Release|Any CPU
		{B3C89604-665E-45DD-9A07-63E6A1713216}.Release|Any CPU.Build.0 = Release|Any CPU
		{B3C89604-665E-45DD-9A07-63E6A1713216}.Release|x64.ActiveCfg = Release|Any CPU
		{B3C89604-665E-45DD-9A07-63E6A1713216}.Release|x64.Build.0 = Release|Any CPU
		{B3C89604-665E-45DD-9A07-63E6A1713216}.Release|x86.ActiveCfg = Release|Any CPU
		{B3C89604-665E-45DD-9A07-63E6A1713216}.Release|x86.Build.0 = Release|Any CPU
	EndGlobalSection
	GlobalSection(SolutionProperties) = preSolution
		HideSolutionNode = FALSE
	EndGlobalSection
	GlobalSection(NestedProjects) = preSolution
		{1E901614-D24D-4AF8-B020-D2B97662FB57} = {334C2CC9-4833-4DEA-833A-8D5FD88961B3}
		{E5806CB8-AE4C-4271-934C-494EB57B80E5} = {1E901614-D24D-4AF8-B020-D2B97662FB57}
		{B73EDE1D-AF03-40BD-875D-8A1A5CA7C034} = {E5806CB8-AE4C-4271-934C-494EB57B80E5}
		{1F9F020D-CC80-454D-A82A-9C97B1E8A01C} = {E5806CB8-AE4C-4271-934C-494EB57B80E5}
		{9008A54C-E9BF-49E4-BA75-007DE84D68E0} = {E5806CB8-AE4C-4271-934C-494EB57B80E5}
		{17A1F049-AE18-4EF4-A643-D7CB1404EF41} = {E5806CB8-AE4C-4271-934C-494EB57B80E5}
		{0CC0CF65-C1F8-443C-80B0-F625D8690689} = {334C2CC9-4833-4DEA-833A-8D5FD88961B3}
		{34045882-DA98-4B8E-BAAD-081C06A0718C} = {334C2CC9-4833-4DEA-833A-8D5FD88961B3}
		{DD782BC9-B981-44E3-B0D7-98A05F64DD30} = {334C2CC9-4833-4DEA-833A-8D5FD88961B3}
		{F4C889C2-CEB7-44A3-8F45-73EC9DD7597C} = {334C2CC9-4833-4DEA-833A-8D5FD88961B3}
		{DA2A8974-8E01-4F82-B2B8-2969A8D388C0} = {F4C889C2-CEB7-44A3-8F45-73EC9DD7597C}
		{74C4C067-613E-4262-B067-237D6A5FC89E} = {DA2A8974-8E01-4F82-B2B8-2969A8D388C0}
		{94FC4EF8-3A57-4029-9C2C-811F62FBF035} = {DD782BC9-B981-44E3-B0D7-98A05F64DD30}
		{A3A59A47-3B1E-48E1-A711-94E1542A57C5} = {94FC4EF8-3A57-4029-9C2C-811F62FBF035}
		{7144CCA5-53BF-499C-A8F9-9C95D21DE3F5} = {34045882-DA98-4B8E-BAAD-081C06A0718C}
		{623008E3-08F0-462C-9469-8D632DCFF473} = {7144CCA5-53BF-499C-A8F9-9C95D21DE3F5}
		{29309B0F-1773-4904-8403-96C495D70B80} = {0CC0CF65-C1F8-443C-80B0-F625D8690689}
		{ECE09E9D-1607-491E-ACD6-A66DFE820845} = {29309B0F-1773-4904-8403-96C495D70B80}
		{DFF6033E-C5B9-462D-BF6C-711766EECFB8} = {29309B0F-1773-4904-8403-96C495D70B80}
		{F818955A-91CC-496A-8035-242B67711143} = {29309B0F-1773-4904-8403-96C495D70B80}
		{65E00692-1405-488F-920D-DE93CAE1EC0A} = {334C2CC9-4833-4DEA-833A-8D5FD88961B3}
		{A60D4828-F16D-4772-97C0-5A0E3B79D49E} = {65E00692-1405-488F-920D-DE93CAE1EC0A}
		{46936C96-A194-44A5-B861-BEE7FE8096E6} = {A60D4828-F16D-4772-97C0-5A0E3B79D49E}
		{31B32C4B-52DF-4F12-A1E9-A4F6DAE94A66} = {334C2CC9-4833-4DEA-833A-8D5FD88961B3}
		{6D72BF30-5765-4809-822D-53AD3661504A} = {31B32C4B-52DF-4F12-A1E9-A4F6DAE94A66}
		{205882E3-3D47-4F20-898A-5BB56F0D978A} = {6D72BF30-5765-4809-822D-53AD3661504A}
		{70EC2C21-4FC5-4069-B6C7-C511E66C24D7} = {334C2CC9-4833-4DEA-833A-8D5FD88961B3}
		{62551013-DA95-4A55-9D77-12A7DEB608B1} = {70EC2C21-4FC5-4069-B6C7-C511E66C24D7}
		{97BF3517-1491-4F68-857D-1C922E6C7379} = {62551013-DA95-4A55-9D77-12A7DEB608B1}
		{BAA89BEE-C649-4539-A9AD-CD8D941865C0} = {334C2CC9-4833-4DEA-833A-8D5FD88961B3}
		{BBB1511B-F6C7-4F50-A989-5692B20A6320} = {BAA89BEE-C649-4539-A9AD-CD8D941865C0}
		{0CA7AECC-0178-4CB7-BC0B-4ECE83129DE4} = {BBB1511B-F6C7-4F50-A989-5692B20A6320}
		{A5623C3E-B577-4FF6-B36D-B27055FE79AE} = {BBB1511B-F6C7-4F50-A989-5692B20A6320}
		{DBF81CEF-FB48-4A43-A95E-B2B23E00D292} = {BBDC2C76-DC4F-4818-9E47-6F519C36B04A}
		{74386A81-D411-4105-B08F-3F0BAD75BA9E} = {DBF81CEF-FB48-4A43-A95E-B2B23E00D292}
		{B482A360-69D5-4544-81E6-C84E42FF9A56} = {DBF81CEF-FB48-4A43-A95E-B2B23E00D292}
		{88004641-9C6C-4FD9-AF7D-8A25FBAA0AEF} = {DBF81CEF-FB48-4A43-A95E-B2B23E00D292}
		{CB8205EC-64CB-485F-AE1C-471005190EBD} = {DBF81CEF-FB48-4A43-A95E-B2B23E00D292}
		{3D7C4BED-BA4E-493A-BC45-9BC1668909EF} = {DBF81CEF-FB48-4A43-A95E-B2B23E00D292}
		{13C69A6C-65F1-48C5-83A8-A69E3529FCD4} = {DBF81CEF-FB48-4A43-A95E-B2B23E00D292}
		{D7DB042F-F197-48C0-86D0-8B2C05BD0152} = {DBF81CEF-FB48-4A43-A95E-B2B23E00D292}
		{DDE29885-7910-4150-AC0A-C7972E45C539} = {DBF81CEF-FB48-4A43-A95E-B2B23E00D292}
		{2391E8DE-E652-44CA-93EF-FABD404A6447} = {DBF81CEF-FB48-4A43-A95E-B2B23E00D292}
		{2A0D57ED-8256-43AD-B7EB-E82DDC4F2EF6} = {334C2CC9-4833-4DEA-833A-8D5FD88961B3}
		{06D4F0BC-91E5-4583-B260-56CAF2DAC8E3} = {334C2CC9-4833-4DEA-833A-8D5FD88961B3}
		{6E5E9D6F-39D9-4BA7-920C-07A4443D2FD1} = {2A0D57ED-8256-43AD-B7EB-E82DDC4F2EF6}
		{59AB868A-4EE5-4C3A-86B3-FA94411CB1B9} = {06D4F0BC-91E5-4583-B260-56CAF2DAC8E3}
		{1477A133-D2B8-4764-8AE8-8DE7DE01ED48} = {6E5E9D6F-39D9-4BA7-920C-07A4443D2FD1}
		{785CB844-9D75-453B-AC39-354F25542C40} = {6E5E9D6F-39D9-4BA7-920C-07A4443D2FD1}
		{67DB9B0A-293D-4C25-B5FB-C7E0EE71758C} = {6E5E9D6F-39D9-4BA7-920C-07A4443D2FD1}
		{22B6DAFB-C630-40F9-9828-958BC2344D41} = {6E5E9D6F-39D9-4BA7-920C-07A4443D2FD1}
		{D790E292-36B3-4C46-BF63-65C8972FD9D1} = {6E5E9D6F-39D9-4BA7-920C-07A4443D2FD1}
		{06E5199F-1E0C-4EF5-A86F-F50B4A8B6857} = {6E5E9D6F-39D9-4BA7-920C-07A4443D2FD1}
		{04DF0900-FC00-464E-B84E-BA8774895400} = {59AB868A-4EE5-4C3A-86B3-FA94411CB1B9}
		{2011143B-9196-41D9-ABC6-27E3EA5A5463} = {59AB868A-4EE5-4C3A-86B3-FA94411CB1B9}
		{994EE8B5-6DED-4698-B4B9-D53178DC8BFA} = {59AB868A-4EE5-4C3A-86B3-FA94411CB1B9}
		{83F5F0C5-B3A1-4F6A-ACA3-EF20BE1EF4DC} = {59AB868A-4EE5-4C3A-86B3-FA94411CB1B9}
		{EBF68C64-06AF-4BAB-863D-5554E87B8796} = {7144CCA5-53BF-499C-A8F9-9C95D21DE3F5}
		{E3711237-DDA3-4F87-BAD3-321D3755F6B6} = {7144CCA5-53BF-499C-A8F9-9C95D21DE3F5}
		{D646D3E0-C42F-4780-92C4-2606E50CEF58} = {334C2CC9-4833-4DEA-833A-8D5FD88961B3}
		{970FE4D2-F4EB-4C49-AB10-3D6E8F6978ED} = {D646D3E0-C42F-4780-92C4-2606E50CEF58}
		{43D506A7-C46C-4267-9C3D-A94928093F94} = {D646D3E0-C42F-4780-92C4-2606E50CEF58}
		{333F5CE9-D78F-476B-B335-4E73261DE481} = {D646D3E0-C42F-4780-92C4-2606E50CEF58}
		{D61F4989-187C-41C0-852F-F6F7EE7AE15B} = {D646D3E0-C42F-4780-92C4-2606E50CEF58}
		{11981E1D-37C5-458C-84CB-76A708ACB758} = {D646D3E0-C42F-4780-92C4-2606E50CEF58}
		{E924DEB3-19B6-4695-B5D4-E5087F962434} = {59AB868A-4EE5-4C3A-86B3-FA94411CB1B9}
		{CADC631A-5813-4936-893B-EB1419984319} = {334C2CC9-4833-4DEA-833A-8D5FD88961B3}
		{63DB6D61-A9EA-40E7-A679-1882B03A761E} = {CADC631A-5813-4936-893B-EB1419984319}
		{001E62D6-153B-4777-B247-8E5B6BBEC6DC} = {CADC631A-5813-4936-893B-EB1419984319}
		{3323FD39-75D1-4769-B042-2FD63E1DFD12} = {CADC631A-5813-4936-893B-EB1419984319}
		{6858C9C5-0D7C-47F8-9025-E2F00F9EB7A3} = {CADC631A-5813-4936-893B-EB1419984319}
		{13CA9A34-3471-4C2B-AA57-3BC03C8C42CF} = {CADC631A-5813-4936-893B-EB1419984319}
		{B3C89604-665E-45DD-9A07-63E6A1713216} = {CADC631A-5813-4936-893B-EB1419984319}
	EndGlobalSection
	GlobalSection(ExtensibilityGlobals) = postSolution
		SolutionGuid = {11F1E32E-A8BF-442B-94DB-FE8C30C1FB2A}
	EndGlobalSection
EndGlobal
