
Microsoft Visual Studio Solution File, Format Version 12.00
# Visual Studio Version 16
VisualStudioVersion = 16.0.30404.54
MinimumVisualStudioVersion = 10.0.40219.1
Project("{2150E333-8FDC-42A3-9474-1A3956D46DE8}") = "modules", "modules", "{334C2CC9-4833-4DEA-833A-8D5FD88961B3}"
EndProject
Project("{2150E333-8FDC-42A3-9474-1A3956D46DE8}") = "account", "account", "{91F14988-1024-4024-8889-6FACFF745C71}"
EndProject
Project("{2150E333-8FDC-42A3-9474-1A3956D46DE8}") = "enumeration", "enumeration", "{1E901614-D24D-4AF8-B020-D2B97662FB57}"
EndProject
Project("{2150E333-8FDC-42A3-9474-1A3956D46DE8}") = "src", "src", "{E5806CB8-AE4C-4271-934C-494EB57B80E5}"
EndProject
Project("{9A19103F-16F7-4668-BE54-9A1E7A4F7556}") = "Generic.Abp.Enumeration.Application.Contracts", "modules\enumeration\src\Generic.Abp.Enumeration.Application.Contracts\Generic.Abp.Enumeration.Application.Contracts.csproj", "{B73EDE1D-AF03-40BD-875D-8A1A5CA7C034}"
EndProject
Project("{9A19103F-16F7-4668-BE54-9A1E7A4F7556}") = "Generic.Abp.Enumeration.Domain.Shared", "modules\enumeration\src\Generic.Abp.Enumeration.Domain.Shared\Generic.Abp.Enumeration.Domain.Shared.csproj", "{1F9F020D-CC80-454D-A82A-9C97B1E8A01C}"
EndProject
Project("{9A19103F-16F7-4668-BE54-9A1E7A4F7556}") = "Generic.Abp.Enumeration.Application", "modules\enumeration\src\Generic.Abp.Enumeration.Application\Generic.Abp.Enumeration.Application.csproj", "{9008A54C-E9BF-49E4-BA75-007DE84D68E0}"
EndProject
Project("{9A19103F-16F7-4668-BE54-9A1E7A4F7556}") = "Generic.Abp.Enumeration.HttpApi", "modules\enumeration\src\Generic.Abp.Enumeration.HttpApi\Generic.Abp.Enumeration.HttpApi.csproj", "{17A1F049-AE18-4EF4-A643-D7CB1404EF41}"
EndProject
Project("{2150E333-8FDC-42A3-9474-1A3956D46DE8}") = "extmenu", "extmenu", "{0CC0CF65-C1F8-443C-80B0-F625D8690689}"
EndProject
Project("{2150E333-8FDC-42A3-9474-1A3956D46DE8}") = "extresource", "extresource", "{34045882-DA98-4B8E-BAAD-081C06A0718C}"
EndProject
Project("{2150E333-8FDC-42A3-9474-1A3956D46DE8}") = "helper", "helper", "{DD782BC9-B981-44E3-B0D7-98A05F64DD30}"
EndProject
Project("{2150E333-8FDC-42A3-9474-1A3956D46DE8}") = "texttemplate", "texttemplate", "{F4C889C2-CEB7-44A3-8F45-73EC9DD7597C}"
EndProject
Project("{2150E333-8FDC-42A3-9474-1A3956D46DE8}") = "themes", "themes", "{E7A1F589-5D57-41C5-9FFB-7C5AE3EDD107}"
EndProject
Project("{9A19103F-16F7-4668-BE54-9A1E7A4F7556}") = "Generic.Abp.Themes", "modules\themes\src\Generic.Abp.Themes\Generic.Abp.Themes.csproj", "{D0D9CD09-8E35-4B3A-B737-405DA11D623E}"
EndProject
Project("{2150E333-8FDC-42A3-9474-1A3956D46DE8}") = "src", "src", "{5865960E-53E8-40CC-B8CE-F9697B1DE7DE}"
EndProject
Project("{9A19103F-16F7-4668-BE54-9A1E7A4F7556}") = "Generic.Abp.Themes.Shared", "modules\themes\src\Generic.Abp.Themes.Shared\Generic.Abp.Themes.Shared.csproj", "{10EEB05F-21FC-447A-B9A9-A27AB87D5297}"
EndProject
Project("{2150E333-8FDC-42A3-9474-1A3956D46DE8}") = "src", "src", "{DA2A8974-8E01-4F82-B2B8-2969A8D388C0}"
EndProject
Project("{9A19103F-16F7-4668-BE54-9A1E7A4F7556}") = "Generic.Abp.TextTemplate", "modules\texttemplate\src\Generic.Abp.TextTemplate\Generic.Abp.TextTemplate.csproj", "{74C4C067-613E-4262-B067-237D6A5FC89E}"
EndProject
Project("{2150E333-8FDC-42A3-9474-1A3956D46DE8}") = "src", "src", "{94FC4EF8-3A57-4029-9C2C-811F62FBF035}"
EndProject
Project("{9A19103F-16F7-4668-BE54-9A1E7A4F7556}") = "Generic.Abp.Helper.File", "modules\helper\src\Generic.Abp.Helper.File\Generic.Abp.Helper.File.csproj", "{A3A59A47-3B1E-48E1-A711-94E1542A57C5}"
EndProject
Project("{2150E333-8FDC-42A3-9474-1A3956D46DE8}") = "src", "src", "{7144CCA5-53BF-499C-A8F9-9C95D21DE3F5}"
EndProject
Project("{9A19103F-16F7-4668-BE54-9A1E7A4F7556}") = "Generic.Abp.ExtResource.Application.Contracts", "modules\extresource\src\Generic.Abp.ExtResource.Application.Contracts\Generic.Abp.ExtResource.Application.Contracts.csproj", "{623008E3-08F0-462C-9469-8D632DCFF473}"
EndProject
Project("{2150E333-8FDC-42A3-9474-1A3956D46DE8}") = "src", "src", "{29309B0F-1773-4904-8403-96C495D70B80}"
EndProject
Project("{9A19103F-16F7-4668-BE54-9A1E7A4F7556}") = "Generic.Abp.ExtMenu.Application.Contracts", "modules\extmenu\src\Generic.Abp.ExtMenu.Application.Contracts\Generic.Abp.ExtMenu.Application.Contracts.csproj", "{ECE09E9D-1607-491E-ACD6-A66DFE820845}"
EndProject
Project("{9A19103F-16F7-4668-BE54-9A1E7A4F7556}") = "Generic.Abp.ExtMenu.Application", "modules\extmenu\src\Generic.Abp.ExtMenu.Application\Generic.Abp.ExtMenu.Application.csproj", "{DFF6033E-C5B9-462D-BF6C-711766EECFB8}"
EndProject
Project("{9A19103F-16F7-4668-BE54-9A1E7A4F7556}") = "Generic.Abp.ExtMenu.HttpApi", "modules\extmenu\src\Generic.Abp.ExtMenu.HttpApi\Generic.Abp.ExtMenu.HttpApi.csproj", "{F818955A-91CC-496A-8035-242B67711143}"
EndProject
Project("{9A19103F-16F7-4668-BE54-9A1E7A4F7556}") = "Generic.Abp.Account.Application.Contracts", "modules\account\src\Generic.Abp.Account.Application.Contracts\Generic.Abp.Account.Application.Contracts.csproj", "{498B9E70-793B-49E8-9C7F-D79A25193178}"
EndProject
Project("{2150E333-8FDC-42A3-9474-1A3956D46DE8}") = "src", "src", "{2A6BBD1D-9B6A-48D1-8CB5-2CF485F714FE}"
EndProject
Project("{9A19103F-16F7-4668-BE54-9A1E7A4F7556}") = "Generic.Abp.Account.Application", "modules\account\src\Generic.Abp.Account.Application\Generic.Abp.Account.Application.csproj", "{7AE079B3-87D2-4C8A-AD09-53C98C8D8600}"
EndProject
Project("{9A19103F-16F7-4668-BE54-9A1E7A4F7556}") = "Generic.Abp.Account.HttpApi", "modules\account\src\Generic.Abp.Account.HttpApi\Generic.Abp.Account.HttpApi.csproj", "{65719F69-B35F-46F1-B9B7-25E408AE6CB2}"
EndProject
Project("{9A19103F-16F7-4668-BE54-9A1E7A4F7556}") = "Generic.Abp.Account.Web", "modules\account\src\Generic.Abp.Account.Web\Generic.Abp.Account.Web.csproj", "{7D60D623-7790-4FF4-B7C6-81701C332F93}"
EndProject
Project("{9A19103F-16F7-4668-BE54-9A1E7A4F7556}") = "Generic.Abp.Account.Identity.Web", "modules\account\src\Generic.Abp.Account.Identity.Web\Generic.Abp.Account.Identity.Web.csproj", "{34A07420-224B-4D82-8362-A727B8B6BC12}"
EndProject
Project("{9A19103F-16F7-4668-BE54-9A1E7A4F7556}") = "Generic.Abp.Account.IdentityServer.Web", "modules\account\src\Generic.Abp.Account.IdentityServer.Web\Generic.Abp.Account.IdentityServer.Web.csproj", "{03F17BA8-6BE9-4D3B-AE78-CCDE6AA54B21}"
EndProject
Global
	GlobalSection(SolutionConfigurationPlatforms) = preSolution
		Debug|Any CPU = Debug|Any CPU
		Debug|x64 = Debug|x64
		Debug|x86 = Debug|x86
		Release|Any CPU = Release|Any CPU
		Release|x64 = Release|x64
		Release|x86 = Release|x86
	EndGlobalSection
	GlobalSection(ProjectConfigurationPlatforms) = postSolution
		{B73EDE1D-AF03-40BD-875D-8A1A5CA7C034}.Debug|Any CPU.ActiveCfg = Debug|Any CPU
		{B73EDE1D-AF03-40BD-875D-8A1A5CA7C034}.Debug|Any CPU.Build.0 = Debug|Any CPU
		{B73EDE1D-AF03-40BD-875D-8A1A5CA7C034}.Debug|x64.ActiveCfg = Debug|Any CPU
		{B73EDE1D-AF03-40BD-875D-8A1A5CA7C034}.Debug|x64.Build.0 = Debug|Any CPU
		{B73EDE1D-AF03-40BD-875D-8A1A5CA7C034}.Debug|x86.ActiveCfg = Debug|Any CPU
		{B73EDE1D-AF03-40BD-875D-8A1A5CA7C034}.Debug|x86.Build.0 = Debug|Any CPU
		{B73EDE1D-AF03-40BD-875D-8A1A5CA7C034}.Release|Any CPU.ActiveCfg = Release|Any CPU
		{B73EDE1D-AF03-40BD-875D-8A1A5CA7C034}.Release|Any CPU.Build.0 = Release|Any CPU
		{B73EDE1D-AF03-40BD-875D-8A1A5CA7C034}.Release|x64.ActiveCfg = Release|Any CPU
		{B73EDE1D-AF03-40BD-875D-8A1A5CA7C034}.Release|x64.Build.0 = Release|Any CPU
		{B73EDE1D-AF03-40BD-875D-8A1A5CA7C034}.Release|x86.ActiveCfg = Release|Any CPU
		{B73EDE1D-AF03-40BD-875D-8A1A5CA7C034}.Release|x86.Build.0 = Release|Any CPU
		{1F9F020D-CC80-454D-A82A-9C97B1E8A01C}.Debug|Any CPU.ActiveCfg = Debug|Any CPU
		{1F9F020D-CC80-454D-A82A-9C97B1E8A01C}.Debug|Any CPU.Build.0 = Debug|Any CPU
		{1F9F020D-CC80-454D-A82A-9C97B1E8A01C}.Debug|x64.ActiveCfg = Debug|Any CPU
		{1F9F020D-CC80-454D-A82A-9C97B1E8A01C}.Debug|x64.Build.0 = Debug|Any CPU
		{1F9F020D-CC80-454D-A82A-9C97B1E8A01C}.Debug|x86.ActiveCfg = Debug|Any CPU
		{1F9F020D-CC80-454D-A82A-9C97B1E8A01C}.Debug|x86.Build.0 = Debug|Any CPU
		{1F9F020D-CC80-454D-A82A-9C97B1E8A01C}.Release|Any CPU.ActiveCfg = Release|Any CPU
		{1F9F020D-CC80-454D-A82A-9C97B1E8A01C}.Release|Any CPU.Build.0 = Release|Any CPU
		{1F9F020D-CC80-454D-A82A-9C97B1E8A01C}.Release|x64.ActiveCfg = Release|Any CPU
		{1F9F020D-CC80-454D-A82A-9C97B1E8A01C}.Release|x64.Build.0 = Release|Any CPU
		{1F9F020D-CC80-454D-A82A-9C97B1E8A01C}.Release|x86.ActiveCfg = Release|Any CPU
		{1F9F020D-CC80-454D-A82A-9C97B1E8A01C}.Release|x86.Build.0 = Release|Any CPU
		{9008A54C-E9BF-49E4-BA75-007DE84D68E0}.Debug|Any CPU.ActiveCfg = Debug|Any CPU
		{9008A54C-E9BF-49E4-BA75-007DE84D68E0}.Debug|Any CPU.Build.0 = Debug|Any CPU
		{9008A54C-E9BF-49E4-BA75-007DE84D68E0}.Debug|x64.ActiveCfg = Debug|Any CPU
		{9008A54C-E9BF-49E4-BA75-007DE84D68E0}.Debug|x64.Build.0 = Debug|Any CPU
		{9008A54C-E9BF-49E4-BA75-007DE84D68E0}.Debug|x86.ActiveCfg = Debug|Any CPU
		{9008A54C-E9BF-49E4-BA75-007DE84D68E0}.Debug|x86.Build.0 = Debug|Any CPU
		{9008A54C-E9BF-49E4-BA75-007DE84D68E0}.Release|Any CPU.ActiveCfg = Release|Any CPU
		{9008A54C-E9BF-49E4-BA75-007DE84D68E0}.Release|Any CPU.Build.0 = Release|Any CPU
		{9008A54C-E9BF-49E4-BA75-007DE84D68E0}.Release|x64.ActiveCfg = Release|Any CPU
		{9008A54C-E9BF-49E4-BA75-007DE84D68E0}.Release|x64.Build.0 = Release|Any CPU
		{9008A54C-E9BF-49E4-BA75-007DE84D68E0}.Release|x86.ActiveCfg = Release|Any CPU
		{9008A54C-E9BF-49E4-BA75-007DE84D68E0}.Release|x86.Build.0 = Release|Any CPU
		{17A1F049-AE18-4EF4-A643-D7CB1404EF41}.Debug|Any CPU.ActiveCfg = Debug|Any CPU
		{17A1F049-AE18-4EF4-A643-D7CB1404EF41}.Debug|Any CPU.Build.0 = Debug|Any CPU
		{17A1F049-AE18-4EF4-A643-D7CB1404EF41}.Debug|x64.ActiveCfg = Debug|Any CPU
		{17A1F049-AE18-4EF4-A643-D7CB1404EF41}.Debug|x64.Build.0 = Debug|Any CPU
		{17A1F049-AE18-4EF4-A643-D7CB1404EF41}.Debug|x86.ActiveCfg = Debug|Any CPU
		{17A1F049-AE18-4EF4-A643-D7CB1404EF41}.Debug|x86.Build.0 = Debug|Any CPU
		{17A1F049-AE18-4EF4-A643-D7CB1404EF41}.Release|Any CPU.ActiveCfg = Release|Any CPU
		{17A1F049-AE18-4EF4-A643-D7CB1404EF41}.Release|Any CPU.Build.0 = Release|Any CPU
		{17A1F049-AE18-4EF4-A643-D7CB1404EF41}.Release|x64.ActiveCfg = Release|Any CPU
		{17A1F049-AE18-4EF4-A643-D7CB1404EF41}.Release|x64.Build.0 = Release|Any CPU
		{17A1F049-AE18-4EF4-A643-D7CB1404EF41}.Release|x86.ActiveCfg = Release|Any CPU
		{17A1F049-AE18-4EF4-A643-D7CB1404EF41}.Release|x86.Build.0 = Release|Any CPU
		{D0D9CD09-8E35-4B3A-B737-405DA11D623E}.Debug|Any CPU.ActiveCfg = Debug|Any CPU
		{D0D9CD09-8E35-4B3A-B737-405DA11D623E}.Debug|Any CPU.Build.0 = Debug|Any CPU
		{D0D9CD09-8E35-4B3A-B737-405DA11D623E}.Debug|x64.ActiveCfg = Debug|Any CPU
		{D0D9CD09-8E35-4B3A-B737-405DA11D623E}.Debug|x86.ActiveCfg = Debug|Any CPU
		{D0D9CD09-8E35-4B3A-B737-405DA11D623E}.Release|Any CPU.ActiveCfg = Release|Any CPU
		{D0D9CD09-8E35-4B3A-B737-405DA11D623E}.Release|Any CPU.Build.0 = Release|Any CPU
		{D0D9CD09-8E35-4B3A-B737-405DA11D623E}.Release|x64.ActiveCfg = Release|Any CPU
		{D0D9CD09-8E35-4B3A-B737-405DA11D623E}.Release|x86.ActiveCfg = Release|Any CPU
		{10EEB05F-21FC-447A-B9A9-A27AB87D5297}.Debug|Any CPU.ActiveCfg = Debug|Any CPU
		{10EEB05F-21FC-447A-B9A9-A27AB87D5297}.Debug|Any CPU.Build.0 = Debug|Any CPU
		{10EEB05F-21FC-447A-B9A9-A27AB87D5297}.Debug|x64.ActiveCfg = Debug|Any CPU
		{10EEB05F-21FC-447A-B9A9-A27AB87D5297}.Debug|x86.ActiveCfg = Debug|Any CPU
		{10EEB05F-21FC-447A-B9A9-A27AB87D5297}.Release|Any CPU.ActiveCfg = Release|Any CPU
		{10EEB05F-21FC-447A-B9A9-A27AB87D5297}.Release|Any CPU.Build.0 = Release|Any CPU
		{10EEB05F-21FC-447A-B9A9-A27AB87D5297}.Release|x64.ActiveCfg = Release|Any CPU
		{10EEB05F-21FC-447A-B9A9-A27AB87D5297}.Release|x86.ActiveCfg = Release|Any CPU
		{74C4C067-613E-4262-B067-237D6A5FC89E}.Debug|Any CPU.ActiveCfg = Debug|Any CPU
		{74C4C067-613E-4262-B067-237D6A5FC89E}.Debug|Any CPU.Build.0 = Debug|Any CPU
		{74C4C067-613E-4262-B067-237D6A5FC89E}.Debug|x64.ActiveCfg = Debug|Any CPU
		{74C4C067-613E-4262-B067-237D6A5FC89E}.Debug|x64.Build.0 = Debug|Any CPU
		{74C4C067-613E-4262-B067-237D6A5FC89E}.Debug|x86.ActiveCfg = Debug|Any CPU
		{74C4C067-613E-4262-B067-237D6A5FC89E}.Debug|x86.Build.0 = Debug|Any CPU
		{74C4C067-613E-4262-B067-237D6A5FC89E}.Release|Any CPU.ActiveCfg = Release|Any CPU
		{74C4C067-613E-4262-B067-237D6A5FC89E}.Release|Any CPU.Build.0 = Release|Any CPU
		{74C4C067-613E-4262-B067-237D6A5FC89E}.Release|x64.ActiveCfg = Release|Any CPU
		{74C4C067-613E-4262-B067-237D6A5FC89E}.Release|x64.Build.0 = Release|Any CPU
		{74C4C067-613E-4262-B067-237D6A5FC89E}.Release|x86.ActiveCfg = Release|Any CPU
		{74C4C067-613E-4262-B067-237D6A5FC89E}.Release|x86.Build.0 = Release|Any CPU
		{A3A59A47-3B1E-48E1-A711-94E1542A57C5}.Debug|Any CPU.ActiveCfg = Debug|Any CPU
		{A3A59A47-3B1E-48E1-A711-94E1542A57C5}.Debug|Any CPU.Build.0 = Debug|Any CPU
		{A3A59A47-3B1E-48E1-A711-94E1542A57C5}.Debug|x64.ActiveCfg = Debug|Any CPU
		{A3A59A47-3B1E-48E1-A711-94E1542A57C5}.Debug|x64.Build.0 = Debug|Any CPU
		{A3A59A47-3B1E-48E1-A711-94E1542A57C5}.Debug|x86.ActiveCfg = Debug|Any CPU
		{A3A59A47-3B1E-48E1-A711-94E1542A57C5}.Debug|x86.Build.0 = Debug|Any CPU
		{A3A59A47-3B1E-48E1-A711-94E1542A57C5}.Release|Any CPU.ActiveCfg = Release|Any CPU
		{A3A59A47-3B1E-48E1-A711-94E1542A57C5}.Release|Any CPU.Build.0 = Release|Any CPU
		{A3A59A47-3B1E-48E1-A711-94E1542A57C5}.Release|x64.ActiveCfg = Release|Any CPU
		{A3A59A47-3B1E-48E1-A711-94E1542A57C5}.Release|x64.Build.0 = Release|Any CPU
		{A3A59A47-3B1E-48E1-A711-94E1542A57C5}.Release|x86.ActiveCfg = Release|Any CPU
		{A3A59A47-3B1E-48E1-A711-94E1542A57C5}.Release|x86.Build.0 = Release|Any CPU
		{623008E3-08F0-462C-9469-8D632DCFF473}.Debug|Any CPU.ActiveCfg = Debug|Any CPU
		{623008E3-08F0-462C-9469-8D632DCFF473}.Debug|Any CPU.Build.0 = Debug|Any CPU
		{623008E3-08F0-462C-9469-8D632DCFF473}.Debug|x64.ActiveCfg = Debug|Any CPU
		{623008E3-08F0-462C-9469-8D632DCFF473}.Debug|x64.Build.0 = Debug|Any CPU
		{623008E3-08F0-462C-9469-8D632DCFF473}.Debug|x86.ActiveCfg = Debug|Any CPU
		{623008E3-08F0-462C-9469-8D632DCFF473}.Debug|x86.Build.0 = Debug|Any CPU
		{623008E3-08F0-462C-9469-8D632DCFF473}.Release|Any CPU.ActiveCfg = Release|Any CPU
		{623008E3-08F0-462C-9469-8D632DCFF473}.Release|Any CPU.Build.0 = Release|Any CPU
		{623008E3-08F0-462C-9469-8D632DCFF473}.Release|x64.ActiveCfg = Release|Any CPU
		{623008E3-08F0-462C-9469-8D632DCFF473}.Release|x64.Build.0 = Release|Any CPU
		{623008E3-08F0-462C-9469-8D632DCFF473}.Release|x86.ActiveCfg = Release|Any CPU
		{623008E3-08F0-462C-9469-8D632DCFF473}.Release|x86.Build.0 = Release|Any CPU
		{ECE09E9D-1607-491E-ACD6-A66DFE820845}.Debug|Any CPU.ActiveCfg = Debug|Any CPU
		{ECE09E9D-1607-491E-ACD6-A66DFE820845}.Debug|Any CPU.Build.0 = Debug|Any CPU
		{ECE09E9D-1607-491E-ACD6-A66DFE820845}.Debug|x64.ActiveCfg = Debug|Any CPU
		{ECE09E9D-1607-491E-ACD6-A66DFE820845}.Debug|x64.Build.0 = Debug|Any CPU
		{ECE09E9D-1607-491E-ACD6-A66DFE820845}.Debug|x86.ActiveCfg = Debug|Any CPU
		{ECE09E9D-1607-491E-ACD6-A66DFE820845}.Debug|x86.Build.0 = Debug|Any CPU
		{ECE09E9D-1607-491E-ACD6-A66DFE820845}.Release|Any CPU.ActiveCfg = Release|Any CPU
		{ECE09E9D-1607-491E-ACD6-A66DFE820845}.Release|Any CPU.Build.0 = Release|Any CPU
		{ECE09E9D-1607-491E-ACD6-A66DFE820845}.Release|x64.ActiveCfg = Release|Any CPU
		{ECE09E9D-1607-491E-ACD6-A66DFE820845}.Release|x64.Build.0 = Release|Any CPU
		{ECE09E9D-1607-491E-ACD6-A66DFE820845}.Release|x86.ActiveCfg = Release|Any CPU
		{ECE09E9D-1607-491E-ACD6-A66DFE820845}.Release|x86.Build.0 = Release|Any CPU
		{DFF6033E-C5B9-462D-BF6C-711766EECFB8}.Debug|Any CPU.ActiveCfg = Debug|Any CPU
		{DFF6033E-C5B9-462D-BF6C-711766EECFB8}.Debug|Any CPU.Build.0 = Debug|Any CPU
		{DFF6033E-C5B9-462D-BF6C-711766EECFB8}.Debug|x64.ActiveCfg = Debug|Any CPU
		{DFF6033E-C5B9-462D-BF6C-711766EECFB8}.Debug|x64.Build.0 = Debug|Any CPU
		{DFF6033E-C5B9-462D-BF6C-711766EECFB8}.Debug|x86.ActiveCfg = Debug|Any CPU
		{DFF6033E-C5B9-462D-BF6C-711766EECFB8}.Debug|x86.Build.0 = Debug|Any CPU
		{DFF6033E-C5B9-462D-BF6C-711766EECFB8}.Release|Any CPU.ActiveCfg = Release|Any CPU
		{DFF6033E-C5B9-462D-BF6C-711766EECFB8}.Release|Any CPU.Build.0 = Release|Any CPU
		{DFF6033E-C5B9-462D-BF6C-711766EECFB8}.Release|x64.ActiveCfg = Release|Any CPU
		{DFF6033E-C5B9-462D-BF6C-711766EECFB8}.Release|x64.Build.0 = Release|Any CPU
		{DFF6033E-C5B9-462D-BF6C-711766EECFB8}.Release|x86.ActiveCfg = Release|Any CPU
		{DFF6033E-C5B9-462D-BF6C-711766EECFB8}.Release|x86.Build.0 = Release|Any CPU
		{F818955A-91CC-496A-8035-242B67711143}.Debug|Any CPU.ActiveCfg = Debug|Any CPU
		{F818955A-91CC-496A-8035-242B67711143}.Debug|Any CPU.Build.0 = Debug|Any CPU
		{F818955A-91CC-496A-8035-242B67711143}.Debug|x64.ActiveCfg = Debug|Any CPU
		{F818955A-91CC-496A-8035-242B67711143}.Debug|x64.Build.0 = Debug|Any CPU
		{F818955A-91CC-496A-8035-242B67711143}.Debug|x86.ActiveCfg = Debug|Any CPU
		{F818955A-91CC-496A-8035-242B67711143}.Debug|x86.Build.0 = Debug|Any CPU
		{F818955A-91CC-496A-8035-242B67711143}.Release|Any CPU.ActiveCfg = Release|Any CPU
		{F818955A-91CC-496A-8035-242B67711143}.Release|Any CPU.Build.0 = Release|Any CPU
		{F818955A-91CC-496A-8035-242B67711143}.Release|x64.ActiveCfg = Release|Any CPU
		{F818955A-91CC-496A-8035-242B67711143}.Release|x64.Build.0 = Release|Any CPU
		{F818955A-91CC-496A-8035-242B67711143}.Release|x86.ActiveCfg = Release|Any CPU
		{F818955A-91CC-496A-8035-242B67711143}.Release|x86.Build.0 = Release|Any CPU
		{498B9E70-793B-49E8-9C7F-D79A25193178}.Debug|Any CPU.ActiveCfg = Debug|Any CPU
		{498B9E70-793B-49E8-9C7F-D79A25193178}.Debug|Any CPU.Build.0 = Debug|Any CPU
		{498B9E70-793B-49E8-9C7F-D79A25193178}.Debug|x64.ActiveCfg = Debug|Any CPU
		{498B9E70-793B-49E8-9C7F-D79A25193178}.Debug|x64.Build.0 = Debug|Any CPU
		{498B9E70-793B-49E8-9C7F-D79A25193178}.Debug|x86.ActiveCfg = Debug|Any CPU
		{498B9E70-793B-49E8-9C7F-D79A25193178}.Debug|x86.Build.0 = Debug|Any CPU
		{498B9E70-793B-49E8-9C7F-D79A25193178}.Release|Any CPU.ActiveCfg = Release|Any CPU
		{498B9E70-793B-49E8-9C7F-D79A25193178}.Release|Any CPU.Build.0 = Release|Any CPU
		{498B9E70-793B-49E8-9C7F-D79A25193178}.Release|x64.ActiveCfg = Release|Any CPU
		{498B9E70-793B-49E8-9C7F-D79A25193178}.Release|x64.Build.0 = Release|Any CPU
		{498B9E70-793B-49E8-9C7F-D79A25193178}.Release|x86.ActiveCfg = Release|Any CPU
		{498B9E70-793B-49E8-9C7F-D79A25193178}.Release|x86.Build.0 = Release|Any CPU
		{7AE079B3-87D2-4C8A-AD09-53C98C8D8600}.Debug|Any CPU.ActiveCfg = Debug|Any CPU
		{7AE079B3-87D2-4C8A-AD09-53C98C8D8600}.Debug|Any CPU.Build.0 = Debug|Any CPU
		{7AE079B3-87D2-4C8A-AD09-53C98C8D8600}.Debug|x64.ActiveCfg = Debug|Any CPU
		{7AE079B3-87D2-4C8A-AD09-53C98C8D8600}.Debug|x86.ActiveCfg = Debug|Any CPU
		{7AE079B3-87D2-4C8A-AD09-53C98C8D8600}.Release|Any CPU.ActiveCfg = Release|Any CPU
		{7AE079B3-87D2-4C8A-AD09-53C98C8D8600}.Release|Any CPU.Build.0 = Release|Any CPU
		{7AE079B3-87D2-4C8A-AD09-53C98C8D8600}.Release|x64.ActiveCfg = Release|Any CPU
		{7AE079B3-87D2-4C8A-AD09-53C98C8D8600}.Release|x86.ActiveCfg = Release|Any CPU
		{65719F69-B35F-46F1-B9B7-25E408AE6CB2}.Debug|Any CPU.ActiveCfg = Debug|Any CPU
		{65719F69-B35F-46F1-B9B7-25E408AE6CB2}.Debug|Any CPU.Build.0 = Debug|Any CPU
		{65719F69-B35F-46F1-B9B7-25E408AE6CB2}.Debug|x64.ActiveCfg = Debug|Any CPU
		{65719F69-B35F-46F1-B9B7-25E408AE6CB2}.Debug|x86.ActiveCfg = Debug|Any CPU
		{65719F69-B35F-46F1-B9B7-25E408AE6CB2}.Release|Any CPU.ActiveCfg = Release|Any CPU
		{65719F69-B35F-46F1-B9B7-25E408AE6CB2}.Release|Any CPU.Build.0 = Release|Any CPU
		{65719F69-B35F-46F1-B9B7-25E408AE6CB2}.Release|x64.ActiveCfg = Release|Any CPU
		{65719F69-B35F-46F1-B9B7-25E408AE6CB2}.Release|x86.ActiveCfg = Release|Any CPU
		{7D60D623-7790-4FF4-B7C6-81701C332F93}.Debug|Any CPU.ActiveCfg = Debug|Any CPU
		{7D60D623-7790-4FF4-B7C6-81701C332F93}.Debug|Any CPU.Build.0 = Debug|Any CPU
		{7D60D623-7790-4FF4-B7C6-81701C332F93}.Debug|x64.ActiveCfg = Debug|Any CPU
		{7D60D623-7790-4FF4-B7C6-81701C332F93}.Debug|x86.ActiveCfg = Debug|Any CPU
		{7D60D623-7790-4FF4-B7C6-81701C332F93}.Release|Any CPU.ActiveCfg = Release|Any CPU
		{7D60D623-7790-4FF4-B7C6-81701C332F93}.Release|Any CPU.Build.0 = Release|Any CPU
		{7D60D623-7790-4FF4-B7C6-81701C332F93}.Release|x64.ActiveCfg = Release|Any CPU
		{7D60D623-7790-4FF4-B7C6-81701C332F93}.Release|x86.ActiveCfg = Release|Any CPU
		{34A07420-224B-4D82-8362-A727B8B6BC12}.Debug|Any CPU.ActiveCfg = Debug|Any CPU
		{34A07420-224B-4D82-8362-A727B8B6BC12}.Debug|Any CPU.Build.0 = Debug|Any CPU
		{34A07420-224B-4D82-8362-A727B8B6BC12}.Debug|x64.ActiveCfg = Debug|Any CPU
		{34A07420-224B-4D82-8362-A727B8B6BC12}.Debug|x86.ActiveCfg = Debug|Any CPU
		{34A07420-224B-4D82-8362-A727B8B6BC12}.Release|Any CPU.ActiveCfg = Release|Any CPU
		{34A07420-224B-4D82-8362-A727B8B6BC12}.Release|Any CPU.Build.0 = Release|Any CPU
		{34A07420-224B-4D82-8362-A727B8B6BC12}.Release|x64.ActiveCfg = Release|Any CPU
		{34A07420-224B-4D82-8362-A727B8B6BC12}.Release|x86.ActiveCfg = Release|Any CPU
		{03F17BA8-6BE9-4D3B-AE78-CCDE6AA54B21}.Debug|Any CPU.ActiveCfg = Debug|Any CPU
		{03F17BA8-6BE9-4D3B-AE78-CCDE6AA54B21}.Debug|Any CPU.Build.0 = Debug|Any CPU
		{03F17BA8-6BE9-4D3B-AE78-CCDE6AA54B21}.Debug|x64.ActiveCfg = Debug|Any CPU
		{03F17BA8-6BE9-4D3B-AE78-CCDE6AA54B21}.Debug|x86.ActiveCfg = Debug|Any CPU
		{03F17BA8-6BE9-4D3B-AE78-CCDE6AA54B21}.Release|Any CPU.ActiveCfg = Release|Any CPU
		{03F17BA8-6BE9-4D3B-AE78-CCDE6AA54B21}.Release|Any CPU.Build.0 = Release|Any CPU
		{03F17BA8-6BE9-4D3B-AE78-CCDE6AA54B21}.Release|x64.ActiveCfg = Release|Any CPU
		{03F17BA8-6BE9-4D3B-AE78-CCDE6AA54B21}.Release|x86.ActiveCfg = Release|Any CPU
	EndGlobalSection
	GlobalSection(SolutionProperties) = preSolution
		HideSolutionNode = FALSE
	EndGlobalSection
	GlobalSection(NestedProjects) = preSolution
		{91F14988-1024-4024-8889-6FACFF745C71} = {334C2CC9-4833-4DEA-833A-8D5FD88961B3}
		{1E901614-D24D-4AF8-B020-D2B97662FB57} = {334C2CC9-4833-4DEA-833A-8D5FD88961B3}
		{E5806CB8-AE4C-4271-934C-494EB57B80E5} = {1E901614-D24D-4AF8-B020-D2B97662FB57}
		{B73EDE1D-AF03-40BD-875D-8A1A5CA7C034} = {E5806CB8-AE4C-4271-934C-494EB57B80E5}
		{1F9F020D-CC80-454D-A82A-9C97B1E8A01C} = {E5806CB8-AE4C-4271-934C-494EB57B80E5}
		{9008A54C-E9BF-49E4-BA75-007DE84D68E0} = {E5806CB8-AE4C-4271-934C-494EB57B80E5}
		{17A1F049-AE18-4EF4-A643-D7CB1404EF41} = {E5806CB8-AE4C-4271-934C-494EB57B80E5}
		{0CC0CF65-C1F8-443C-80B0-F625D8690689} = {334C2CC9-4833-4DEA-833A-8D5FD88961B3}
		{34045882-DA98-4B8E-BAAD-081C06A0718C} = {334C2CC9-4833-4DEA-833A-8D5FD88961B3}
		{DD782BC9-B981-44E3-B0D7-98A05F64DD30} = {334C2CC9-4833-4DEA-833A-8D5FD88961B3}
		{F4C889C2-CEB7-44A3-8F45-73EC9DD7597C} = {334C2CC9-4833-4DEA-833A-8D5FD88961B3}
		{E7A1F589-5D57-41C5-9FFB-7C5AE3EDD107} = {334C2CC9-4833-4DEA-833A-8D5FD88961B3}
		{D0D9CD09-8E35-4B3A-B737-405DA11D623E} = {5865960E-53E8-40CC-B8CE-F9697B1DE7DE}
		{5865960E-53E8-40CC-B8CE-F9697B1DE7DE} = {E7A1F589-5D57-41C5-9FFB-7C5AE3EDD107}
		{10EEB05F-21FC-447A-B9A9-A27AB87D5297} = {5865960E-53E8-40CC-B8CE-F9697B1DE7DE}
		{DA2A8974-8E01-4F82-B2B8-2969A8D388C0} = {F4C889C2-CEB7-44A3-8F45-73EC9DD7597C}
		{74C4C067-613E-4262-B067-237D6A5FC89E} = {DA2A8974-8E01-4F82-B2B8-2969A8D388C0}
		{94FC4EF8-3A57-4029-9C2C-811F62FBF035} = {DD782BC9-B981-44E3-B0D7-98A05F64DD30}
		{A3A59A47-3B1E-48E1-A711-94E1542A57C5} = {94FC4EF8-3A57-4029-9C2C-811F62FBF035}
		{7144CCA5-53BF-499C-A8F9-9C95D21DE3F5} = {34045882-DA98-4B8E-BAAD-081C06A0718C}
		{623008E3-08F0-462C-9469-8D632DCFF473} = {7144CCA5-53BF-499C-A8F9-9C95D21DE3F5}
		{29309B0F-1773-4904-8403-96C495D70B80} = {0CC0CF65-C1F8-443C-80B0-F625D8690689}
		{ECE09E9D-1607-491E-ACD6-A66DFE820845} = {29309B0F-1773-4904-8403-96C495D70B80}
		{DFF6033E-C5B9-462D-BF6C-711766EECFB8} = {29309B0F-1773-4904-8403-96C495D70B80}
		{F818955A-91CC-496A-8035-242B67711143} = {29309B0F-1773-4904-8403-96C495D70B80}
		{498B9E70-793B-49E8-9C7F-D79A25193178} = {2A6BBD1D-9B6A-48D1-8CB5-2CF485F714FE}
		{2A6BBD1D-9B6A-48D1-8CB5-2CF485F714FE} = {91F14988-1024-4024-8889-6FACFF745C71}
		{7AE079B3-87D2-4C8A-AD09-53C98C8D8600} = {2A6BBD1D-9B6A-48D1-8CB5-2CF485F714FE}
		{65719F69-B35F-46F1-B9B7-25E408AE6CB2} = {2A6BBD1D-9B6A-48D1-8CB5-2CF485F714FE}
		{7D60D623-7790-4FF4-B7C6-81701C332F93} = {2A6BBD1D-9B6A-48D1-8CB5-2CF485F714FE}
		{34A07420-224B-4D82-8362-A727B8B6BC12} = {2A6BBD1D-9B6A-48D1-8CB5-2CF485F714FE}
		{03F17BA8-6BE9-4D3B-AE78-CCDE6AA54B21} = {2A6BBD1D-9B6A-48D1-8CB5-2CF485F714FE}
	EndGlobalSection
	GlobalSection(ExtensibilityGlobals) = postSolution
		SolutionGuid = {11F1E32E-A8BF-442B-94DB-FE8C30C1FB2A}
	EndGlobalSection
EndGlobal
