# THIS IS AN AUTOGENERATED FILE. DO NOT EDIT THIS FILE DIRECTLY.
# yarn lockfile v1


"@abp/core@^8.1.1":
  version "8.1.1"
  resolved "https://registry.npmmirror.com/@abp/core/-/core-8.1.1.tgz#e6b3d39e085ea54f6e91de0322ba809bf77feef2"
  integrity sha512-nk3rxfd7ZzEssJDkIJywTE9AnPZAKErh3U6Wy01b5BojCbyyYSS8uemAg0FssRJI+zh2+GqK3rBDkGuw2JMiUA==
  dependencies:
    "@abp/utils" "~8.1.1"

"@abp/utils@~8.1.1":
  version "8.1.1"
  resolved "https://registry.npmmirror.com/@abp/utils/-/utils-8.1.1.tgz#7563b629c46d690912ce61677996197362028a6c"
  integrity sha512-I24530OL6ho1+FuySzZBi5KQKQ6meWJvfKPHelKjaF/+qcxIBrB2og3F+JANcbIPuhFzthU8CpLx1ugoZHqZSg==
  dependencies:
    just-compare "^2.3.0"

"@fortawesome/fontawesome-free@^6.5.2":
  version "6.5.2"
  resolved "https://registry.npmmirror.com/@fortawesome/fontawesome-free/-/fontawesome-free-6.5.2.tgz#310fe90cb5a8dee9698833171b98e7835404293d"
  integrity sha512-hRILoInAx8GNT5IMkrtIt9blOdrqHOnPBH+k70aWUAqPZPgopb9G5EQJFpaBx/S8zp2fC+mPW349Bziuk1o28Q==

just-compare@^2.3.0:
  version "2.3.0"
  resolved "https://registry.npmmirror.com/just-compare/-/just-compare-2.3.0.tgz#a2adcc1d1940536263275f5a1ef1298bcacfeda7"
  integrity sha512-6shoR7HDT+fzfL3gBahx1jZG3hWLrhPAf+l7nCwahDdT9XDtosB9kIF0ZrzUp5QY8dJWfQVr5rnsPqsbvflDzg==

lodash@^4.17.21:
  version "4.17.21"
  resolved "https://registry.npmmirror.com/lodash/-/lodash-4.17.21.tgz#679591c564c3bffaae8454cf0b3df370c3d6911c"
  integrity sha512-v2kDEe57lecTulaDIuNTPy3Ry4gLGJ6Z1O3vE1krgXZNrsQ+LFTGHVxVjcXPs17LhbZVGedAJv8XZ1tvj5FvSg==
